{
  "nodes": {
    "dev": {
      "inputs": {
        "gomod2nix": "gomod2nix",
        "wrapper": "wrapper",
        "yaegi": "yaegi"
      },
      "locked": {
        "dir": "dev",
        "lastModified": 1671152063,
        "narHash": "sha256-mbj2/ZR2Ox2jXQFu2i7+RWKCR2LO2NBo8FcW+cvyz+o=",
        "owner": "defn",
        "repo": "pkg",
        "rev": "ba5705142dfefb9e14a5ddacc5ce2789eeba3aea",
        "type": "github"
      },
      "original": {
        "dir": "dev",
        "owner": "defn",
        "ref": "dev-0.0.14",
        "repo": "pkg",
        "type": "github"
      }
    },
    "dev_2": {
      "inputs": {
        "wrapper": "wrapper_2"
      },
      "locked": {
        "dir": "dev",
        "lastModified": 1670563676,
        "narHash": "sha256-E0rG9N7aVBI0kg1d1kcbT2aHrhP7sh8pEQl3XXubt40=",
        "owner": "defn",
        "repo": "pkg",
        "rev": "6d9c8ed4a15605e3914a1cdeb557e40fed619d6d",
        "type": "github"
      },
      "original": {
        "dir": "dev",
        "owner": "defn",
        "ref": "dev-0.0.10",
        "repo": "pkg",
        "type": "github"
      }
    },
    "flake-utils": {
      "locked": {
        "lastModified": 1667395993,
        "narHash": "sha256-nuEHfE/LcWyuSWnS8t12N1wc105Qtau+/OdUAjtQ0rA=",
        "owner": "numtide",
        "repo": "flake-utils",
        "rev": "5aed5285a952e0b949eb3ba02c12fa4fcfef535f",
        "type": "github"
      },
      "original": {
        "owner": "numtide",
        "repo": "flake-utils",
        "type": "github"
      }
    },
    "flake-utils_2": {
      "locked": {
        "lastModified": 1667395993,
        "narHash": "sha256-nuEHfE/LcWyuSWnS8t12N1wc105Qtau+/OdUAjtQ0rA=",
        "owner": "numtide",
        "repo": "flake-utils",
        "rev": "5aed5285a952e0b949eb3ba02c12fa4fcfef535f",
        "type": "github"
      },
      "original": {
        "owner": "numtide",
        "repo": "flake-utils",
        "type": "github"
      }
    },
    "gomod2nix": {
      "inputs": {
        "nixpkgs": "nixpkgs",
        "utils": "utils"
      },
      "locked": {
        "lastModified": 1671151954,
        "narHash": "sha256-G3ch419qyxkgPfbs/xhUMBT28+PA3lNuPtsWoU62RQY=",
        "owner": "defn",
        "repo": "gomod2nix",
        "rev": "3e86443fea92cfef7f0de1697f90075c4b244120",
        "type": "github"
      },
      "original": {
        "owner": "defn",
        "ref": "1.5.0-1",
        "repo": "gomod2nix",
        "type": "github"
      }
    },
    "nixpkgs": {
      "locked": {
        "lastModified": 1658285632,
        "narHash": "sha256-zRS5S/hoeDGUbO+L95wXG9vJNwsSYcl93XiD0HQBXLk=",
        "owner": "NixOS",
        "repo": "nixpkgs",
        "rev": "5342fc6fb59d0595d26883c3cadff16ce58e44f3",
        "type": "github"
      },
      "original": {
        "owner": "NixOS",
        "ref": "master",
        "repo": "nixpkgs",
        "type": "github"
      }
    },
    "nixpkgs_2": {
      "locked": {
        "lastModified": 1669833724,
        "narHash": "sha256-/HEZNyGbnQecrgJnfE8d0WC5c1xuPSD2LUpB6YXlg4c=",
        "owner": "NixOS",
        "repo": "nixpkgs",
        "rev": "4d2b37a84fad1091b9de401eb450aae66f1a741e",
        "type": "github"
      },
      "original": {
        "owner": "NixOS",
        "ref": "22.11",
        "repo": "nixpkgs",
        "type": "github"
      }
    },
    "nixpkgs_3": {
      "locked": {
        "lastModified": 1669833724,
        "narHash": "sha256-/HEZNyGbnQecrgJnfE8d0WC5c1xuPSD2LUpB6YXlg4c=",
        "owner": "NixOS",
        "repo": "nixpkgs",
        "rev": "4d2b37a84fad1091b9de401eb450aae66f1a741e",
        "type": "github"
      },
      "original": {
        "owner": "NixOS",
        "ref": "22.11",
        "repo": "nixpkgs",
        "type": "github"
      }
    },
    "root": {
      "inputs": {
        "dev": "dev"
      }
    },
    "utils": {
      "locked": {
        "lastModified": 1653893745,
        "narHash": "sha256-0jntwV3Z8//YwuOjzhV2sgJJPt+HY6KhU7VZUL0fKZQ=",
        "owner": "numtide",
        "repo": "flake-utils",
        "rev": "1ed9fb1935d260de5fe1c2f7ee0ebaae17ed2fa1",
        "type": "github"
      },
      "original": {
        "owner": "numtide",
        "repo": "flake-utils",
        "type": "github"
      }
    },
    "wrapper": {
      "inputs": {
        "flake-utils": "flake-utils",
        "nixpkgs": "nixpkgs_2"
      },
      "locked": {
        "dir": "wrapper",
        "lastModified": 1670738535,
        "narHash": "sha256-nTYGQz3KUtwjxUz/cxeU9IRKb+g8qGMJiUtujrUVYC8=",
        "owner": "defn",
        "repo": "pkg",
        "rev": "d6db37bbeeeac154b3ecdf066cb5a7ed9683f539",
        "type": "github"
      },
      "original": {
        "dir": "wrapper",
        "owner": "defn",
        "ref": "wrapper-0.0.11",
        "repo": "pkg",
        "type": "github"
      }
    },
    "wrapper_2": {
      "inputs": {
        "flake-utils": "flake-utils_2",
        "nixpkgs": "nixpkgs_3"
      },
      "locked": {
        "dir": "wrapper",
        "lastModified": 1670563607,
        "narHash": "sha256-q/N4dB6nrRHxR7M2f1Hn2GSTox8086oePQXJS8PZte0=",
        "owner": "defn",
        "repo": "pkg",
        "rev": "603d40e4233b8558cdbad185fce675c15e192e56",
        "type": "github"
      },
      "original": {
        "dir": "wrapper",
        "owner": "defn",
        "ref": "wrapper-0.0.10",
        "repo": "pkg",
        "type": "github"
      }
    },
    "yaegi": {
      "inputs": {
        "dev": "dev_2"
      },
      "locked": {
        "dir": "yaegi",
        "lastModified": 1670563844,
        "narHash": "sha256-eHch2BTWUHvIBxPQTzBfY9JWsX4CRwjNC+5KUf5HSKw=",
        "owner": "defn",
        "repo": "pkg",
        "rev": "49a087ab78d2f3aa636b35b51a707afce3dc07b9",
        "type": "github"
      },
      "original": {
        "dir": "yaegi",
        "owner": "defn",
        "ref": "yaegi-0.14.3-1",
        "repo": "pkg",
        "type": "github"
      }
    }
  },
  "root": "root",
  "version": 7
}
