{
  "nodes": {
    "dev": {
      "inputs": {
        "wrapper": "wrapper"
      },
      "locked": {
        "dir": "dev",
        "lastModified": 1669532716,
        "narHash": "sha256-4Md63SS/d9pUKMX3kalJt+uV3i8eSndpLUmE/FVYfWI=",
        "owner": "defn",
        "repo": "pkg",
        "rev": "6d8034fefb2ae301a83daafa8089e9fdeb7a6a77",
        "type": "github"
      },
      "original": {
        "dir": "dev",
        "owner": "defn",
        "ref": "dev-0.0.2",
        "repo": "pkg",
        "type": "github"
      }
    },
    "flake-utils": {
      "locked": {
        "lastModified": 1667395993,
        "narHash": "sha256-nuEHfE/LcWyuSWnS8t12N1wc105Qtau+/OdUAjtQ0rA=",
        "owner": "numtide",
        "repo": "flake-utils",
        "rev": "5aed5285a952e0b949eb3ba02c12fa4fcfef535f",
        "type": "github"
      },
      "original": {
        "owner": "numtide",
        "repo": "flake-utils",
        "type": "github"
      }
    },
    "nixpkgs": {
      "locked": {
        "lastModified": 1653936696,
        "narHash": "sha256-M6bJShji9AIDZ7Kh7CPwPBPb/T7RiVev2PAcOi4fxDQ=",
        "owner": "NixOS",
        "repo": "nixpkgs",
        "rev": "ce6aa13369b667ac2542593170993504932eb836",
        "type": "github"
      },
      "original": {
        "owner": "NixOS",
        "ref": "22.05",
        "repo": "nixpkgs",
        "type": "github"
      }
    },
    "root": {
      "inputs": {
        "dev": "dev"
      }
    },
    "wrapper": {
      "inputs": {
        "flake-utils": "flake-utils",
        "nixpkgs": "nixpkgs"
      },
      "locked": {
        "dir": "wrapper",
        "lastModified": 1669532476,
        "narHash": "sha256-J4bY7ThhdrNXLLuYmDqRA0AJCZrqMrQNePQ79xQ/Mm4=",
        "owner": "defn",
        "repo": "pkg",
        "rev": "5de4a68d4bc6ab01ffa072c2adc32a8111b198ed",
        "type": "github"
      },
      "original": {
        "dir": "wrapper",
        "owner": "defn",
        "ref": "wrapper-0.0.2",
        "repo": "pkg",
        "type": "github"
      }
    }
  },
  "root": "root",
  "version": 7
}
