{
  "nodes": {
    "cue": {
      "inputs": {
        "dev": "dev"
      },
      "locked": {
        "dir": "cue",
        "lastModified": 1670564748,
        "narHash": "sha256-eEF3dqryFudStgY+/dmqkrMJtJWp1rLym51MXcgWlEQ=",
        "owner": "defn",
        "repo": "pkg",
        "rev": "5680b09c177d016173c1aeafc19282ebad546023",
        "type": "github"
      },
      "original": {
        "dir": "cue",
        "owner": "defn",
        "ref": "cue-0.4.3-1",
        "repo": "pkg",
        "type": "github"
      }
    },
    "dev": {
      "inputs": {
        "wrapper": "wrapper"
      },
      "locked": {
        "dir": "dev",
        "lastModified": 1670563676,
        "narHash": "sha256-E0rG9N7aVBI0kg1d1kcbT2aHrhP7sh8pEQl3XXubt40=",
        "owner": "defn",
        "repo": "pkg",
        "rev": "6d9c8ed4a15605e3914a1cdeb557e40fed619d6d",
        "type": "github"
      },
      "original": {
        "dir": "dev",
        "owner": "defn",
        "ref": "dev-0.0.10",
        "repo": "pkg",
        "type": "github"
      }
    },
    "dev_2": {
      "inputs": {
        "flake-utils": "flake-utils_2",
        "gomod2nix": "gomod2nix",
        "nixpkgs": "nixpkgs_2",
        "wrapper": "wrapper_2",
        "yaegi": "yaegi"
      },
      "locked": {
        "dir": "dev",
        "lastModified": 1671400240,
        "narHash": "sha256-vCwjEc7MPMiydBWa6cjar+jxjh5CJQ1xNyEGbSfoWjw=",
        "owner": "defn",
        "repo": "pkg",
        "rev": "19027475a85410089c88a2ab38cb5d7f938b90fe",
        "type": "github"
      },
      "original": {
        "dir": "dev",
        "owner": "defn",
        "ref": "dev-0.0.16",
        "repo": "pkg",
        "type": "github"
      }
    },
    "dev_3": {
      "inputs": {
        "wrapper": "wrapper_4"
      },
      "locked": {
        "dir": "dev",
        "lastModified": 1670563676,
        "narHash": "sha256-E0rG9N7aVBI0kg1d1kcbT2aHrhP7sh8pEQl3XXubt40=",
        "owner": "defn",
        "repo": "pkg",
        "rev": "6d9c8ed4a15605e3914a1cdeb557e40fed619d6d",
        "type": "github"
      },
      "original": {
        "dir": "dev",
        "owner": "defn",
        "ref": "dev-0.0.10",
        "repo": "pkg",
        "type": "github"
      }
    },
    "flake-utils": {
      "locked": {
        "lastModified": 1667395993,
        "narHash": "sha256-nuEHfE/LcWyuSWnS8t12N1wc105Qtau+/OdUAjtQ0rA=",
        "owner": "numtide",
        "repo": "flake-utils",
        "rev": "5aed5285a952e0b949eb3ba02c12fa4fcfef535f",
        "type": "github"
      },
      "original": {
        "owner": "numtide",
        "repo": "flake-utils",
        "type": "github"
      }
    },
    "flake-utils_2": {
      "locked": {
        "lastModified": 1652776076,
        "narHash": "sha256-gzTw/v1vj4dOVbpBSJX4J0DwUR6LIyXo7/SuuTJp1kM=",
        "owner": "numtide",
        "repo": "flake-utils",
        "rev": "04c1b180862888302ddfb2e3ad9eaa63afc60cf8",
        "type": "github"
      },
      "original": {
        "owner": "numtide",
        "repo": "flake-utils",
        "rev": "04c1b180862888302ddfb2e3ad9eaa63afc60cf8",
        "type": "github"
      }
    },
    "flake-utils_3": {
      "locked": {
        "lastModified": 1652776076,
        "narHash": "sha256-gzTw/v1vj4dOVbpBSJX4J0DwUR6LIyXo7/SuuTJp1kM=",
        "owner": "numtide",
        "repo": "flake-utils",
        "rev": "04c1b180862888302ddfb2e3ad9eaa63afc60cf8",
        "type": "github"
      },
      "original": {
        "owner": "numtide",
        "repo": "flake-utils",
        "rev": "04c1b180862888302ddfb2e3ad9eaa63afc60cf8",
        "type": "github"
      }
    },
    "flake-utils_4": {
      "locked": {
        "lastModified": 1667395993,
        "narHash": "sha256-nuEHfE/LcWyuSWnS8t12N1wc105Qtau+/OdUAjtQ0rA=",
        "owner": "numtide",
        "repo": "flake-utils",
        "rev": "5aed5285a952e0b949eb3ba02c12fa4fcfef535f",
        "type": "github"
      },
      "original": {
        "owner": "numtide",
        "repo": "flake-utils",
        "type": "github"
      }
    },
    "gomod2nix": {
      "inputs": {
        "nixpkgs": [
          "dev",
          "nixpkgs"
        ],
        "utils": [
          "dev",
          "flake-utils"
        ]
      },
      "locked": {
        "lastModified": 1671151954,
        "narHash": "sha256-G3ch419qyxkgPfbs/xhUMBT28+PA3lNuPtsWoU62RQY=",
        "owner": "defn",
        "repo": "gomod2nix",
        "rev": "3e86443fea92cfef7f0de1697f90075c4b244120",
        "type": "github"
      },
      "original": {
        "owner": "defn",
        "ref": "1.5.0-1",
        "repo": "gomod2nix",
        "type": "github"
      }
    },
    "hof": {
      "inputs": {
        "dev": "dev_3"
      },
      "locked": {
        "dir": "hof",
        "lastModified": 1670611231,
        "narHash": "sha256-Ptu0dhQZRAVSLsY8GTfVwajRP2rHFwWAx3jgpqY2QtI=",
        "owner": "defn",
        "repo": "pkg",
        "rev": "32c4220b389c35f17ecb1fd131903a9b3426f6bd",
        "type": "github"
      },
      "original": {
        "dir": "hof",
        "owner": "defn",
        "ref": "hof-0.6.7-2",
        "repo": "pkg",
        "type": "github"
      }
    },
    "nixpkgs": {
      "locked": {
        "lastModified": 1669833724,
        "narHash": "sha256-/HEZNyGbnQecrgJnfE8d0WC5c1xuPSD2LUpB6YXlg4c=",
        "owner": "NixOS",
        "repo": "nixpkgs",
        "rev": "4d2b37a84fad1091b9de401eb450aae66f1a741e",
        "type": "github"
      },
      "original": {
        "owner": "NixOS",
        "ref": "22.11",
        "repo": "nixpkgs",
        "type": "github"
      }
    },
    "nixpkgs_2": {
      "locked": {
        "lastModified": 1669833724,
        "narHash": "sha256-/HEZNyGbnQecrgJnfE8d0WC5c1xuPSD2LUpB6YXlg4c=",
        "owner": "NixOS",
        "repo": "nixpkgs",
        "rev": "4d2b37a84fad1091b9de401eb450aae66f1a741e",
        "type": "github"
      },
      "original": {
        "owner": "NixOS",
        "repo": "nixpkgs",
        "rev": "4d2b37a84fad1091b9de401eb450aae66f1a741e",
        "type": "github"
      }
    },
    "nixpkgs_3": {
      "locked": {
        "lastModified": 1669833724,
        "narHash": "sha256-/HEZNyGbnQecrgJnfE8d0WC5c1xuPSD2LUpB6YXlg4c=",
        "owner": "NixOS",
        "repo": "nixpkgs",
        "rev": "4d2b37a84fad1091b9de401eb450aae66f1a741e",
        "type": "github"
      },
      "original": {
        "owner": "NixOS",
        "repo": "nixpkgs",
        "rev": "4d2b37a84fad1091b9de401eb450aae66f1a741e",
        "type": "github"
      }
    },
    "nixpkgs_4": {
      "locked": {
        "lastModified": 1669833724,
        "narHash": "sha256-/HEZNyGbnQecrgJnfE8d0WC5c1xuPSD2LUpB6YXlg4c=",
        "owner": "NixOS",
        "repo": "nixpkgs",
        "rev": "4d2b37a84fad1091b9de401eb450aae66f1a741e",
        "type": "github"
      },
      "original": {
        "owner": "NixOS",
        "ref": "22.11",
        "repo": "nixpkgs",
        "type": "github"
      }
    },
    "root": {
      "inputs": {
        "cue": "cue",
        "dev": "dev_2",
        "hof": "hof"
      }
    },
    "wrapper": {
      "inputs": {
        "flake-utils": "flake-utils",
        "nixpkgs": "nixpkgs"
      },
      "locked": {
        "dir": "wrapper",
        "lastModified": 1670563607,
        "narHash": "sha256-q/N4dB6nrRHxR7M2f1Hn2GSTox8086oePQXJS8PZte0=",
        "owner": "defn",
        "repo": "pkg",
        "rev": "603d40e4233b8558cdbad185fce675c15e192e56",
        "type": "github"
      },
      "original": {
        "dir": "wrapper",
        "owner": "defn",
        "ref": "wrapper-0.0.10",
        "repo": "pkg",
        "type": "github"
      }
    },
    "wrapper_2": {
      "inputs": {
        "flake-utils": [
          "dev",
          "flake-utils"
        ],
        "nixpkgs": [
          "dev",
          "nixpkgs"
        ]
      },
      "locked": {
        "dir": "wrapper",
        "lastModified": 1671399461,
        "narHash": "sha256-0LmUd1ACOzVz5GprvEvb3tkKnvZPA8/66OzPWPjDHjo=",
        "owner": "defn",
        "repo": "pkg",
        "rev": "77790964128ceb36a9d8aa504e99fe6e8214988a",
        "type": "github"
      },
      "original": {
        "dir": "wrapper",
        "owner": "defn",
        "ref": "wrapper-0.0.12",
        "repo": "pkg",
        "type": "github"
      }
    },
    "wrapper_3": {
      "inputs": {
        "flake-utils": [
          "dev",
          "yaegi",
          "flake-utils"
        ],
        "nixpkgs": [
          "dev",
          "yaegi",
          "nixpkgs"
        ]
      },
      "locked": {
        "dir": "wrapper",
        "lastModified": 1671399461,
        "narHash": "sha256-0LmUd1ACOzVz5GprvEvb3tkKnvZPA8/66OzPWPjDHjo=",
        "owner": "defn",
        "repo": "pkg",
        "rev": "77790964128ceb36a9d8aa504e99fe6e8214988a",
        "type": "github"
      },
      "original": {
        "dir": "wrapper",
        "owner": "defn",
        "ref": "wrapper-0.0.12",
        "repo": "pkg",
        "type": "github"
      }
    },
    "wrapper_4": {
      "inputs": {
        "flake-utils": "flake-utils_4",
        "nixpkgs": "nixpkgs_4"
      },
      "locked": {
        "dir": "wrapper",
        "lastModified": 1670563607,
        "narHash": "sha256-q/N4dB6nrRHxR7M2f1Hn2GSTox8086oePQXJS8PZte0=",
        "owner": "defn",
        "repo": "pkg",
        "rev": "603d40e4233b8558cdbad185fce675c15e192e56",
        "type": "github"
      },
      "original": {
        "dir": "wrapper",
        "owner": "defn",
        "ref": "wrapper-0.0.10",
        "repo": "pkg",
        "type": "github"
      }
    },
    "yaegi": {
      "inputs": {
        "flake-utils": "flake-utils_3",
        "nixpkgs": "nixpkgs_3",
        "wrapper": "wrapper_3"
      },
      "locked": {
        "dir": "yaegi",
        "lastModified": 1671399917,
        "narHash": "sha256-O2Wsy2X3I4Q0cFtnNO/QyPN/ZbPcWum2+dyzU3qpBiQ=",
        "owner": "defn",
        "repo": "pkg",
        "rev": "4754ac1330e3507fed02e7bbc288e89396fb7012",
        "type": "github"
      },
      "original": {
        "dir": "yaegi",
        "owner": "defn",
        "ref": "yaegi-0.14.3-4",
        "repo": "pkg",
        "type": "github"
      }
    }
  },
  "root": "root",
  "version": 7
}
