{
  "nodes": {
    "buf": {
      "inputs": {
        "pkg": "pkg"
      },
      "locked": {
        "dir": "buf",
        "lastModified": 1680527403,
        "narHash": "sha256-Xy6bAXXnu+sKxS7J4uJXYkbqGRJroGTdAX0blnoLkUY=",
        "owner": "defn",
        "repo": "pkg",
        "rev": "9efb181214c4d77755296e11cbdbcb71a62dbecd",
        "type": "github"
      },
      "original": {
        "dir": "buf",
        "owner": "defn",
        "ref": "buf-1.16.0-23",
        "repo": "pkg",
        "type": "github"
      }
    },
    "cosign": {
      "inputs": {
        "pkg": "pkg_2"
      },
      "locked": {
        "dir": "cosign",
        "lastModified": 1680527270,
        "narHash": "sha256-RuzUwXdgv+LmKZ5rwzf+9YoEZ8+IEcUTf68DfMMtPQw=",
        "owner": "defn",
        "repo": "pkg",
        "rev": "bd218d5deb301784f2a09c591a02e35431b6a536",
        "type": "github"
      },
      "original": {
        "dir": "cosign",
        "owner": "defn",
        "ref": "cosign-2.0.0-27",
        "repo": "pkg",
        "type": "github"
      }
    },
    "dev": {
      "inputs": {
        "flake-utils": "flake-utils",
        "gomod2nix": "gomod2nix",
        "nixpkgs": "nixpkgs"
      },
      "locked": {
        "dir": "dev",
        "lastModified": 1680508743,
        "narHash": "sha256-3ksGTLROPg18UODv5wkJChJXftWiBL2jlDcDKlATHJM=",
        "owner": "defn",
        "repo": "pkg",
        "rev": "ccdf170bafdf5800de515bfcff80fdfb06a048b8",
        "type": "github"
      },
      "original": {
        "dir": "dev",
        "owner": "defn",
        "ref": "dev-0.0.36",
        "repo": "pkg",
        "type": "github"
      }
    },
    "dev_2": {
      "inputs": {
        "flake-utils": "flake-utils_2",
        "gomod2nix": "gomod2nix_2",
        "nixpkgs": "nixpkgs_2"
      },
      "locked": {
        "dir": "dev",
        "lastModified": 1680508743,
        "narHash": "sha256-3ksGTLROPg18UODv5wkJChJXftWiBL2jlDcDKlATHJM=",
        "owner": "defn",
        "repo": "pkg",
        "rev": "ccdf170bafdf5800de515bfcff80fdfb06a048b8",
        "type": "github"
      },
      "original": {
        "dir": "dev",
        "owner": "defn",
        "ref": "dev-0.0.36",
        "repo": "pkg",
        "type": "github"
      }
    },
    "dev_3": {
      "inputs": {
        "flake-utils": "flake-utils_3",
        "gomod2nix": "gomod2nix_3",
        "nixpkgs": "nixpkgs_3"
      },
      "locked": {
        "dir": "dev",
        "lastModified": 1680508743,
        "narHash": "sha256-3ksGTLROPg18UODv5wkJChJXftWiBL2jlDcDKlATHJM=",
        "owner": "defn",
        "repo": "pkg",
        "rev": "ccdf170bafdf5800de515bfcff80fdfb06a048b8",
        "type": "github"
      },
      "original": {
        "dir": "dev",
        "owner": "defn",
        "ref": "dev-0.0.36",
        "repo": "pkg",
        "type": "github"
      }
    },
    "dev_4": {
      "inputs": {
        "flake-utils": "flake-utils_4",
        "gomod2nix": "gomod2nix_4",
        "nixpkgs": "nixpkgs_4"
      },
      "locked": {
        "dir": "dev",
        "lastModified": 1680508743,
        "narHash": "sha256-3ksGTLROPg18UODv5wkJChJXftWiBL2jlDcDKlATHJM=",
        "owner": "defn",
        "repo": "pkg",
        "rev": "ccdf170bafdf5800de515bfcff80fdfb06a048b8",
        "type": "github"
      },
      "original": {
        "dir": "dev",
        "owner": "defn",
        "ref": "dev-0.0.36",
        "repo": "pkg",
        "type": "github"
      }
    },
    "dev_5": {
      "inputs": {
        "flake-utils": "flake-utils_5",
        "gomod2nix": "gomod2nix_5",
        "nixpkgs": "nixpkgs_5"
      },
      "locked": {
        "dir": "dev",
        "lastModified": 1680508743,
        "narHash": "sha256-3ksGTLROPg18UODv5wkJChJXftWiBL2jlDcDKlATHJM=",
        "owner": "defn",
        "repo": "pkg",
        "rev": "ccdf170bafdf5800de515bfcff80fdfb06a048b8",
        "type": "github"
      },
      "original": {
        "dir": "dev",
        "owner": "defn",
        "ref": "dev-0.0.36",
        "repo": "pkg",
        "type": "github"
      }
    },
    "flake-utils": {
      "locked": {
        "lastModified": 1652776076,
        "narHash": "sha256-gzTw/v1vj4dOVbpBSJX4J0DwUR6LIyXo7/SuuTJp1kM=",
        "owner": "numtide",
        "repo": "flake-utils",
        "rev": "04c1b180862888302ddfb2e3ad9eaa63afc60cf8",
        "type": "github"
      },
      "original": {
        "owner": "numtide",
        "repo": "flake-utils",
        "rev": "04c1b180862888302ddfb2e3ad9eaa63afc60cf8",
        "type": "github"
      }
    },
    "flake-utils_2": {
      "locked": {
        "lastModified": 1652776076,
        "narHash": "sha256-gzTw/v1vj4dOVbpBSJX4J0DwUR6LIyXo7/SuuTJp1kM=",
        "owner": "numtide",
        "repo": "flake-utils",
        "rev": "04c1b180862888302ddfb2e3ad9eaa63afc60cf8",
        "type": "github"
      },
      "original": {
        "owner": "numtide",
        "repo": "flake-utils",
        "rev": "04c1b180862888302ddfb2e3ad9eaa63afc60cf8",
        "type": "github"
      }
    },
    "flake-utils_3": {
      "locked": {
        "lastModified": 1652776076,
        "narHash": "sha256-gzTw/v1vj4dOVbpBSJX4J0DwUR6LIyXo7/SuuTJp1kM=",
        "owner": "numtide",
        "repo": "flake-utils",
        "rev": "04c1b180862888302ddfb2e3ad9eaa63afc60cf8",
        "type": "github"
      },
      "original": {
        "owner": "numtide",
        "repo": "flake-utils",
        "rev": "04c1b180862888302ddfb2e3ad9eaa63afc60cf8",
        "type": "github"
      }
    },
    "flake-utils_4": {
      "locked": {
        "lastModified": 1652776076,
        "narHash": "sha256-gzTw/v1vj4dOVbpBSJX4J0DwUR6LIyXo7/SuuTJp1kM=",
        "owner": "numtide",
        "repo": "flake-utils",
        "rev": "04c1b180862888302ddfb2e3ad9eaa63afc60cf8",
        "type": "github"
      },
      "original": {
        "owner": "numtide",
        "repo": "flake-utils",
        "rev": "04c1b180862888302ddfb2e3ad9eaa63afc60cf8",
        "type": "github"
      }
    },
    "flake-utils_5": {
      "locked": {
        "lastModified": 1652776076,
        "narHash": "sha256-gzTw/v1vj4dOVbpBSJX4J0DwUR6LIyXo7/SuuTJp1kM=",
        "owner": "numtide",
        "repo": "flake-utils",
        "rev": "04c1b180862888302ddfb2e3ad9eaa63afc60cf8",
        "type": "github"
      },
      "original": {
        "owner": "numtide",
        "repo": "flake-utils",
        "rev": "04c1b180862888302ddfb2e3ad9eaa63afc60cf8",
        "type": "github"
      }
    },
    "gomod2nix": {
      "inputs": {
        "nixpkgs": [
          "buf",
          "pkg",
          "dev",
          "nixpkgs"
        ],
        "utils": [
          "buf",
          "pkg",
          "dev",
          "flake-utils"
        ]
      },
      "locked": {
        "lastModified": 1671408935,
        "narHash": "sha256-bOf1aatxSy9g7PQKvT1cZ9rJ4AjAD5aYjUS9OMFfwqI=",
        "owner": "defn",
        "repo": "gomod2nix",
        "rev": "8e5aeada820beff0c392c31ecdb9bef0f0dc97b8",
        "type": "github"
      },
      "original": {
        "owner": "defn",
        "repo": "gomod2nix",
        "type": "github"
      }
    },
    "gomod2nix_2": {
      "inputs": {
        "nixpkgs": [
          "cosign",
          "pkg",
          "dev",
          "nixpkgs"
        ],
        "utils": [
          "cosign",
          "pkg",
          "dev",
          "flake-utils"
        ]
      },
      "locked": {
        "lastModified": 1671408935,
        "narHash": "sha256-bOf1aatxSy9g7PQKvT1cZ9rJ4AjAD5aYjUS9OMFfwqI=",
        "owner": "defn",
        "repo": "gomod2nix",
        "rev": "8e5aeada820beff0c392c31ecdb9bef0f0dc97b8",
        "type": "github"
      },
      "original": {
        "owner": "defn",
        "repo": "gomod2nix",
        "type": "github"
      }
    },
    "gomod2nix_3": {
      "inputs": {
        "nixpkgs": [
          "goreleaser",
          "pkg",
          "dev",
          "nixpkgs"
        ],
        "utils": [
          "goreleaser",
          "pkg",
          "dev",
          "flake-utils"
        ]
      },
      "locked": {
        "lastModified": 1671408935,
        "narHash": "sha256-bOf1aatxSy9g7PQKvT1cZ9rJ4AjAD5aYjUS9OMFfwqI=",
        "owner": "defn",
        "repo": "gomod2nix",
        "rev": "8e5aeada820beff0c392c31ecdb9bef0f0dc97b8",
        "type": "github"
      },
      "original": {
        "owner": "defn",
        "repo": "gomod2nix",
        "type": "github"
      }
    },
    "gomod2nix_4": {
      "inputs": {
        "nixpkgs": [
          "operatorsdk",
          "pkg",
          "dev",
          "nixpkgs"
        ],
        "utils": [
          "operatorsdk",
          "pkg",
          "dev",
          "flake-utils"
        ]
      },
      "locked": {
        "lastModified": 1671408935,
        "narHash": "sha256-bOf1aatxSy9g7PQKvT1cZ9rJ4AjAD5aYjUS9OMFfwqI=",
        "owner": "defn",
        "repo": "gomod2nix",
        "rev": "8e5aeada820beff0c392c31ecdb9bef0f0dc97b8",
        "type": "github"
      },
      "original": {
        "owner": "defn",
        "repo": "gomod2nix",
        "type": "github"
      }
    },
    "gomod2nix_5": {
      "inputs": {
        "nixpkgs": [
          "pkg",
          "dev",
          "nixpkgs"
        ],
        "utils": [
          "pkg",
          "dev",
          "flake-utils"
        ]
      },
      "locked": {
        "lastModified": 1671408935,
        "narHash": "sha256-bOf1aatxSy9g7PQKvT1cZ9rJ4AjAD5aYjUS9OMFfwqI=",
        "owner": "defn",
        "repo": "gomod2nix",
        "rev": "8e5aeada820beff0c392c31ecdb9bef0f0dc97b8",
        "type": "github"
      },
      "original": {
        "owner": "defn",
        "repo": "gomod2nix",
        "type": "github"
      }
    },
    "goreleaser": {
      "inputs": {
        "pkg": "pkg_3"
      },
      "locked": {
        "dir": "goreleaser",
        "lastModified": 1680528003,
        "narHash": "sha256-O4hkDdzv5rR6YLsHXE9WNDih8x0iDeijKWXf2W/U2q0=",
        "owner": "defn",
        "repo": "pkg",
        "rev": "5e644b91ff6c2d9b2ed94e7bcf4772c8797cb6db",
        "type": "github"
      },
      "original": {
        "dir": "goreleaser",
        "owner": "defn",
        "ref": "goreleaser-1.16.2-25",
        "repo": "pkg",
        "type": "github"
      }
    },
    "latest": {
      "locked": {
        "lastModified": 1678453159,
        "narHash": "sha256-mU4mJeb1fRSvCDALe57vIKfhECvYroB4J4s0L2TR/iE=",
        "owner": "NixOS",
        "repo": "nixpkgs",
        "rev": "64c27498901f104a11df646278c4e5c9f4d642db",
        "type": "github"
      },
      "original": {
        "owner": "NixOS",
        "repo": "nixpkgs",
        "rev": "64c27498901f104a11df646278c4e5c9f4d642db",
        "type": "github"
      }
    },
    "nixpkgs": {
      "locked": {
        "lastModified": 1669833724,
        "narHash": "sha256-/HEZNyGbnQecrgJnfE8d0WC5c1xuPSD2LUpB6YXlg4c=",
        "owner": "NixOS",
        "repo": "nixpkgs",
        "rev": "4d2b37a84fad1091b9de401eb450aae66f1a741e",
        "type": "github"
      },
      "original": {
        "owner": "NixOS",
        "repo": "nixpkgs",
        "rev": "4d2b37a84fad1091b9de401eb450aae66f1a741e",
        "type": "github"
      }
    },
    "nixpkgs_2": {
      "locked": {
        "lastModified": 1669833724,
        "narHash": "sha256-/HEZNyGbnQecrgJnfE8d0WC5c1xuPSD2LUpB6YXlg4c=",
        "owner": "NixOS",
        "repo": "nixpkgs",
        "rev": "4d2b37a84fad1091b9de401eb450aae66f1a741e",
        "type": "github"
      },
      "original": {
        "owner": "NixOS",
        "repo": "nixpkgs",
        "rev": "4d2b37a84fad1091b9de401eb450aae66f1a741e",
        "type": "github"
      }
    },
    "nixpkgs_3": {
      "locked": {
        "lastModified": 1669833724,
        "narHash": "sha256-/HEZNyGbnQecrgJnfE8d0WC5c1xuPSD2LUpB6YXlg4c=",
        "owner": "NixOS",
        "repo": "nixpkgs",
        "rev": "4d2b37a84fad1091b9de401eb450aae66f1a741e",
        "type": "github"
      },
      "original": {
        "owner": "NixOS",
        "repo": "nixpkgs",
        "rev": "4d2b37a84fad1091b9de401eb450aae66f1a741e",
        "type": "github"
      }
    },
    "nixpkgs_4": {
      "locked": {
        "lastModified": 1669833724,
        "narHash": "sha256-/HEZNyGbnQecrgJnfE8d0WC5c1xuPSD2LUpB6YXlg4c=",
        "owner": "NixOS",
        "repo": "nixpkgs",
        "rev": "4d2b37a84fad1091b9de401eb450aae66f1a741e",
        "type": "github"
      },
      "original": {
        "owner": "NixOS",
        "repo": "nixpkgs",
        "rev": "4d2b37a84fad1091b9de401eb450aae66f1a741e",
        "type": "github"
      }
    },
    "nixpkgs_5": {
      "locked": {
        "lastModified": 1669833724,
        "narHash": "sha256-/HEZNyGbnQecrgJnfE8d0WC5c1xuPSD2LUpB6YXlg4c=",
        "owner": "NixOS",
        "repo": "nixpkgs",
        "rev": "4d2b37a84fad1091b9de401eb450aae66f1a741e",
        "type": "github"
      },
      "original": {
        "owner": "NixOS",
        "repo": "nixpkgs",
        "rev": "4d2b37a84fad1091b9de401eb450aae66f1a741e",
        "type": "github"
      }
    },
    "operatorsdk": {
      "inputs": {
        "pkg": "pkg_4"
      },
      "locked": {
        "dir": "operatorsdk",
        "lastModified": 1680527695,
        "narHash": "sha256-oUreiMsoUN9Zq2tgyYAIx7gEuO9BnvRrQoISJtazVPw=",
        "owner": "defn",
        "repo": "pkg",
        "rev": "975ad698dca02dcd4ae6369b9cab1737fddac2ee",
        "type": "github"
      },
      "original": {
        "dir": "operatorsdk",
        "owner": "defn",
        "ref": "operatorsdk-1.28.0-25",
        "repo": "pkg",
        "type": "github"
      }
    },
    "pkg": {
      "inputs": {
        "dev": "dev"
      },
      "locked": {
        "lastModified": 1680526640,
        "narHash": "sha256-hZZ/QPAwq1RBIedqV1cV9Iv1oBCtQf47GkdInnX/bXs=",
        "owner": "defn",
        "repo": "pkg",
        "rev": "62b7d0c3c2d5d722849db5105b2e51886cb08696",
        "type": "github"
      },
      "original": {
        "owner": "defn",
        "ref": "0.0.195",
        "repo": "pkg",
        "type": "github"
      }
    },
    "pkg_2": {
      "inputs": {
        "dev": "dev_2"
      },
      "locked": {
        "lastModified": 1680526640,
        "narHash": "sha256-hZZ/QPAwq1RBIedqV1cV9Iv1oBCtQf47GkdInnX/bXs=",
        "owner": "defn",
        "repo": "pkg",
        "rev": "62b7d0c3c2d5d722849db5105b2e51886cb08696",
        "type": "github"
      },
      "original": {
        "owner": "defn",
        "ref": "0.0.195",
        "repo": "pkg",
        "type": "github"
      }
    },
    "pkg_3": {
      "inputs": {
        "dev": "dev_3"
      },
      "locked": {
        "lastModified": 1680527505,
        "narHash": "sha256-xZkPeILQGRA6Gcln4eVQnVmRY443hmYP7ExED6r7eQY=",
        "owner": "defn",
        "repo": "pkg",
        "rev": "ae3eec03aca723b84a0916130070975ab2eea987",
        "type": "github"
      },
      "original": {
        "owner": "defn",
        "ref": "0.0.196",
        "repo": "pkg",
        "type": "github"
      }
    },
    "pkg_4": {
      "inputs": {
        "dev": "dev_4"
      },
      "locked": {
        "lastModified": 1680527505,
        "narHash": "sha256-xZkPeILQGRA6Gcln4eVQnVmRY443hmYP7ExED6r7eQY=",
        "owner": "defn",
        "repo": "pkg",
        "rev": "ae3eec03aca723b84a0916130070975ab2eea987",
        "type": "github"
      },
      "original": {
        "owner": "defn",
        "ref": "0.0.196",
        "repo": "pkg",
        "type": "github"
      }
    },
    "pkg_5": {
      "inputs": {
        "dev": "dev_5"
      },
      "locked": {
        "lastModified": 1680527505,
        "narHash": "sha256-xZkPeILQGRA6Gcln4eVQnVmRY443hmYP7ExED6r7eQY=",
        "owner": "defn",
        "repo": "pkg",
        "rev": "ae3eec03aca723b84a0916130070975ab2eea987",
        "type": "github"
      },
      "original": {
        "owner": "defn",
        "ref": "0.0.196",
        "repo": "pkg",
        "type": "github"
      }
    },
    "root": {
      "inputs": {
        "buf": "buf",
        "cosign": "cosign",
        "goreleaser": "goreleaser",
        "latest": "latest",
        "operatorsdk": "operatorsdk",
        "pkg": "pkg_5"
      }
    }
  },
  "root": "root",
  "version": 7
}
