{
  "nodes": {
    "dev": {
      "inputs": {
        "wrapper": "wrapper"
      },
      "locked": {
        "dir": "dev",
        "lastModified": 1670179625,
        "narHash": "sha256-LcfgMPg21iUjbi9kMW/Nf4YaQud70AXHlVFcWQq5vTw=",
        "owner": "defn",
        "repo": "pkg",
        "rev": "da8dae3c67722e0cd05ee3d370acfbd3533fa544",
        "type": "github"
      },
      "original": {
        "dir": "dev",
        "owner": "defn",
        "ref": "dev-0.0.8",
        "repo": "pkg",
        "type": "github"
      }
    },
    "flake-utils": {
      "locked": {
        "lastModified": 1667395993,
        "narHash": "sha256-nuEHfE/LcWyuSWnS8t12N1wc105Qtau+/OdUAjtQ0rA=",
        "owner": "numtide",
        "repo": "flake-utils",
        "rev": "5aed5285a952e0b949eb3ba02c12fa4fcfef535f",
        "type": "github"
      },
      "original": {
        "owner": "numtide",
        "repo": "flake-utils",
        "type": "github"
      }
    },
    "nixpkgs": {
      "locked": {
        "lastModified": 1669833724,
        "narHash": "sha256-/HEZNyGbnQecrgJnfE8d0WC5c1xuPSD2LUpB6YXlg4c=",
        "owner": "NixOS",
        "repo": "nixpkgs",
        "rev": "4d2b37a84fad1091b9de401eb450aae66f1a741e",
        "type": "github"
      },
      "original": {
        "owner": "NixOS",
        "ref": "22.11",
        "repo": "nixpkgs",
        "type": "github"
      }
    },
    "root": {
      "inputs": {
        "dev": "dev"
      }
    },
    "wrapper": {
      "inputs": {
        "flake-utils": "flake-utils",
        "nixpkgs": "nixpkgs"
      },
      "locked": {
        "dir": "wrapper",
        "lastModified": 1670179590,
        "narHash": "sha256-w9r/L/ANhoWxnyK7etT+fYWRlhYSCx+paEpR7f1CuNc=",
        "owner": "defn",
        "repo": "pkg",
        "rev": "c6ce9f64d385c52bbb50506ae626b0e5af8613fa",
        "type": "github"
      },
      "original": {
        "dir": "wrapper",
        "owner": "defn",
        "ref": "wrapper-0.0.9",
        "repo": "pkg",
        "type": "github"
      }
    }
  },
  "root": "root",
  "version": 7
}
