{
  "nodes": {
    "bk": {
      "inputs": {
        "pkg": "pkg"
      },
      "locked": {
        "dir": "bk",
        "lastModified": 1681016230,
        "narHash": "sha256-KhcDVN4Vsr0weZ6AzNIsHn+LD67mPVslv52VL84Gpuk=",
        "owner": "defn",
        "repo": "pkg",
        "rev": "e0f465fe8a649ab6d069d406bdc89302e8e41422",
        "type": "github"
      },
      "original": {
        "dir": "bk",
        "owner": "defn",
        "ref": "bk-2.0.0-39",
        "repo": "pkg",
        "type": "github"
      }
    },
    "boundary": {
      "inputs": {
        "pkg": "pkg_2"
      },
      "locked": {
        "dir": "boundary",
        "lastModified": 1681016235,
        "narHash": "sha256-ejFgVzhu+OKI8dXwERgphT7Oarl9qT8lzUPtkzDgn3E=",
        "owner": "defn",
        "repo": "pkg",
        "rev": "112435b3d90499e752e63c4358da48d07a45fc24",
        "type": "github"
      },
      "original": {
        "dir": "boundary",
        "owner": "defn",
        "ref": "boundary-0.12.2-10",
        "repo": "pkg",
        "type": "github"
      }
    },
    "buildevents": {
      "inputs": {
        "pkg": "pkg_3"
      },
      "locked": {
        "dir": "buildevents",
        "lastModified": 1681016245,
        "narHash": "sha256-kSDIe0MZuERBUId6nc1QMTINX4tYpfToxQkROa1Olek=",
        "owner": "defn",
        "repo": "pkg",
        "rev": "d70978677e5e06f9b9fd5826c592f5ee8100d57c",
        "type": "github"
      },
      "original": {
        "dir": "buildevents",
        "owner": "defn",
        "ref": "buildevents-0.13.0-36",
        "repo": "pkg",
        "type": "github"
      }
    },
    "buildkite": {
      "inputs": {
        "pkg": "pkg_4"
      },
      "locked": {
        "dir": "buildkite",
        "lastModified": 1681016250,
        "narHash": "sha256-GPF16m0GKdFr9PbGuIzFOtZJqySNTcCsKh+aTGBvpIc=",
        "owner": "defn",
        "repo": "pkg",
        "rev": "707598787fa6c4c332cd9ea753c7770a19f0772b",
        "type": "github"
      },
      "original": {
        "dir": "buildkite",
        "owner": "defn",
        "ref": "buildkite-3.45.0-36",
        "repo": "pkg",
        "type": "github"
      }
    },
    "dev": {
      "inputs": {
        "flake-utils": "flake-utils",
        "nixpkgs": "nixpkgs"
      },
      "locked": {
        "dir": "dev",
        "lastModified": 1681014328,
        "narHash": "sha256-HNixhXpusAENWTQhrKb5W++873EO0OJC4Z1qDMU5vJ4=",
        "owner": "defn",
        "repo": "pkg",
        "rev": "9f8e3c249065f2637c0f1f65ceff85a35106d838",
        "type": "github"
      },
      "original": {
        "dir": "dev",
        "owner": "defn",
        "ref": "dev-0.0.42",
        "repo": "pkg",
        "type": "github"
      }
    },
    "dev_10": {
      "inputs": {
        "flake-utils": "flake-utils_10",
        "nixpkgs": "nixpkgs_10"
      },
      "locked": {
        "dir": "dev",
        "lastModified": 1681014328,
        "narHash": "sha256-HNixhXpusAENWTQhrKb5W++873EO0OJC4Z1qDMU5vJ4=",
        "owner": "defn",
        "repo": "pkg",
        "rev": "9f8e3c249065f2637c0f1f65ceff85a35106d838",
        "type": "github"
      },
      "original": {
        "dir": "dev",
        "owner": "defn",
        "ref": "dev-0.0.42",
        "repo": "pkg",
        "type": "github"
      }
    },
    "dev_11": {
      "inputs": {
        "flake-utils": "flake-utils_11",
        "nixpkgs": "nixpkgs_11"
      },
      "locked": {
        "dir": "dev",
        "lastModified": 1681014328,
        "narHash": "sha256-HNixhXpusAENWTQhrKb5W++873EO0OJC4Z1qDMU5vJ4=",
        "owner": "defn",
        "repo": "pkg",
        "rev": "9f8e3c249065f2637c0f1f65ceff85a35106d838",
        "type": "github"
      },
      "original": {
        "dir": "dev",
        "owner": "defn",
        "ref": "dev-0.0.42",
        "repo": "pkg",
        "type": "github"
      }
    },
    "dev_12": {
      "inputs": {
        "flake-utils": "flake-utils_12",
        "nixpkgs": "nixpkgs_12"
      },
      "locked": {
        "dir": "dev",
        "lastModified": 1681014328,
        "narHash": "sha256-HNixhXpusAENWTQhrKb5W++873EO0OJC4Z1qDMU5vJ4=",
        "owner": "defn",
        "repo": "pkg",
        "rev": "9f8e3c249065f2637c0f1f65ceff85a35106d838",
        "type": "github"
      },
      "original": {
        "dir": "dev",
        "owner": "defn",
        "ref": "dev-0.0.42",
        "repo": "pkg",
        "type": "github"
      }
    },
    "dev_2": {
      "inputs": {
        "flake-utils": "flake-utils_2",
        "nixpkgs": "nixpkgs_2"
      },
      "locked": {
        "dir": "dev",
        "lastModified": 1681014328,
        "narHash": "sha256-HNixhXpusAENWTQhrKb5W++873EO0OJC4Z1qDMU5vJ4=",
        "owner": "defn",
        "repo": "pkg",
        "rev": "9f8e3c249065f2637c0f1f65ceff85a35106d838",
        "type": "github"
      },
      "original": {
        "dir": "dev",
        "owner": "defn",
        "ref": "dev-0.0.42",
        "repo": "pkg",
        "type": "github"
      }
    },
    "dev_3": {
      "inputs": {
        "flake-utils": "flake-utils_3",
        "nixpkgs": "nixpkgs_3"
      },
      "locked": {
        "dir": "dev",
        "lastModified": 1681014328,
        "narHash": "sha256-HNixhXpusAENWTQhrKb5W++873EO0OJC4Z1qDMU5vJ4=",
        "owner": "defn",
        "repo": "pkg",
        "rev": "9f8e3c249065f2637c0f1f65ceff85a35106d838",
        "type": "github"
      },
      "original": {
        "dir": "dev",
        "owner": "defn",
        "ref": "dev-0.0.42",
        "repo": "pkg",
        "type": "github"
      }
    },
    "dev_4": {
      "inputs": {
        "flake-utils": "flake-utils_4",
        "nixpkgs": "nixpkgs_4"
      },
      "locked": {
        "dir": "dev",
        "lastModified": 1681014328,
        "narHash": "sha256-HNixhXpusAENWTQhrKb5W++873EO0OJC4Z1qDMU5vJ4=",
        "owner": "defn",
        "repo": "pkg",
        "rev": "9f8e3c249065f2637c0f1f65ceff85a35106d838",
        "type": "github"
      },
      "original": {
        "dir": "dev",
        "owner": "defn",
        "ref": "dev-0.0.42",
        "repo": "pkg",
        "type": "github"
      }
    },
    "dev_5": {
      "inputs": {
        "flake-utils": "flake-utils_5",
        "nixpkgs": "nixpkgs_5"
      },
      "locked": {
        "dir": "dev",
        "lastModified": 1681014328,
        "narHash": "sha256-HNixhXpusAENWTQhrKb5W++873EO0OJC4Z1qDMU5vJ4=",
        "owner": "defn",
        "repo": "pkg",
        "rev": "9f8e3c249065f2637c0f1f65ceff85a35106d838",
        "type": "github"
      },
      "original": {
        "dir": "dev",
        "owner": "defn",
        "ref": "dev-0.0.42",
        "repo": "pkg",
        "type": "github"
      }
    },
    "dev_6": {
      "inputs": {
        "flake-utils": "flake-utils_6",
        "nixpkgs": "nixpkgs_6"
      },
      "locked": {
        "dir": "dev",
        "lastModified": 1681014328,
        "narHash": "sha256-HNixhXpusAENWTQhrKb5W++873EO0OJC4Z1qDMU5vJ4=",
        "owner": "defn",
        "repo": "pkg",
        "rev": "9f8e3c249065f2637c0f1f65ceff85a35106d838",
        "type": "github"
      },
      "original": {
        "dir": "dev",
        "owner": "defn",
        "ref": "dev-0.0.42",
        "repo": "pkg",
        "type": "github"
      }
    },
    "dev_7": {
      "inputs": {
        "flake-utils": "flake-utils_7",
        "nixpkgs": "nixpkgs_7"
      },
      "locked": {
        "dir": "dev",
        "lastModified": 1681014328,
        "narHash": "sha256-HNixhXpusAENWTQhrKb5W++873EO0OJC4Z1qDMU5vJ4=",
        "owner": "defn",
        "repo": "pkg",
        "rev": "9f8e3c249065f2637c0f1f65ceff85a35106d838",
        "type": "github"
      },
      "original": {
        "dir": "dev",
        "owner": "defn",
        "ref": "dev-0.0.42",
        "repo": "pkg",
        "type": "github"
      }
    },
    "dev_8": {
      "inputs": {
        "flake-utils": "flake-utils_8",
        "nixpkgs": "nixpkgs_8"
      },
      "locked": {
        "dir": "dev",
        "lastModified": 1681014328,
        "narHash": "sha256-HNixhXpusAENWTQhrKb5W++873EO0OJC4Z1qDMU5vJ4=",
        "owner": "defn",
        "repo": "pkg",
        "rev": "9f8e3c249065f2637c0f1f65ceff85a35106d838",
        "type": "github"
      },
      "original": {
        "dir": "dev",
        "owner": "defn",
        "ref": "dev-0.0.42",
        "repo": "pkg",
        "type": "github"
      }
    },
    "dev_9": {
      "inputs": {
        "flake-utils": "flake-utils_9",
        "nixpkgs": "nixpkgs_9"
      },
      "locked": {
        "dir": "dev",
        "lastModified": 1681014328,
        "narHash": "sha256-HNixhXpusAENWTQhrKb5W++873EO0OJC4Z1qDMU5vJ4=",
        "owner": "defn",
        "repo": "pkg",
        "rev": "9f8e3c249065f2637c0f1f65ceff85a35106d838",
        "type": "github"
      },
      "original": {
        "dir": "dev",
        "owner": "defn",
        "ref": "dev-0.0.42",
        "repo": "pkg",
        "type": "github"
      }
    },
    "earthly": {
      "inputs": {
        "pkg": "pkg_5"
      },
      "locked": {
        "dir": "earthly",
        "lastModified": 1681016303,
        "narHash": "sha256-X39fQbHN3NdsmyAIVlGyCwqsOfVqfU1ycEkkb1VGQaw=",
        "owner": "defn",
        "repo": "pkg",
        "rev": "d892b40887f81224576ad1794a8d7ad3f8120f49",
        "type": "github"
      },
      "original": {
        "dir": "earthly",
        "owner": "defn",
        "ref": "earthly-0.7.2-36",
        "repo": "pkg",
        "type": "github"
      }
    },
    "flake-utils": {
      "locked": {
        "lastModified": 1652776076,
        "narHash": "sha256-gzTw/v1vj4dOVbpBSJX4J0DwUR6LIyXo7/SuuTJp1kM=",
        "owner": "numtide",
        "repo": "flake-utils",
        "rev": "04c1b180862888302ddfb2e3ad9eaa63afc60cf8",
        "type": "github"
      },
      "original": {
        "owner": "numtide",
        "repo": "flake-utils",
        "rev": "04c1b180862888302ddfb2e3ad9eaa63afc60cf8",
        "type": "github"
      }
    },
    "flake-utils_10": {
      "locked": {
        "lastModified": 1652776076,
        "narHash": "sha256-gzTw/v1vj4dOVbpBSJX4J0DwUR6LIyXo7/SuuTJp1kM=",
        "owner": "numtide",
        "repo": "flake-utils",
        "rev": "04c1b180862888302ddfb2e3ad9eaa63afc60cf8",
        "type": "github"
      },
      "original": {
        "owner": "numtide",
        "repo": "flake-utils",
        "rev": "04c1b180862888302ddfb2e3ad9eaa63afc60cf8",
        "type": "github"
      }
    },
    "flake-utils_11": {
      "locked": {
        "lastModified": 1652776076,
        "narHash": "sha256-gzTw/v1vj4dOVbpBSJX4J0DwUR6LIyXo7/SuuTJp1kM=",
        "owner": "numtide",
        "repo": "flake-utils",
        "rev": "04c1b180862888302ddfb2e3ad9eaa63afc60cf8",
        "type": "github"
      },
      "original": {
        "owner": "numtide",
        "repo": "flake-utils",
        "rev": "04c1b180862888302ddfb2e3ad9eaa63afc60cf8",
        "type": "github"
      }
    },
    "flake-utils_12": {
      "locked": {
        "lastModified": 1652776076,
        "narHash": "sha256-gzTw/v1vj4dOVbpBSJX4J0DwUR6LIyXo7/SuuTJp1kM=",
        "owner": "numtide",
        "repo": "flake-utils",
        "rev": "04c1b180862888302ddfb2e3ad9eaa63afc60cf8",
        "type": "github"
      },
      "original": {
        "owner": "numtide",
        "repo": "flake-utils",
        "rev": "04c1b180862888302ddfb2e3ad9eaa63afc60cf8",
        "type": "github"
      }
    },
    "flake-utils_2": {
      "locked": {
        "lastModified": 1652776076,
        "narHash": "sha256-gzTw/v1vj4dOVbpBSJX4J0DwUR6LIyXo7/SuuTJp1kM=",
        "owner": "numtide",
        "repo": "flake-utils",
        "rev": "04c1b180862888302ddfb2e3ad9eaa63afc60cf8",
        "type": "github"
      },
      "original": {
        "owner": "numtide",
        "repo": "flake-utils",
        "rev": "04c1b180862888302ddfb2e3ad9eaa63afc60cf8",
        "type": "github"
      }
    },
    "flake-utils_3": {
      "locked": {
        "lastModified": 1652776076,
        "narHash": "sha256-gzTw/v1vj4dOVbpBSJX4J0DwUR6LIyXo7/SuuTJp1kM=",
        "owner": "numtide",
        "repo": "flake-utils",
        "rev": "04c1b180862888302ddfb2e3ad9eaa63afc60cf8",
        "type": "github"
      },
      "original": {
        "owner": "numtide",
        "repo": "flake-utils",
        "rev": "04c1b180862888302ddfb2e3ad9eaa63afc60cf8",
        "type": "github"
      }
    },
    "flake-utils_4": {
      "locked": {
        "lastModified": 1652776076,
        "narHash": "sha256-gzTw/v1vj4dOVbpBSJX4J0DwUR6LIyXo7/SuuTJp1kM=",
        "owner": "numtide",
        "repo": "flake-utils",
        "rev": "04c1b180862888302ddfb2e3ad9eaa63afc60cf8",
        "type": "github"
      },
      "original": {
        "owner": "numtide",
        "repo": "flake-utils",
        "rev": "04c1b180862888302ddfb2e3ad9eaa63afc60cf8",
        "type": "github"
      }
    },
    "flake-utils_5": {
      "locked": {
        "lastModified": 1652776076,
        "narHash": "sha256-gzTw/v1vj4dOVbpBSJX4J0DwUR6LIyXo7/SuuTJp1kM=",
        "owner": "numtide",
        "repo": "flake-utils",
        "rev": "04c1b180862888302ddfb2e3ad9eaa63afc60cf8",
        "type": "github"
      },
      "original": {
        "owner": "numtide",
        "repo": "flake-utils",
        "rev": "04c1b180862888302ddfb2e3ad9eaa63afc60cf8",
        "type": "github"
      }
    },
    "flake-utils_6": {
      "locked": {
        "lastModified": 1652776076,
        "narHash": "sha256-gzTw/v1vj4dOVbpBSJX4J0DwUR6LIyXo7/SuuTJp1kM=",
        "owner": "numtide",
        "repo": "flake-utils",
        "rev": "04c1b180862888302ddfb2e3ad9eaa63afc60cf8",
        "type": "github"
      },
      "original": {
        "owner": "numtide",
        "repo": "flake-utils",
        "rev": "04c1b180862888302ddfb2e3ad9eaa63afc60cf8",
        "type": "github"
      }
    },
    "flake-utils_7": {
      "locked": {
        "lastModified": 1652776076,
        "narHash": "sha256-gzTw/v1vj4dOVbpBSJX4J0DwUR6LIyXo7/SuuTJp1kM=",
        "owner": "numtide",
        "repo": "flake-utils",
        "rev": "04c1b180862888302ddfb2e3ad9eaa63afc60cf8",
        "type": "github"
      },
      "original": {
        "owner": "numtide",
        "repo": "flake-utils",
        "rev": "04c1b180862888302ddfb2e3ad9eaa63afc60cf8",
        "type": "github"
      }
    },
    "flake-utils_8": {
      "locked": {
        "lastModified": 1652776076,
        "narHash": "sha256-gzTw/v1vj4dOVbpBSJX4J0DwUR6LIyXo7/SuuTJp1kM=",
        "owner": "numtide",
        "repo": "flake-utils",
        "rev": "04c1b180862888302ddfb2e3ad9eaa63afc60cf8",
        "type": "github"
      },
      "original": {
        "owner": "numtide",
        "repo": "flake-utils",
        "rev": "04c1b180862888302ddfb2e3ad9eaa63afc60cf8",
        "type": "github"
      }
    },
    "flake-utils_9": {
      "locked": {
        "lastModified": 1652776076,
        "narHash": "sha256-gzTw/v1vj4dOVbpBSJX4J0DwUR6LIyXo7/SuuTJp1kM=",
        "owner": "numtide",
        "repo": "flake-utils",
        "rev": "04c1b180862888302ddfb2e3ad9eaa63afc60cf8",
        "type": "github"
      },
      "original": {
        "owner": "numtide",
        "repo": "flake-utils",
        "rev": "04c1b180862888302ddfb2e3ad9eaa63afc60cf8",
        "type": "github"
      }
    },
    "gh": {
      "inputs": {
        "pkg": "pkg_6"
      },
      "locked": {
        "dir": "gh",
        "lastModified": 1681016308,
        "narHash": "sha256-h+cZrZuVfHRog1OzQWfqDzBIB7yOjrFoEKAuSUOJLK0=",
        "owner": "defn",
        "repo": "pkg",
        "rev": "992ef0f4e2ae6b0f8212fe404746a2a62237dde6",
        "type": "github"
      },
      "original": {
        "dir": "gh",
        "owner": "defn",
        "ref": "gh-2.27.0-10",
        "repo": "pkg",
        "type": "github"
      }
    },
    "honeymarker": {
      "inputs": {
        "pkg": "pkg_7"
      },
      "locked": {
        "dir": "honeymarker",
        "lastModified": 1681016339,
        "narHash": "sha256-TysmZRgsVGiof/32+QHquho2SJtB7OmLeur+o0r1Y7Q=",
        "owner": "defn",
        "repo": "pkg",
        "rev": "fba959a0a5bce4ad68074c7391daf14a8b99c7b0",
        "type": "github"
      },
      "original": {
        "dir": "honeymarker",
        "owner": "defn",
        "ref": "honeymarker-0.2.10-38",
        "repo": "pkg",
        "type": "github"
      }
    },
    "honeytail": {
      "inputs": {
        "pkg": "pkg_8"
      },
      "locked": {
        "dir": "honeytail",
        "lastModified": 1681016344,
        "narHash": "sha256-l6OHmG4aBaR0ybqQjX0Csa4rLyZV0v2VVobnVyL4t08=",
        "owner": "defn",
        "repo": "pkg",
        "rev": "4c6e6b90e69bd87c0e0e56c638dd09f67b1df131",
        "type": "github"
      },
      "original": {
        "dir": "honeytail",
        "owner": "defn",
        "ref": "honeytail-1.8.2-37",
        "repo": "pkg",
        "type": "github"
      }
    },
    "honeyvent": {
      "inputs": {
        "pkg": "pkg_9"
      },
      "locked": {
        "dir": "honeyvent",
        "lastModified": 1681016350,
        "narHash": "sha256-bXmZjEg8Lw8kuZPEzhxNqz7W7ZsMvT1alIgdbrhM15c=",
        "owner": "defn",
        "repo": "pkg",
        "rev": "4b8825da3fe01ab5b6868a33230ed02ac6578e31",
        "type": "github"
      },
      "original": {
        "dir": "honeyvent",
        "owner": "defn",
        "ref": "honeyvent-1.1.3-36",
        "repo": "pkg",
        "type": "github"
      }
    },
    "nixpkgs": {
      "locked": {
        "lastModified": 1669833724,
        "narHash": "sha256-/HEZNyGbnQecrgJnfE8d0WC5c1xuPSD2LUpB6YXlg4c=",
        "owner": "NixOS",
        "repo": "nixpkgs",
        "rev": "4d2b37a84fad1091b9de401eb450aae66f1a741e",
        "type": "github"
      },
      "original": {
        "owner": "NixOS",
        "repo": "nixpkgs",
        "rev": "4d2b37a84fad1091b9de401eb450aae66f1a741e",
        "type": "github"
      }
    },
    "nixpkgs_10": {
      "locked": {
        "lastModified": 1669833724,
        "narHash": "sha256-/HEZNyGbnQecrgJnfE8d0WC5c1xuPSD2LUpB6YXlg4c=",
        "owner": "NixOS",
        "repo": "nixpkgs",
        "rev": "4d2b37a84fad1091b9de401eb450aae66f1a741e",
        "type": "github"
      },
      "original": {
        "owner": "NixOS",
        "repo": "nixpkgs",
        "rev": "4d2b37a84fad1091b9de401eb450aae66f1a741e",
        "type": "github"
      }
    },
    "nixpkgs_11": {
      "locked": {
        "lastModified": 1669833724,
        "narHash": "sha256-/HEZNyGbnQecrgJnfE8d0WC5c1xuPSD2LUpB6YXlg4c=",
        "owner": "NixOS",
        "repo": "nixpkgs",
        "rev": "4d2b37a84fad1091b9de401eb450aae66f1a741e",
        "type": "github"
      },
      "original": {
        "owner": "NixOS",
        "repo": "nixpkgs",
        "rev": "4d2b37a84fad1091b9de401eb450aae66f1a741e",
        "type": "github"
      }
    },
    "nixpkgs_12": {
      "locked": {
        "lastModified": 1669833724,
        "narHash": "sha256-/HEZNyGbnQecrgJnfE8d0WC5c1xuPSD2LUpB6YXlg4c=",
        "owner": "NixOS",
        "repo": "nixpkgs",
        "rev": "4d2b37a84fad1091b9de401eb450aae66f1a741e",
        "type": "github"
      },
      "original": {
        "owner": "NixOS",
        "repo": "nixpkgs",
        "rev": "4d2b37a84fad1091b9de401eb450aae66f1a741e",
        "type": "github"
      }
    },
    "nixpkgs_2": {
      "locked": {
        "lastModified": 1669833724,
        "narHash": "sha256-/HEZNyGbnQecrgJnfE8d0WC5c1xuPSD2LUpB6YXlg4c=",
        "owner": "NixOS",
        "repo": "nixpkgs",
        "rev": "4d2b37a84fad1091b9de401eb450aae66f1a741e",
        "type": "github"
      },
      "original": {
        "owner": "NixOS",
        "repo": "nixpkgs",
        "rev": "4d2b37a84fad1091b9de401eb450aae66f1a741e",
        "type": "github"
      }
    },
    "nixpkgs_3": {
      "locked": {
        "lastModified": 1669833724,
        "narHash": "sha256-/HEZNyGbnQecrgJnfE8d0WC5c1xuPSD2LUpB6YXlg4c=",
        "owner": "NixOS",
        "repo": "nixpkgs",
        "rev": "4d2b37a84fad1091b9de401eb450aae66f1a741e",
        "type": "github"
      },
      "original": {
        "owner": "NixOS",
        "repo": "nixpkgs",
        "rev": "4d2b37a84fad1091b9de401eb450aae66f1a741e",
        "type": "github"
      }
    },
    "nixpkgs_4": {
      "locked": {
        "lastModified": 1669833724,
        "narHash": "sha256-/HEZNyGbnQecrgJnfE8d0WC5c1xuPSD2LUpB6YXlg4c=",
        "owner": "NixOS",
        "repo": "nixpkgs",
        "rev": "4d2b37a84fad1091b9de401eb450aae66f1a741e",
        "type": "github"
      },
      "original": {
        "owner": "NixOS",
        "repo": "nixpkgs",
        "rev": "4d2b37a84fad1091b9de401eb450aae66f1a741e",
        "type": "github"
      }
    },
    "nixpkgs_5": {
      "locked": {
        "lastModified": 1669833724,
        "narHash": "sha256-/HEZNyGbnQecrgJnfE8d0WC5c1xuPSD2LUpB6YXlg4c=",
        "owner": "NixOS",
        "repo": "nixpkgs",
        "rev": "4d2b37a84fad1091b9de401eb450aae66f1a741e",
        "type": "github"
      },
      "original": {
        "owner": "NixOS",
        "repo": "nixpkgs",
        "rev": "4d2b37a84fad1091b9de401eb450aae66f1a741e",
        "type": "github"
      }
    },
    "nixpkgs_6": {
      "locked": {
        "lastModified": 1669833724,
        "narHash": "sha256-/HEZNyGbnQecrgJnfE8d0WC5c1xuPSD2LUpB6YXlg4c=",
        "owner": "NixOS",
        "repo": "nixpkgs",
        "rev": "4d2b37a84fad1091b9de401eb450aae66f1a741e",
        "type": "github"
      },
      "original": {
        "owner": "NixOS",
        "repo": "nixpkgs",
        "rev": "4d2b37a84fad1091b9de401eb450aae66f1a741e",
        "type": "github"
      }
    },
    "nixpkgs_7": {
      "locked": {
        "lastModified": 1669833724,
        "narHash": "sha256-/HEZNyGbnQecrgJnfE8d0WC5c1xuPSD2LUpB6YXlg4c=",
        "owner": "NixOS",
        "repo": "nixpkgs",
        "rev": "4d2b37a84fad1091b9de401eb450aae66f1a741e",
        "type": "github"
      },
      "original": {
        "owner": "NixOS",
        "repo": "nixpkgs",
        "rev": "4d2b37a84fad1091b9de401eb450aae66f1a741e",
        "type": "github"
      }
    },
    "nixpkgs_8": {
      "locked": {
        "lastModified": 1669833724,
        "narHash": "sha256-/HEZNyGbnQecrgJnfE8d0WC5c1xuPSD2LUpB6YXlg4c=",
        "owner": "NixOS",
        "repo": "nixpkgs",
        "rev": "4d2b37a84fad1091b9de401eb450aae66f1a741e",
        "type": "github"
      },
      "original": {
        "owner": "NixOS",
        "repo": "nixpkgs",
        "rev": "4d2b37a84fad1091b9de401eb450aae66f1a741e",
        "type": "github"
      }
    },
    "nixpkgs_9": {
      "locked": {
        "lastModified": 1669833724,
        "narHash": "sha256-/HEZNyGbnQecrgJnfE8d0WC5c1xuPSD2LUpB6YXlg4c=",
        "owner": "NixOS",
        "repo": "nixpkgs",
        "rev": "4d2b37a84fad1091b9de401eb450aae66f1a741e",
        "type": "github"
      },
      "original": {
        "owner": "NixOS",
        "repo": "nixpkgs",
        "rev": "4d2b37a84fad1091b9de401eb450aae66f1a741e",
        "type": "github"
      }
    },
    "nomad": {
      "inputs": {
        "pkg": "pkg_10"
      },
      "locked": {
        "dir": "nomad",
        "lastModified": 1681016461,
        "narHash": "sha256-GvNrJcOf5nXowO/VHpgzE6f4HyqsoLhyfHqQzz79/Lk=",
        "owner": "defn",
        "repo": "pkg",
        "rev": "a1abe695487954f6c10ae1be38b13109486fde4f",
        "type": "github"
      },
      "original": {
        "dir": "nomad",
        "owner": "defn",
        "ref": "nomad-1.5.3-10",
        "repo": "pkg",
        "type": "github"
      }
    },
    "pkg": {
      "inputs": {
        "dev": "dev"
      },
      "locked": {
        "lastModified": 1681015850,
        "narHash": "sha256-cNTzjesdRH32fDSK4i70vCBmMxvAnsHXRjojQXaPinE=",
        "owner": "defn",
        "repo": "pkg",
        "rev": "c46b121de315d4c9cd17f0d333e20b74b9300409",
        "type": "github"
      },
      "original": {
        "owner": "defn",
        "ref": "0.0.210",
        "repo": "pkg",
        "type": "github"
      }
    },
    "pkg_10": {
      "inputs": {
        "dev": "dev_10"
      },
      "locked": {
        "lastModified": 1681015850,
        "narHash": "sha256-cNTzjesdRH32fDSK4i70vCBmMxvAnsHXRjojQXaPinE=",
        "owner": "defn",
        "repo": "pkg",
        "rev": "c46b121de315d4c9cd17f0d333e20b74b9300409",
        "type": "github"
      },
      "original": {
        "owner": "defn",
        "ref": "0.0.210",
        "repo": "pkg",
        "type": "github"
      }
    },
    "pkg_11": {
      "inputs": {
        "dev": "dev_11"
      },
      "locked": {
        "lastModified": 1681015850,
        "narHash": "sha256-cNTzjesdRH32fDSK4i70vCBmMxvAnsHXRjojQXaPinE=",
        "owner": "defn",
        "repo": "pkg",
        "rev": "c46b121de315d4c9cd17f0d333e20b74b9300409",
        "type": "github"
      },
      "original": {
        "owner": "defn",
        "ref": "0.0.210",
        "repo": "pkg",
        "type": "github"
      }
    },
    "pkg_12": {
      "inputs": {
        "dev": "dev_12"
      },
      "locked": {
        "lastModified": 1681015850,
        "narHash": "sha256-cNTzjesdRH32fDSK4i70vCBmMxvAnsHXRjojQXaPinE=",
        "owner": "defn",
        "repo": "pkg",
        "rev": "c46b121de315d4c9cd17f0d333e20b74b9300409",
        "type": "github"
      },
      "original": {
        "owner": "defn",
        "ref": "0.0.210",
        "repo": "pkg",
        "type": "github"
      }
    },
    "pkg_2": {
      "inputs": {
        "dev": "dev_2"
      },
      "locked": {
        "lastModified": 1681015850,
        "narHash": "sha256-cNTzjesdRH32fDSK4i70vCBmMxvAnsHXRjojQXaPinE=",
        "owner": "defn",
        "repo": "pkg",
        "rev": "c46b121de315d4c9cd17f0d333e20b74b9300409",
        "type": "github"
      },
      "original": {
        "owner": "defn",
        "ref": "0.0.210",
        "repo": "pkg",
        "type": "github"
      }
    },
    "pkg_3": {
      "inputs": {
        "dev": "dev_3"
      },
      "locked": {
        "lastModified": 1681015850,
        "narHash": "sha256-cNTzjesdRH32fDSK4i70vCBmMxvAnsHXRjojQXaPinE=",
        "owner": "defn",
        "repo": "pkg",
        "rev": "c46b121de315d4c9cd17f0d333e20b74b9300409",
        "type": "github"
      },
      "original": {
        "owner": "defn",
        "ref": "0.0.210",
        "repo": "pkg",
        "type": "github"
      }
    },
    "pkg_4": {
      "inputs": {
        "dev": "dev_4"
      },
      "locked": {
        "lastModified": 1681015850,
        "narHash": "sha256-cNTzjesdRH32fDSK4i70vCBmMxvAnsHXRjojQXaPinE=",
        "owner": "defn",
        "repo": "pkg",
        "rev": "c46b121de315d4c9cd17f0d333e20b74b9300409",
        "type": "github"
      },
      "original": {
        "owner": "defn",
        "ref": "0.0.210",
        "repo": "pkg",
        "type": "github"
      }
    },
    "pkg_5": {
      "inputs": {
        "dev": "dev_5"
      },
      "locked": {
        "lastModified": 1681015850,
        "narHash": "sha256-cNTzjesdRH32fDSK4i70vCBmMxvAnsHXRjojQXaPinE=",
        "owner": "defn",
        "repo": "pkg",
        "rev": "c46b121de315d4c9cd17f0d333e20b74b9300409",
        "type": "github"
      },
      "original": {
        "owner": "defn",
        "ref": "0.0.210",
        "repo": "pkg",
        "type": "github"
      }
    },
    "pkg_6": {
      "inputs": {
        "dev": "dev_6"
      },
      "locked": {
        "lastModified": 1681015850,
        "narHash": "sha256-cNTzjesdRH32fDSK4i70vCBmMxvAnsHXRjojQXaPinE=",
        "owner": "defn",
        "repo": "pkg",
        "rev": "c46b121de315d4c9cd17f0d333e20b74b9300409",
        "type": "github"
      },
      "original": {
        "owner": "defn",
        "ref": "0.0.210",
        "repo": "pkg",
        "type": "github"
      }
    },
    "pkg_7": {
      "inputs": {
        "dev": "dev_7"
      },
      "locked": {
        "lastModified": 1681015850,
        "narHash": "sha256-cNTzjesdRH32fDSK4i70vCBmMxvAnsHXRjojQXaPinE=",
        "owner": "defn",
        "repo": "pkg",
        "rev": "c46b121de315d4c9cd17f0d333e20b74b9300409",
        "type": "github"
      },
      "original": {
        "owner": "defn",
        "ref": "0.0.210",
        "repo": "pkg",
        "type": "github"
      }
    },
    "pkg_8": {
      "inputs": {
        "dev": "dev_8"
      },
      "locked": {
        "lastModified": 1681015850,
        "narHash": "sha256-cNTzjesdRH32fDSK4i70vCBmMxvAnsHXRjojQXaPinE=",
        "owner": "defn",
        "repo": "pkg",
        "rev": "c46b121de315d4c9cd17f0d333e20b74b9300409",
        "type": "github"
      },
      "original": {
        "owner": "defn",
        "ref": "0.0.210",
        "repo": "pkg",
        "type": "github"
      }
    },
    "pkg_9": {
      "inputs": {
        "dev": "dev_9"
      },
      "locked": {
        "lastModified": 1681015850,
        "narHash": "sha256-cNTzjesdRH32fDSK4i70vCBmMxvAnsHXRjojQXaPinE=",
        "owner": "defn",
        "repo": "pkg",
        "rev": "c46b121de315d4c9cd17f0d333e20b74b9300409",
        "type": "github"
      },
      "original": {
        "owner": "defn",
        "ref": "0.0.210",
        "repo": "pkg",
        "type": "github"
      }
    },
    "root": {
      "inputs": {
        "bk": "bk",
        "boundary": "boundary",
        "buildevents": "buildevents",
        "buildkite": "buildkite",
        "earthly": "earthly",
        "gh": "gh",
        "honeymarker": "honeymarker",
        "honeytail": "honeytail",
        "honeyvent": "honeyvent",
        "nomad": "nomad",
        "tilt": "tilt",
        "vault": "vault"
      }
    },
    "tilt": {
      "inputs": {
        "pkg": "pkg_11"
      },
      "locked": {
        "dir": "tilt",
        "lastModified": 1681015919,
        "narHash": "sha256-udDkjIgz7G8fCyNyPVMcxcmkIv46VdHJmUIi+x+N3nA=",
        "owner": "defn",
        "repo": "pkg",
        "rev": "f49caece583b8adbc18d36082a5a448d6704aee0",
        "type": "github"
      },
      "original": {
        "dir": "tilt",
        "owner": "defn",
        "ref": "tilt-0.32.0-36",
        "repo": "pkg",
        "type": "github"
      }
    },
    "vault": {
      "inputs": {
        "pkg": "pkg_12"
      },
      "locked": {
        "dir": "vault",
        "lastModified": 1681015894,
        "narHash": "sha256-RvZHj2fm2BTrasXzeM4nj++pig/udDCC1tpbcp8RvvM=",
        "owner": "defn",
        "repo": "pkg",
        "rev": "311170e0d151be18bbf28f1439548b74c61b6cf9",
        "type": "github"
      },
      "original": {
        "dir": "vault",
        "owner": "defn",
        "ref": "vault-1.13.1-36",
        "repo": "pkg",
        "type": "github"
      }
    }
  },
  "root": "root",
  "version": 7
}
