{
  "nodes": {
    "bk": {
      "inputs": {
        "pkg": "pkg"
      },
      "locked": {
        "dir": "bk",
        "lastModified": 1680919420,
        "narHash": "sha256-55PZw7EqIKbTHaSTsTCluiCv8x332fZwDx8JY5nf/Yc=",
        "owner": "defn",
        "repo": "pkg",
        "rev": "408f6dd6ba2015b09777f0c8d31a5be7fbbc15f0",
        "type": "github"
      },
      "original": {
        "dir": "bk",
        "owner": "defn",
        "ref": "bk-2.0.0-31",
        "repo": "pkg",
        "type": "github"
      }
    },
    "boundary": {
      "inputs": {
        "pkg": "pkg_2"
      },
      "locked": {
        "dir": "boundary",
        "lastModified": 1680919412,
        "narHash": "sha256-ahR+wcynwaltg5kVQCnQndYhgqCmPa3nFoC7aKcCx4c=",
        "owner": "defn",
        "repo": "pkg",
        "rev": "b85db71f997f2fa872136c9cf06aac1e09d7e582",
        "type": "github"
      },
      "original": {
        "dir": "boundary",
        "owner": "defn",
        "ref": "boundary-0.12.2-2",
        "repo": "pkg",
        "type": "github"
      }
    },
    "buildevents": {
      "inputs": {
        "pkg": "pkg_3"
      },
      "locked": {
        "dir": "buildevents",
        "lastModified": 1680919393,
        "narHash": "sha256-a5QMqZjC83LS1IV6zApnnVaYmpC1ypTjBzeQCRtGJp4=",
        "owner": "defn",
        "repo": "pkg",
        "rev": "8e8047778d602c1a17a588916e796d2714607e9c",
        "type": "github"
      },
      "original": {
        "dir": "buildevents",
        "owner": "defn",
        "ref": "buildevents-0.13.0-28",
        "repo": "pkg",
        "type": "github"
      }
    },
    "buildkite": {
      "inputs": {
        "pkg": "pkg_4"
      },
      "locked": {
        "dir": "buildkite",
        "lastModified": 1680919382,
        "narHash": "sha256-tP5G0GGYmJAxUNR+HPZ4iDgWVKCrRblyhzqmbXuklKw=",
        "owner": "defn",
        "repo": "pkg",
        "rev": "8a177e38e5f2d6c818be11d250aa22baea9fae1e",
        "type": "github"
      },
      "original": {
        "dir": "buildkite",
        "owner": "defn",
        "ref": "buildkite-3.45.0-28",
        "repo": "pkg",
        "type": "github"
      }
    },
    "dev": {
      "inputs": {
        "flake-utils": "flake-utils",
        "nixpkgs": "nixpkgs"
      },
      "locked": {
        "dir": "dev",
        "lastModified": 1680916511,
        "narHash": "sha256-wh9orAslUxkVYNttjsBLomI9VHKOg0TV+e0psTHwDUQ=",
        "owner": "defn",
        "repo": "pkg",
        "rev": "682466b771ce75089c4d2311ffebea08dc3cb728",
        "type": "github"
      },
      "original": {
        "dir": "dev",
        "owner": "defn",
        "ref": "dev-0.0.41",
        "repo": "pkg",
        "type": "github"
      }
    },
    "dev_10": {
      "inputs": {
        "flake-utils": "flake-utils_10",
        "nixpkgs": "nixpkgs_10"
      },
      "locked": {
        "dir": "dev",
        "lastModified": 1680916511,
        "narHash": "sha256-wh9orAslUxkVYNttjsBLomI9VHKOg0TV+e0psTHwDUQ=",
        "owner": "defn",
        "repo": "pkg",
        "rev": "682466b771ce75089c4d2311ffebea08dc3cb728",
        "type": "github"
      },
      "original": {
        "dir": "dev",
        "owner": "defn",
        "ref": "dev-0.0.41",
        "repo": "pkg",
        "type": "github"
      }
    },
    "dev_11": {
      "inputs": {
        "flake-utils": "flake-utils_11",
        "nixpkgs": "nixpkgs_11"
      },
      "locked": {
        "dir": "dev",
        "lastModified": 1680916511,
        "narHash": "sha256-wh9orAslUxkVYNttjsBLomI9VHKOg0TV+e0psTHwDUQ=",
        "owner": "defn",
        "repo": "pkg",
        "rev": "682466b771ce75089c4d2311ffebea08dc3cb728",
        "type": "github"
      },
      "original": {
        "dir": "dev",
        "owner": "defn",
        "ref": "dev-0.0.41",
        "repo": "pkg",
        "type": "github"
      }
    },
    "dev_12": {
      "inputs": {
        "flake-utils": "flake-utils_12",
        "nixpkgs": "nixpkgs_12"
      },
      "locked": {
        "dir": "dev",
        "lastModified": 1680916511,
        "narHash": "sha256-wh9orAslUxkVYNttjsBLomI9VHKOg0TV+e0psTHwDUQ=",
        "owner": "defn",
        "repo": "pkg",
        "rev": "682466b771ce75089c4d2311ffebea08dc3cb728",
        "type": "github"
      },
      "original": {
        "dir": "dev",
        "owner": "defn",
        "ref": "dev-0.0.41",
        "repo": "pkg",
        "type": "github"
      }
    },
    "dev_13": {
      "inputs": {
        "flake-utils": "flake-utils_13",
        "nixpkgs": "nixpkgs_13"
      },
      "locked": {
        "dir": "dev",
        "lastModified": 1680916511,
        "narHash": "sha256-wh9orAslUxkVYNttjsBLomI9VHKOg0TV+e0psTHwDUQ=",
        "owner": "defn",
        "repo": "pkg",
        "rev": "682466b771ce75089c4d2311ffebea08dc3cb728",
        "type": "github"
      },
      "original": {
        "dir": "dev",
        "owner": "defn",
        "ref": "dev-0.0.41",
        "repo": "pkg",
        "type": "github"
      }
    },
    "dev_2": {
      "inputs": {
        "flake-utils": "flake-utils_2",
        "nixpkgs": "nixpkgs_2"
      },
      "locked": {
        "dir": "dev",
        "lastModified": 1680916511,
        "narHash": "sha256-wh9orAslUxkVYNttjsBLomI9VHKOg0TV+e0psTHwDUQ=",
        "owner": "defn",
        "repo": "pkg",
        "rev": "682466b771ce75089c4d2311ffebea08dc3cb728",
        "type": "github"
      },
      "original": {
        "dir": "dev",
        "owner": "defn",
        "ref": "dev-0.0.41",
        "repo": "pkg",
        "type": "github"
      }
    },
    "dev_3": {
      "inputs": {
        "flake-utils": "flake-utils_3",
        "nixpkgs": "nixpkgs_3"
      },
      "locked": {
        "dir": "dev",
        "lastModified": 1680916511,
        "narHash": "sha256-wh9orAslUxkVYNttjsBLomI9VHKOg0TV+e0psTHwDUQ=",
        "owner": "defn",
        "repo": "pkg",
        "rev": "682466b771ce75089c4d2311ffebea08dc3cb728",
        "type": "github"
      },
      "original": {
        "dir": "dev",
        "owner": "defn",
        "ref": "dev-0.0.41",
        "repo": "pkg",
        "type": "github"
      }
    },
    "dev_4": {
      "inputs": {
        "flake-utils": "flake-utils_4",
        "nixpkgs": "nixpkgs_4"
      },
      "locked": {
        "dir": "dev",
        "lastModified": 1680916511,
        "narHash": "sha256-wh9orAslUxkVYNttjsBLomI9VHKOg0TV+e0psTHwDUQ=",
        "owner": "defn",
        "repo": "pkg",
        "rev": "682466b771ce75089c4d2311ffebea08dc3cb728",
        "type": "github"
      },
      "original": {
        "dir": "dev",
        "owner": "defn",
        "ref": "dev-0.0.41",
        "repo": "pkg",
        "type": "github"
      }
    },
    "dev_5": {
      "inputs": {
        "flake-utils": "flake-utils_5",
        "nixpkgs": "nixpkgs_5"
      },
      "locked": {
        "dir": "dev",
        "lastModified": 1680916511,
        "narHash": "sha256-wh9orAslUxkVYNttjsBLomI9VHKOg0TV+e0psTHwDUQ=",
        "owner": "defn",
        "repo": "pkg",
        "rev": "682466b771ce75089c4d2311ffebea08dc3cb728",
        "type": "github"
      },
      "original": {
        "dir": "dev",
        "owner": "defn",
        "ref": "dev-0.0.41",
        "repo": "pkg",
        "type": "github"
      }
    },
    "dev_6": {
      "inputs": {
        "flake-utils": "flake-utils_6",
        "nixpkgs": "nixpkgs_6"
      },
      "locked": {
        "dir": "dev",
        "lastModified": 1680916511,
        "narHash": "sha256-wh9orAslUxkVYNttjsBLomI9VHKOg0TV+e0psTHwDUQ=",
        "owner": "defn",
        "repo": "pkg",
        "rev": "682466b771ce75089c4d2311ffebea08dc3cb728",
        "type": "github"
      },
      "original": {
        "dir": "dev",
        "owner": "defn",
        "ref": "dev-0.0.41",
        "repo": "pkg",
        "type": "github"
      }
    },
    "dev_7": {
      "inputs": {
        "flake-utils": "flake-utils_7",
        "nixpkgs": "nixpkgs_7"
      },
      "locked": {
        "dir": "dev",
        "lastModified": 1680916511,
        "narHash": "sha256-wh9orAslUxkVYNttjsBLomI9VHKOg0TV+e0psTHwDUQ=",
        "owner": "defn",
        "repo": "pkg",
        "rev": "682466b771ce75089c4d2311ffebea08dc3cb728",
        "type": "github"
      },
      "original": {
        "dir": "dev",
        "owner": "defn",
        "ref": "dev-0.0.41",
        "repo": "pkg",
        "type": "github"
      }
    },
    "dev_8": {
      "inputs": {
        "flake-utils": "flake-utils_8",
        "nixpkgs": "nixpkgs_8"
      },
      "locked": {
        "dir": "dev",
        "lastModified": 1680916511,
        "narHash": "sha256-wh9orAslUxkVYNttjsBLomI9VHKOg0TV+e0psTHwDUQ=",
        "owner": "defn",
        "repo": "pkg",
        "rev": "682466b771ce75089c4d2311ffebea08dc3cb728",
        "type": "github"
      },
      "original": {
        "dir": "dev",
        "owner": "defn",
        "ref": "dev-0.0.41",
        "repo": "pkg",
        "type": "github"
      }
    },
    "dev_9": {
      "inputs": {
        "flake-utils": "flake-utils_9",
        "nixpkgs": "nixpkgs_9"
      },
      "locked": {
        "dir": "dev",
        "lastModified": 1680916511,
        "narHash": "sha256-wh9orAslUxkVYNttjsBLomI9VHKOg0TV+e0psTHwDUQ=",
        "owner": "defn",
        "repo": "pkg",
        "rev": "682466b771ce75089c4d2311ffebea08dc3cb728",
        "type": "github"
      },
      "original": {
        "dir": "dev",
        "owner": "defn",
        "ref": "dev-0.0.41",
        "repo": "pkg",
        "type": "github"
      }
    },
    "earthly": {
      "inputs": {
        "pkg": "pkg_5"
      },
      "locked": {
        "dir": "earthly",
        "lastModified": 1680919254,
        "narHash": "sha256-g2zHEZ+zgPYNjYFqG71V1UpO6gLwz0oZ0oKot5BHm7k=",
        "owner": "defn",
        "repo": "pkg",
        "rev": "a58ff848ad7243defdae2ccc5910b0128862a2e8",
        "type": "github"
      },
      "original": {
        "dir": "earthly",
        "owner": "defn",
        "ref": "earthly-0.7.2-28",
        "repo": "pkg",
        "type": "github"
      }
    },
    "flake-utils": {
      "locked": {
        "lastModified": 1652776076,
        "narHash": "sha256-gzTw/v1vj4dOVbpBSJX4J0DwUR6LIyXo7/SuuTJp1kM=",
        "owner": "numtide",
        "repo": "flake-utils",
        "rev": "04c1b180862888302ddfb2e3ad9eaa63afc60cf8",
        "type": "github"
      },
      "original": {
        "owner": "numtide",
        "repo": "flake-utils",
        "rev": "04c1b180862888302ddfb2e3ad9eaa63afc60cf8",
        "type": "github"
      }
    },
    "flake-utils_10": {
      "locked": {
        "lastModified": 1652776076,
        "narHash": "sha256-gzTw/v1vj4dOVbpBSJX4J0DwUR6LIyXo7/SuuTJp1kM=",
        "owner": "numtide",
        "repo": "flake-utils",
        "rev": "04c1b180862888302ddfb2e3ad9eaa63afc60cf8",
        "type": "github"
      },
      "original": {
        "owner": "numtide",
        "repo": "flake-utils",
        "rev": "04c1b180862888302ddfb2e3ad9eaa63afc60cf8",
        "type": "github"
      }
    },
    "flake-utils_11": {
      "locked": {
        "lastModified": 1652776076,
        "narHash": "sha256-gzTw/v1vj4dOVbpBSJX4J0DwUR6LIyXo7/SuuTJp1kM=",
        "owner": "numtide",
        "repo": "flake-utils",
        "rev": "04c1b180862888302ddfb2e3ad9eaa63afc60cf8",
        "type": "github"
      },
      "original": {
        "owner": "numtide",
        "repo": "flake-utils",
        "rev": "04c1b180862888302ddfb2e3ad9eaa63afc60cf8",
        "type": "github"
      }
    },
    "flake-utils_12": {
      "locked": {
        "lastModified": 1652776076,
        "narHash": "sha256-gzTw/v1vj4dOVbpBSJX4J0DwUR6LIyXo7/SuuTJp1kM=",
        "owner": "numtide",
        "repo": "flake-utils",
        "rev": "04c1b180862888302ddfb2e3ad9eaa63afc60cf8",
        "type": "github"
      },
      "original": {
        "owner": "numtide",
        "repo": "flake-utils",
        "rev": "04c1b180862888302ddfb2e3ad9eaa63afc60cf8",
        "type": "github"
      }
    },
    "flake-utils_13": {
      "locked": {
        "lastModified": 1652776076,
        "narHash": "sha256-gzTw/v1vj4dOVbpBSJX4J0DwUR6LIyXo7/SuuTJp1kM=",
        "owner": "numtide",
        "repo": "flake-utils",
        "rev": "04c1b180862888302ddfb2e3ad9eaa63afc60cf8",
        "type": "github"
      },
      "original": {
        "owner": "numtide",
        "repo": "flake-utils",
        "rev": "04c1b180862888302ddfb2e3ad9eaa63afc60cf8",
        "type": "github"
      }
    },
    "flake-utils_2": {
      "locked": {
        "lastModified": 1652776076,
        "narHash": "sha256-gzTw/v1vj4dOVbpBSJX4J0DwUR6LIyXo7/SuuTJp1kM=",
        "owner": "numtide",
        "repo": "flake-utils",
        "rev": "04c1b180862888302ddfb2e3ad9eaa63afc60cf8",
        "type": "github"
      },
      "original": {
        "owner": "numtide",
        "repo": "flake-utils",
        "rev": "04c1b180862888302ddfb2e3ad9eaa63afc60cf8",
        "type": "github"
      }
    },
    "flake-utils_3": {
      "locked": {
        "lastModified": 1652776076,
        "narHash": "sha256-gzTw/v1vj4dOVbpBSJX4J0DwUR6LIyXo7/SuuTJp1kM=",
        "owner": "numtide",
        "repo": "flake-utils",
        "rev": "04c1b180862888302ddfb2e3ad9eaa63afc60cf8",
        "type": "github"
      },
      "original": {
        "owner": "numtide",
        "repo": "flake-utils",
        "rev": "04c1b180862888302ddfb2e3ad9eaa63afc60cf8",
        "type": "github"
      }
    },
    "flake-utils_4": {
      "locked": {
        "lastModified": 1652776076,
        "narHash": "sha256-gzTw/v1vj4dOVbpBSJX4J0DwUR6LIyXo7/SuuTJp1kM=",
        "owner": "numtide",
        "repo": "flake-utils",
        "rev": "04c1b180862888302ddfb2e3ad9eaa63afc60cf8",
        "type": "github"
      },
      "original": {
        "owner": "numtide",
        "repo": "flake-utils",
        "rev": "04c1b180862888302ddfb2e3ad9eaa63afc60cf8",
        "type": "github"
      }
    },
    "flake-utils_5": {
      "locked": {
        "lastModified": 1652776076,
        "narHash": "sha256-gzTw/v1vj4dOVbpBSJX4J0DwUR6LIyXo7/SuuTJp1kM=",
        "owner": "numtide",
        "repo": "flake-utils",
        "rev": "04c1b180862888302ddfb2e3ad9eaa63afc60cf8",
        "type": "github"
      },
      "original": {
        "owner": "numtide",
        "repo": "flake-utils",
        "rev": "04c1b180862888302ddfb2e3ad9eaa63afc60cf8",
        "type": "github"
      }
    },
    "flake-utils_6": {
      "locked": {
        "lastModified": 1652776076,
        "narHash": "sha256-gzTw/v1vj4dOVbpBSJX4J0DwUR6LIyXo7/SuuTJp1kM=",
        "owner": "numtide",
        "repo": "flake-utils",
        "rev": "04c1b180862888302ddfb2e3ad9eaa63afc60cf8",
        "type": "github"
      },
      "original": {
        "owner": "numtide",
        "repo": "flake-utils",
        "rev": "04c1b180862888302ddfb2e3ad9eaa63afc60cf8",
        "type": "github"
      }
    },
    "flake-utils_7": {
      "locked": {
        "lastModified": 1652776076,
        "narHash": "sha256-gzTw/v1vj4dOVbpBSJX4J0DwUR6LIyXo7/SuuTJp1kM=",
        "owner": "numtide",
        "repo": "flake-utils",
        "rev": "04c1b180862888302ddfb2e3ad9eaa63afc60cf8",
        "type": "github"
      },
      "original": {
        "owner": "numtide",
        "repo": "flake-utils",
        "rev": "04c1b180862888302ddfb2e3ad9eaa63afc60cf8",
        "type": "github"
      }
    },
    "flake-utils_8": {
      "locked": {
        "lastModified": 1652776076,
        "narHash": "sha256-gzTw/v1vj4dOVbpBSJX4J0DwUR6LIyXo7/SuuTJp1kM=",
        "owner": "numtide",
        "repo": "flake-utils",
        "rev": "04c1b180862888302ddfb2e3ad9eaa63afc60cf8",
        "type": "github"
      },
      "original": {
        "owner": "numtide",
        "repo": "flake-utils",
        "rev": "04c1b180862888302ddfb2e3ad9eaa63afc60cf8",
        "type": "github"
      }
    },
    "flake-utils_9": {
      "locked": {
        "lastModified": 1652776076,
        "narHash": "sha256-gzTw/v1vj4dOVbpBSJX4J0DwUR6LIyXo7/SuuTJp1kM=",
        "owner": "numtide",
        "repo": "flake-utils",
        "rev": "04c1b180862888302ddfb2e3ad9eaa63afc60cf8",
        "type": "github"
      },
      "original": {
        "owner": "numtide",
        "repo": "flake-utils",
        "rev": "04c1b180862888302ddfb2e3ad9eaa63afc60cf8",
        "type": "github"
      }
    },
    "gh": {
      "inputs": {
        "pkg": "pkg_6"
      },
      "locked": {
        "dir": "gh",
        "lastModified": 1680919240,
        "narHash": "sha256-LfmMiwZV67k3oqQWaG9Fazkm+p5SnHE5u9E44ixKz/Q=",
        "owner": "defn",
        "repo": "pkg",
        "rev": "0574a2324a20ff07ec869be0574d1f43afd81ed1",
        "type": "github"
      },
      "original": {
        "dir": "gh",
        "owner": "defn",
        "ref": "gh-2.27.0-2",
        "repo": "pkg",
        "type": "github"
      }
    },
    "honeymarker": {
      "inputs": {
        "pkg": "pkg_7"
      },
      "locked": {
        "dir": "honeymarker",
        "lastModified": 1680919170,
        "narHash": "sha256-lC2ZwfuV0WqvHdPnA9uqa9Uk6JllcYQb5Frbp5t237U=",
        "owner": "defn",
        "repo": "pkg",
        "rev": "64de31fd4ac864348f39bd384b98030c1ca20a43",
        "type": "github"
      },
      "original": {
        "dir": "honeymarker",
        "owner": "defn",
        "ref": "honeymarker-0.2.10-30",
        "repo": "pkg",
        "type": "github"
      }
    },
    "honeytail": {
      "inputs": {
        "pkg": "pkg_8"
      },
      "locked": {
        "dir": "honeytail",
        "lastModified": 1680919162,
        "narHash": "sha256-Zx7d4X5bDgvLG6eWpTzqum6Wz4zIOdQxZ2pavN0+pHg=",
        "owner": "defn",
        "repo": "pkg",
        "rev": "8db955176741e6ab204868fccff9ffbd4bfe3700",
        "type": "github"
      },
      "original": {
        "dir": "honeytail",
        "owner": "defn",
        "ref": "honeytail-1.8.2-29",
        "repo": "pkg",
        "type": "github"
      }
    },
    "honeyvent": {
      "inputs": {
        "pkg": "pkg_9"
      },
      "locked": {
        "dir": "honeyvent",
        "lastModified": 1680919150,
        "narHash": "sha256-Gbk+IUh7pppB4DDY2afveOCfsWhGvtJ2fQhr8BPc4H0=",
        "owner": "defn",
        "repo": "pkg",
        "rev": "1a38d46442cc9a37b1d5d9a7f850c9b5aeccca10",
        "type": "github"
      },
      "original": {
        "dir": "honeyvent",
        "owner": "defn",
        "ref": "honeyvent-1.1.3-28",
        "repo": "pkg",
        "type": "github"
      }
    },
    "nixpkgs": {
      "locked": {
        "lastModified": 1669833724,
        "narHash": "sha256-/HEZNyGbnQecrgJnfE8d0WC5c1xuPSD2LUpB6YXlg4c=",
        "owner": "NixOS",
        "repo": "nixpkgs",
        "rev": "4d2b37a84fad1091b9de401eb450aae66f1a741e",
        "type": "github"
      },
      "original": {
        "owner": "NixOS",
        "repo": "nixpkgs",
        "rev": "4d2b37a84fad1091b9de401eb450aae66f1a741e",
        "type": "github"
      }
    },
    "nixpkgs_10": {
      "locked": {
        "lastModified": 1669833724,
        "narHash": "sha256-/HEZNyGbnQecrgJnfE8d0WC5c1xuPSD2LUpB6YXlg4c=",
        "owner": "NixOS",
        "repo": "nixpkgs",
        "rev": "4d2b37a84fad1091b9de401eb450aae66f1a741e",
        "type": "github"
      },
      "original": {
        "owner": "NixOS",
        "repo": "nixpkgs",
        "rev": "4d2b37a84fad1091b9de401eb450aae66f1a741e",
        "type": "github"
      }
    },
    "nixpkgs_11": {
      "locked": {
        "lastModified": 1669833724,
        "narHash": "sha256-/HEZNyGbnQecrgJnfE8d0WC5c1xuPSD2LUpB6YXlg4c=",
        "owner": "NixOS",
        "repo": "nixpkgs",
        "rev": "4d2b37a84fad1091b9de401eb450aae66f1a741e",
        "type": "github"
      },
      "original": {
        "owner": "NixOS",
        "repo": "nixpkgs",
        "rev": "4d2b37a84fad1091b9de401eb450aae66f1a741e",
        "type": "github"
      }
    },
    "nixpkgs_12": {
      "locked": {
        "lastModified": 1669833724,
        "narHash": "sha256-/HEZNyGbnQecrgJnfE8d0WC5c1xuPSD2LUpB6YXlg4c=",
        "owner": "NixOS",
        "repo": "nixpkgs",
        "rev": "4d2b37a84fad1091b9de401eb450aae66f1a741e",
        "type": "github"
      },
      "original": {
        "owner": "NixOS",
        "repo": "nixpkgs",
        "rev": "4d2b37a84fad1091b9de401eb450aae66f1a741e",
        "type": "github"
      }
    },
    "nixpkgs_13": {
      "locked": {
        "lastModified": 1669833724,
        "narHash": "sha256-/HEZNyGbnQecrgJnfE8d0WC5c1xuPSD2LUpB6YXlg4c=",
        "owner": "NixOS",
        "repo": "nixpkgs",
        "rev": "4d2b37a84fad1091b9de401eb450aae66f1a741e",
        "type": "github"
      },
      "original": {
        "owner": "NixOS",
        "repo": "nixpkgs",
        "rev": "4d2b37a84fad1091b9de401eb450aae66f1a741e",
        "type": "github"
      }
    },
    "nixpkgs_2": {
      "locked": {
        "lastModified": 1669833724,
        "narHash": "sha256-/HEZNyGbnQecrgJnfE8d0WC5c1xuPSD2LUpB6YXlg4c=",
        "owner": "NixOS",
        "repo": "nixpkgs",
        "rev": "4d2b37a84fad1091b9de401eb450aae66f1a741e",
        "type": "github"
      },
      "original": {
        "owner": "NixOS",
        "repo": "nixpkgs",
        "rev": "4d2b37a84fad1091b9de401eb450aae66f1a741e",
        "type": "github"
      }
    },
    "nixpkgs_3": {
      "locked": {
        "lastModified": 1669833724,
        "narHash": "sha256-/HEZNyGbnQecrgJnfE8d0WC5c1xuPSD2LUpB6YXlg4c=",
        "owner": "NixOS",
        "repo": "nixpkgs",
        "rev": "4d2b37a84fad1091b9de401eb450aae66f1a741e",
        "type": "github"
      },
      "original": {
        "owner": "NixOS",
        "repo": "nixpkgs",
        "rev": "4d2b37a84fad1091b9de401eb450aae66f1a741e",
        "type": "github"
      }
    },
    "nixpkgs_4": {
      "locked": {
        "lastModified": 1669833724,
        "narHash": "sha256-/HEZNyGbnQecrgJnfE8d0WC5c1xuPSD2LUpB6YXlg4c=",
        "owner": "NixOS",
        "repo": "nixpkgs",
        "rev": "4d2b37a84fad1091b9de401eb450aae66f1a741e",
        "type": "github"
      },
      "original": {
        "owner": "NixOS",
        "repo": "nixpkgs",
        "rev": "4d2b37a84fad1091b9de401eb450aae66f1a741e",
        "type": "github"
      }
    },
    "nixpkgs_5": {
      "locked": {
        "lastModified": 1669833724,
        "narHash": "sha256-/HEZNyGbnQecrgJnfE8d0WC5c1xuPSD2LUpB6YXlg4c=",
        "owner": "NixOS",
        "repo": "nixpkgs",
        "rev": "4d2b37a84fad1091b9de401eb450aae66f1a741e",
        "type": "github"
      },
      "original": {
        "owner": "NixOS",
        "repo": "nixpkgs",
        "rev": "4d2b37a84fad1091b9de401eb450aae66f1a741e",
        "type": "github"
      }
    },
    "nixpkgs_6": {
      "locked": {
        "lastModified": 1669833724,
        "narHash": "sha256-/HEZNyGbnQecrgJnfE8d0WC5c1xuPSD2LUpB6YXlg4c=",
        "owner": "NixOS",
        "repo": "nixpkgs",
        "rev": "4d2b37a84fad1091b9de401eb450aae66f1a741e",
        "type": "github"
      },
      "original": {
        "owner": "NixOS",
        "repo": "nixpkgs",
        "rev": "4d2b37a84fad1091b9de401eb450aae66f1a741e",
        "type": "github"
      }
    },
    "nixpkgs_7": {
      "locked": {
        "lastModified": 1669833724,
        "narHash": "sha256-/HEZNyGbnQecrgJnfE8d0WC5c1xuPSD2LUpB6YXlg4c=",
        "owner": "NixOS",
        "repo": "nixpkgs",
        "rev": "4d2b37a84fad1091b9de401eb450aae66f1a741e",
        "type": "github"
      },
      "original": {
        "owner": "NixOS",
        "repo": "nixpkgs",
        "rev": "4d2b37a84fad1091b9de401eb450aae66f1a741e",
        "type": "github"
      }
    },
    "nixpkgs_8": {
      "locked": {
        "lastModified": 1669833724,
        "narHash": "sha256-/HEZNyGbnQecrgJnfE8d0WC5c1xuPSD2LUpB6YXlg4c=",
        "owner": "NixOS",
        "repo": "nixpkgs",
        "rev": "4d2b37a84fad1091b9de401eb450aae66f1a741e",
        "type": "github"
      },
      "original": {
        "owner": "NixOS",
        "repo": "nixpkgs",
        "rev": "4d2b37a84fad1091b9de401eb450aae66f1a741e",
        "type": "github"
      }
    },
    "nixpkgs_9": {
      "locked": {
        "lastModified": 1669833724,
        "narHash": "sha256-/HEZNyGbnQecrgJnfE8d0WC5c1xuPSD2LUpB6YXlg4c=",
        "owner": "NixOS",
        "repo": "nixpkgs",
        "rev": "4d2b37a84fad1091b9de401eb450aae66f1a741e",
        "type": "github"
      },
      "original": {
        "owner": "NixOS",
        "repo": "nixpkgs",
        "rev": "4d2b37a84fad1091b9de401eb450aae66f1a741e",
        "type": "github"
      }
    },
    "nomad": {
      "inputs": {
        "pkg": "pkg_10"
      },
      "locked": {
        "dir": "nomad",
        "lastModified": 1680919692,
        "narHash": "sha256-zt2j4But1tb3KXPSeS86kqYyqcqQnqcsAc8R9wF8LFg=",
        "owner": "defn",
        "repo": "pkg",
        "rev": "55e23ba56b85731e225bdbe3236a0e21fa5ee5c6",
        "type": "github"
      },
      "original": {
        "dir": "nomad",
        "owner": "defn",
        "ref": "nomad-1.5.3-3",
        "repo": "pkg",
        "type": "github"
      }
    },
    "pkg": {
      "inputs": {
        "dev": "dev"
      },
      "locked": {
        "lastModified": 1680916570,
        "narHash": "sha256-qYqsGnuUH3v5XAC7yLJwNPC4eiFYa1dFE69p+0dRmLg=",
        "owner": "defn",
        "repo": "pkg",
        "rev": "c7aee8e9e99d4b27535999006c65ce15a85494cf",
        "type": "github"
      },
      "original": {
        "owner": "defn",
        "ref": "0.0.202",
        "repo": "pkg",
        "type": "github"
      }
    },
    "pkg_10": {
      "inputs": {
        "dev": "dev_10"
      },
      "locked": {
        "lastModified": 1680919499,
        "narHash": "sha256-qek0bX5w7kqrfl2vMqHPGlGXXlpAn7p0YaiL6GoYVuw=",
        "owner": "defn",
        "repo": "pkg",
        "rev": "b684cce6bff5d7e85a1a107ef4f5b17d0b3eba09",
        "type": "github"
      },
      "original": {
        "owner": "defn",
        "ref": "0.0.203",
        "repo": "pkg",
        "type": "github"
      }
    },
    "pkg_11": {
      "inputs": {
        "dev": "dev_11"
      },
      "locked": {
        "lastModified": 1680919499,
        "narHash": "sha256-qek0bX5w7kqrfl2vMqHPGlGXXlpAn7p0YaiL6GoYVuw=",
        "owner": "defn",
        "repo": "pkg",
        "rev": "b684cce6bff5d7e85a1a107ef4f5b17d0b3eba09",
        "type": "github"
      },
      "original": {
        "owner": "defn",
        "ref": "0.0.203",
        "repo": "pkg",
        "type": "github"
      }
    },
    "pkg_12": {
      "inputs": {
        "dev": "dev_12"
      },
      "locked": {
        "lastModified": 1680919499,
        "narHash": "sha256-qek0bX5w7kqrfl2vMqHPGlGXXlpAn7p0YaiL6GoYVuw=",
        "owner": "defn",
        "repo": "pkg",
        "rev": "b684cce6bff5d7e85a1a107ef4f5b17d0b3eba09",
        "type": "github"
      },
      "original": {
        "owner": "defn",
        "ref": "0.0.203",
        "repo": "pkg",
        "type": "github"
      }
    },
    "pkg_13": {
      "inputs": {
        "dev": "dev_13"
      },
      "locked": {
        "lastModified": 1680919499,
        "narHash": "sha256-qek0bX5w7kqrfl2vMqHPGlGXXlpAn7p0YaiL6GoYVuw=",
        "owner": "defn",
        "repo": "pkg",
        "rev": "b684cce6bff5d7e85a1a107ef4f5b17d0b3eba09",
        "type": "github"
      },
      "original": {
        "owner": "defn",
        "ref": "0.0.203",
        "repo": "pkg",
        "type": "github"
      }
    },
    "pkg_2": {
      "inputs": {
        "dev": "dev_2"
      },
      "locked": {
        "lastModified": 1680916570,
        "narHash": "sha256-qYqsGnuUH3v5XAC7yLJwNPC4eiFYa1dFE69p+0dRmLg=",
        "owner": "defn",
        "repo": "pkg",
        "rev": "c7aee8e9e99d4b27535999006c65ce15a85494cf",
        "type": "github"
      },
      "original": {
        "owner": "defn",
        "ref": "0.0.202",
        "repo": "pkg",
        "type": "github"
      }
    },
    "pkg_3": {
      "inputs": {
        "dev": "dev_3"
      },
      "locked": {
        "lastModified": 1680916570,
        "narHash": "sha256-qYqsGnuUH3v5XAC7yLJwNPC4eiFYa1dFE69p+0dRmLg=",
        "owner": "defn",
        "repo": "pkg",
        "rev": "c7aee8e9e99d4b27535999006c65ce15a85494cf",
        "type": "github"
      },
      "original": {
        "owner": "defn",
        "ref": "0.0.202",
        "repo": "pkg",
        "type": "github"
      }
    },
    "pkg_4": {
      "inputs": {
        "dev": "dev_4"
      },
      "locked": {
        "lastModified": 1680916570,
        "narHash": "sha256-qYqsGnuUH3v5XAC7yLJwNPC4eiFYa1dFE69p+0dRmLg=",
        "owner": "defn",
        "repo": "pkg",
        "rev": "c7aee8e9e99d4b27535999006c65ce15a85494cf",
        "type": "github"
      },
      "original": {
        "owner": "defn",
        "ref": "0.0.202",
        "repo": "pkg",
        "type": "github"
      }
    },
    "pkg_5": {
      "inputs": {
        "dev": "dev_5"
      },
      "locked": {
        "lastModified": 1680916570,
        "narHash": "sha256-qYqsGnuUH3v5XAC7yLJwNPC4eiFYa1dFE69p+0dRmLg=",
        "owner": "defn",
        "repo": "pkg",
        "rev": "c7aee8e9e99d4b27535999006c65ce15a85494cf",
        "type": "github"
      },
      "original": {
        "owner": "defn",
        "ref": "0.0.202",
        "repo": "pkg",
        "type": "github"
      }
    },
    "pkg_6": {
      "inputs": {
        "dev": "dev_6"
      },
      "locked": {
        "lastModified": 1680916570,
        "narHash": "sha256-qYqsGnuUH3v5XAC7yLJwNPC4eiFYa1dFE69p+0dRmLg=",
        "owner": "defn",
        "repo": "pkg",
        "rev": "c7aee8e9e99d4b27535999006c65ce15a85494cf",
        "type": "github"
      },
      "original": {
        "owner": "defn",
        "ref": "0.0.202",
        "repo": "pkg",
        "type": "github"
      }
    },
    "pkg_7": {
      "inputs": {
        "dev": "dev_7"
      },
      "locked": {
        "lastModified": 1680916570,
        "narHash": "sha256-qYqsGnuUH3v5XAC7yLJwNPC4eiFYa1dFE69p+0dRmLg=",
        "owner": "defn",
        "repo": "pkg",
        "rev": "c7aee8e9e99d4b27535999006c65ce15a85494cf",
        "type": "github"
      },
      "original": {
        "owner": "defn",
        "ref": "0.0.202",
        "repo": "pkg",
        "type": "github"
      }
    },
    "pkg_8": {
      "inputs": {
        "dev": "dev_8"
      },
      "locked": {
        "lastModified": 1680916570,
        "narHash": "sha256-qYqsGnuUH3v5XAC7yLJwNPC4eiFYa1dFE69p+0dRmLg=",
        "owner": "defn",
        "repo": "pkg",
        "rev": "c7aee8e9e99d4b27535999006c65ce15a85494cf",
        "type": "github"
      },
      "original": {
        "owner": "defn",
        "ref": "0.0.202",
        "repo": "pkg",
        "type": "github"
      }
    },
    "pkg_9": {
      "inputs": {
        "dev": "dev_9"
      },
      "locked": {
        "lastModified": 1680916570,
        "narHash": "sha256-qYqsGnuUH3v5XAC7yLJwNPC4eiFYa1dFE69p+0dRmLg=",
        "owner": "defn",
        "repo": "pkg",
        "rev": "c7aee8e9e99d4b27535999006c65ce15a85494cf",
        "type": "github"
      },
      "original": {
        "owner": "defn",
        "ref": "0.0.202",
        "repo": "pkg",
        "type": "github"
      }
    },
    "root": {
      "inputs": {
        "bk": "bk",
        "boundary": "boundary",
        "buildevents": "buildevents",
        "buildkite": "buildkite",
        "earthly": "earthly",
        "gh": "gh",
        "honeymarker": "honeymarker",
        "honeytail": "honeytail",
        "honeyvent": "honeyvent",
        "nomad": "nomad",
        "pkg": "pkg_11",
        "tilt": "tilt",
        "vault": "vault"
      }
    },
    "tilt": {
      "inputs": {
        "pkg": "pkg_12"
      },
      "locked": {
        "dir": "tilt",
        "lastModified": 1680919566,
        "narHash": "sha256-VIwPhPfg/SmSAlQIykGC1cy3TotF2JP9aS8CnI7ilT4=",
        "owner": "defn",
        "repo": "pkg",
        "rev": "81a00f5aacd1a65392ea4d0ec029d271ebcff338",
        "type": "github"
      },
      "original": {
        "dir": "tilt",
        "owner": "defn",
        "ref": "tilt-0.32.0-29",
        "repo": "pkg",
        "type": "github"
      }
    },
    "vault": {
      "inputs": {
        "pkg": "pkg_13"
      },
      "locked": {
        "dir": "vault",
        "lastModified": 1680919539,
        "narHash": "sha256-/+7l5mm3mp70Ur9uViDHeO3Q7hHZWym+LmmggBZQyDc=",
        "owner": "defn",
        "repo": "pkg",
        "rev": "36a702def7f57b176c46498b639ad8f3d4d36a72",
        "type": "github"
      },
      "original": {
        "dir": "vault",
        "owner": "defn",
        "ref": "vault-1.13.1-29",
        "repo": "pkg",
        "type": "github"
      }
    }
  },
  "root": "root",
  "version": 7
}
