{
  "nodes": {
    "argo": {
      "inputs": {
        "pkg": "pkg"
      },
      "locked": {
        "dir": "argo",
        "lastModified": 1680522110,
        "narHash": "sha256-ohyx5XeCY9PeXkM53uF0fSz1FOzeobtb5AnOQHQxQVI=",
        "owner": "defn",
        "repo": "pkg",
        "rev": "95f7a85b4146a939a344333950e8af51a093ee1d",
        "type": "github"
      },
      "original": {
        "dir": "argo",
        "owner": "defn",
        "ref": "argo-3.4.6-17",
        "repo": "pkg",
        "type": "github"
      }
    },
    "argocd": {
      "inputs": {
        "pkg": "pkg_2"
      },
      "locked": {
        "dir": "argocd",
        "lastModified": 1680522100,
        "narHash": "sha256-wBjYqvxMur0XJtAn+Fc9/5JnDCqKzUdh+eOK3wScQ5o=",
        "owner": "defn",
        "repo": "pkg",
        "rev": "28b3b05fbf29c3d90b8bbe70d532fdad2d1d4805",
        "type": "github"
      },
      "original": {
        "dir": "argocd",
        "owner": "defn",
        "ref": "argocd-2.6.7-18",
        "repo": "pkg",
        "type": "github"
      }
    },
    "dev": {
      "inputs": {
        "flake-utils": "flake-utils",
        "gomod2nix": "gomod2nix",
        "nixpkgs": "nixpkgs"
      },
      "locked": {
        "dir": "dev",
        "lastModified": 1680508743,
        "narHash": "sha256-3ksGTLROPg18UODv5wkJChJXftWiBL2jlDcDKlATHJM=",
        "owner": "defn",
        "repo": "pkg",
        "rev": "ccdf170bafdf5800de515bfcff80fdfb06a048b8",
        "type": "github"
      },
      "original": {
        "dir": "dev",
        "owner": "defn",
        "ref": "dev-0.0.36",
        "repo": "pkg",
        "type": "github"
      }
    },
    "dev_10": {
      "inputs": {
        "flake-utils": "flake-utils_10",
        "gomod2nix": "gomod2nix_10",
        "nixpkgs": "nixpkgs_10"
      },
      "locked": {
        "dir": "dev",
        "lastModified": 1680508743,
        "narHash": "sha256-3ksGTLROPg18UODv5wkJChJXftWiBL2jlDcDKlATHJM=",
        "owner": "defn",
        "repo": "pkg",
        "rev": "ccdf170bafdf5800de515bfcff80fdfb06a048b8",
        "type": "github"
      },
      "original": {
        "dir": "dev",
        "owner": "defn",
        "ref": "dev-0.0.36",
        "repo": "pkg",
        "type": "github"
      }
    },
    "dev_11": {
      "inputs": {
        "flake-utils": "flake-utils_11",
        "gomod2nix": "gomod2nix_11",
        "nixpkgs": "nixpkgs_11"
      },
      "locked": {
        "dir": "dev",
        "lastModified": 1680508743,
        "narHash": "sha256-3ksGTLROPg18UODv5wkJChJXftWiBL2jlDcDKlATHJM=",
        "owner": "defn",
        "repo": "pkg",
        "rev": "ccdf170bafdf5800de515bfcff80fdfb06a048b8",
        "type": "github"
      },
      "original": {
        "dir": "dev",
        "owner": "defn",
        "ref": "dev-0.0.36",
        "repo": "pkg",
        "type": "github"
      }
    },
    "dev_12": {
      "inputs": {
        "flake-utils": "flake-utils_12",
        "gomod2nix": "gomod2nix_12",
        "nixpkgs": "nixpkgs_12"
      },
      "locked": {
        "dir": "dev",
        "lastModified": 1680508743,
        "narHash": "sha256-3ksGTLROPg18UODv5wkJChJXftWiBL2jlDcDKlATHJM=",
        "owner": "defn",
        "repo": "pkg",
        "rev": "ccdf170bafdf5800de515bfcff80fdfb06a048b8",
        "type": "github"
      },
      "original": {
        "dir": "dev",
        "owner": "defn",
        "ref": "dev-0.0.36",
        "repo": "pkg",
        "type": "github"
      }
    },
    "dev_2": {
      "inputs": {
        "flake-utils": "flake-utils_2",
        "gomod2nix": "gomod2nix_2",
        "nixpkgs": "nixpkgs_2"
      },
      "locked": {
        "dir": "dev",
        "lastModified": 1680508743,
        "narHash": "sha256-3ksGTLROPg18UODv5wkJChJXftWiBL2jlDcDKlATHJM=",
        "owner": "defn",
        "repo": "pkg",
        "rev": "ccdf170bafdf5800de515bfcff80fdfb06a048b8",
        "type": "github"
      },
      "original": {
        "dir": "dev",
        "owner": "defn",
        "ref": "dev-0.0.36",
        "repo": "pkg",
        "type": "github"
      }
    },
    "dev_3": {
      "inputs": {
        "flake-utils": "flake-utils_3",
        "gomod2nix": "gomod2nix_3",
        "nixpkgs": "nixpkgs_3"
      },
      "locked": {
        "dir": "dev",
        "lastModified": 1680508743,
        "narHash": "sha256-3ksGTLROPg18UODv5wkJChJXftWiBL2jlDcDKlATHJM=",
        "owner": "defn",
        "repo": "pkg",
        "rev": "ccdf170bafdf5800de515bfcff80fdfb06a048b8",
        "type": "github"
      },
      "original": {
        "dir": "dev",
        "owner": "defn",
        "ref": "dev-0.0.36",
        "repo": "pkg",
        "type": "github"
      }
    },
    "dev_4": {
      "inputs": {
        "flake-utils": "flake-utils_4",
        "gomod2nix": "gomod2nix_4",
        "nixpkgs": "nixpkgs_4"
      },
      "locked": {
        "dir": "dev",
        "lastModified": 1680508743,
        "narHash": "sha256-3ksGTLROPg18UODv5wkJChJXftWiBL2jlDcDKlATHJM=",
        "owner": "defn",
        "repo": "pkg",
        "rev": "ccdf170bafdf5800de515bfcff80fdfb06a048b8",
        "type": "github"
      },
      "original": {
        "dir": "dev",
        "owner": "defn",
        "ref": "dev-0.0.36",
        "repo": "pkg",
        "type": "github"
      }
    },
    "dev_5": {
      "inputs": {
        "flake-utils": "flake-utils_5",
        "gomod2nix": "gomod2nix_5",
        "nixpkgs": "nixpkgs_5"
      },
      "locked": {
        "dir": "dev",
        "lastModified": 1680508743,
        "narHash": "sha256-3ksGTLROPg18UODv5wkJChJXftWiBL2jlDcDKlATHJM=",
        "owner": "defn",
        "repo": "pkg",
        "rev": "ccdf170bafdf5800de515bfcff80fdfb06a048b8",
        "type": "github"
      },
      "original": {
        "dir": "dev",
        "owner": "defn",
        "ref": "dev-0.0.36",
        "repo": "pkg",
        "type": "github"
      }
    },
    "dev_6": {
      "inputs": {
        "flake-utils": "flake-utils_6",
        "gomod2nix": "gomod2nix_6",
        "nixpkgs": "nixpkgs_6"
      },
      "locked": {
        "dir": "dev",
        "lastModified": 1680508743,
        "narHash": "sha256-3ksGTLROPg18UODv5wkJChJXftWiBL2jlDcDKlATHJM=",
        "owner": "defn",
        "repo": "pkg",
        "rev": "ccdf170bafdf5800de515bfcff80fdfb06a048b8",
        "type": "github"
      },
      "original": {
        "dir": "dev",
        "owner": "defn",
        "ref": "dev-0.0.36",
        "repo": "pkg",
        "type": "github"
      }
    },
    "dev_7": {
      "inputs": {
        "flake-utils": "flake-utils_7",
        "gomod2nix": "gomod2nix_7",
        "nixpkgs": "nixpkgs_7"
      },
      "locked": {
        "dir": "dev",
        "lastModified": 1680508743,
        "narHash": "sha256-3ksGTLROPg18UODv5wkJChJXftWiBL2jlDcDKlATHJM=",
        "owner": "defn",
        "repo": "pkg",
        "rev": "ccdf170bafdf5800de515bfcff80fdfb06a048b8",
        "type": "github"
      },
      "original": {
        "dir": "dev",
        "owner": "defn",
        "ref": "dev-0.0.36",
        "repo": "pkg",
        "type": "github"
      }
    },
    "dev_8": {
      "inputs": {
        "flake-utils": "flake-utils_8",
        "gomod2nix": "gomod2nix_8",
        "nixpkgs": "nixpkgs_8"
      },
      "locked": {
        "dir": "dev",
        "lastModified": 1680508743,
        "narHash": "sha256-3ksGTLROPg18UODv5wkJChJXftWiBL2jlDcDKlATHJM=",
        "owner": "defn",
        "repo": "pkg",
        "rev": "ccdf170bafdf5800de515bfcff80fdfb06a048b8",
        "type": "github"
      },
      "original": {
        "dir": "dev",
        "owner": "defn",
        "ref": "dev-0.0.36",
        "repo": "pkg",
        "type": "github"
      }
    },
    "dev_9": {
      "inputs": {
        "flake-utils": "flake-utils_9",
        "gomod2nix": "gomod2nix_9",
        "nixpkgs": "nixpkgs_9"
      },
      "locked": {
        "dir": "dev",
        "lastModified": 1680508743,
        "narHash": "sha256-3ksGTLROPg18UODv5wkJChJXftWiBL2jlDcDKlATHJM=",
        "owner": "defn",
        "repo": "pkg",
        "rev": "ccdf170bafdf5800de515bfcff80fdfb06a048b8",
        "type": "github"
      },
      "original": {
        "dir": "dev",
        "owner": "defn",
        "ref": "dev-0.0.36",
        "repo": "pkg",
        "type": "github"
      }
    },
    "flake-utils": {
      "locked": {
        "lastModified": 1652776076,
        "narHash": "sha256-gzTw/v1vj4dOVbpBSJX4J0DwUR6LIyXo7/SuuTJp1kM=",
        "owner": "numtide",
        "repo": "flake-utils",
        "rev": "04c1b180862888302ddfb2e3ad9eaa63afc60cf8",
        "type": "github"
      },
      "original": {
        "owner": "numtide",
        "repo": "flake-utils",
        "rev": "04c1b180862888302ddfb2e3ad9eaa63afc60cf8",
        "type": "github"
      }
    },
    "flake-utils_10": {
      "locked": {
        "lastModified": 1652776076,
        "narHash": "sha256-gzTw/v1vj4dOVbpBSJX4J0DwUR6LIyXo7/SuuTJp1kM=",
        "owner": "numtide",
        "repo": "flake-utils",
        "rev": "04c1b180862888302ddfb2e3ad9eaa63afc60cf8",
        "type": "github"
      },
      "original": {
        "owner": "numtide",
        "repo": "flake-utils",
        "rev": "04c1b180862888302ddfb2e3ad9eaa63afc60cf8",
        "type": "github"
      }
    },
    "flake-utils_11": {
      "locked": {
        "lastModified": 1652776076,
        "narHash": "sha256-gzTw/v1vj4dOVbpBSJX4J0DwUR6LIyXo7/SuuTJp1kM=",
        "owner": "numtide",
        "repo": "flake-utils",
        "rev": "04c1b180862888302ddfb2e3ad9eaa63afc60cf8",
        "type": "github"
      },
      "original": {
        "owner": "numtide",
        "repo": "flake-utils",
        "rev": "04c1b180862888302ddfb2e3ad9eaa63afc60cf8",
        "type": "github"
      }
    },
    "flake-utils_12": {
      "locked": {
        "lastModified": 1652776076,
        "narHash": "sha256-gzTw/v1vj4dOVbpBSJX4J0DwUR6LIyXo7/SuuTJp1kM=",
        "owner": "numtide",
        "repo": "flake-utils",
        "rev": "04c1b180862888302ddfb2e3ad9eaa63afc60cf8",
        "type": "github"
      },
      "original": {
        "owner": "numtide",
        "repo": "flake-utils",
        "rev": "04c1b180862888302ddfb2e3ad9eaa63afc60cf8",
        "type": "github"
      }
    },
    "flake-utils_2": {
      "locked": {
        "lastModified": 1652776076,
        "narHash": "sha256-gzTw/v1vj4dOVbpBSJX4J0DwUR6LIyXo7/SuuTJp1kM=",
        "owner": "numtide",
        "repo": "flake-utils",
        "rev": "04c1b180862888302ddfb2e3ad9eaa63afc60cf8",
        "type": "github"
      },
      "original": {
        "owner": "numtide",
        "repo": "flake-utils",
        "rev": "04c1b180862888302ddfb2e3ad9eaa63afc60cf8",
        "type": "github"
      }
    },
    "flake-utils_3": {
      "locked": {
        "lastModified": 1652776076,
        "narHash": "sha256-gzTw/v1vj4dOVbpBSJX4J0DwUR6LIyXo7/SuuTJp1kM=",
        "owner": "numtide",
        "repo": "flake-utils",
        "rev": "04c1b180862888302ddfb2e3ad9eaa63afc60cf8",
        "type": "github"
      },
      "original": {
        "owner": "numtide",
        "repo": "flake-utils",
        "rev": "04c1b180862888302ddfb2e3ad9eaa63afc60cf8",
        "type": "github"
      }
    },
    "flake-utils_4": {
      "locked": {
        "lastModified": 1652776076,
        "narHash": "sha256-gzTw/v1vj4dOVbpBSJX4J0DwUR6LIyXo7/SuuTJp1kM=",
        "owner": "numtide",
        "repo": "flake-utils",
        "rev": "04c1b180862888302ddfb2e3ad9eaa63afc60cf8",
        "type": "github"
      },
      "original": {
        "owner": "numtide",
        "repo": "flake-utils",
        "rev": "04c1b180862888302ddfb2e3ad9eaa63afc60cf8",
        "type": "github"
      }
    },
    "flake-utils_5": {
      "locked": {
        "lastModified": 1652776076,
        "narHash": "sha256-gzTw/v1vj4dOVbpBSJX4J0DwUR6LIyXo7/SuuTJp1kM=",
        "owner": "numtide",
        "repo": "flake-utils",
        "rev": "04c1b180862888302ddfb2e3ad9eaa63afc60cf8",
        "type": "github"
      },
      "original": {
        "owner": "numtide",
        "repo": "flake-utils",
        "rev": "04c1b180862888302ddfb2e3ad9eaa63afc60cf8",
        "type": "github"
      }
    },
    "flake-utils_6": {
      "locked": {
        "lastModified": 1652776076,
        "narHash": "sha256-gzTw/v1vj4dOVbpBSJX4J0DwUR6LIyXo7/SuuTJp1kM=",
        "owner": "numtide",
        "repo": "flake-utils",
        "rev": "04c1b180862888302ddfb2e3ad9eaa63afc60cf8",
        "type": "github"
      },
      "original": {
        "owner": "numtide",
        "repo": "flake-utils",
        "rev": "04c1b180862888302ddfb2e3ad9eaa63afc60cf8",
        "type": "github"
      }
    },
    "flake-utils_7": {
      "locked": {
        "lastModified": 1652776076,
        "narHash": "sha256-gzTw/v1vj4dOVbpBSJX4J0DwUR6LIyXo7/SuuTJp1kM=",
        "owner": "numtide",
        "repo": "flake-utils",
        "rev": "04c1b180862888302ddfb2e3ad9eaa63afc60cf8",
        "type": "github"
      },
      "original": {
        "owner": "numtide",
        "repo": "flake-utils",
        "rev": "04c1b180862888302ddfb2e3ad9eaa63afc60cf8",
        "type": "github"
      }
    },
    "flake-utils_8": {
      "locked": {
        "lastModified": 1652776076,
        "narHash": "sha256-gzTw/v1vj4dOVbpBSJX4J0DwUR6LIyXo7/SuuTJp1kM=",
        "owner": "numtide",
        "repo": "flake-utils",
        "rev": "04c1b180862888302ddfb2e3ad9eaa63afc60cf8",
        "type": "github"
      },
      "original": {
        "owner": "numtide",
        "repo": "flake-utils",
        "rev": "04c1b180862888302ddfb2e3ad9eaa63afc60cf8",
        "type": "github"
      }
    },
    "flake-utils_9": {
      "locked": {
        "lastModified": 1652776076,
        "narHash": "sha256-gzTw/v1vj4dOVbpBSJX4J0DwUR6LIyXo7/SuuTJp1kM=",
        "owner": "numtide",
        "repo": "flake-utils",
        "rev": "04c1b180862888302ddfb2e3ad9eaa63afc60cf8",
        "type": "github"
      },
      "original": {
        "owner": "numtide",
        "repo": "flake-utils",
        "rev": "04c1b180862888302ddfb2e3ad9eaa63afc60cf8",
        "type": "github"
      }
    },
    "gomod2nix": {
      "inputs": {
        "nixpkgs": [
          "argo",
          "pkg",
          "dev",
          "nixpkgs"
        ],
        "utils": [
          "argo",
          "pkg",
          "dev",
          "flake-utils"
        ]
      },
      "locked": {
        "lastModified": 1671408935,
        "narHash": "sha256-bOf1aatxSy9g7PQKvT1cZ9rJ4AjAD5aYjUS9OMFfwqI=",
        "owner": "defn",
        "repo": "gomod2nix",
        "rev": "8e5aeada820beff0c392c31ecdb9bef0f0dc97b8",
        "type": "github"
      },
      "original": {
        "owner": "defn",
        "repo": "gomod2nix",
        "type": "github"
      }
    },
    "gomod2nix_10": {
      "inputs": {
        "nixpkgs": [
          "stern",
          "pkg",
          "dev",
          "nixpkgs"
        ],
        "utils": [
          "stern",
          "pkg",
          "dev",
          "flake-utils"
        ]
      },
      "locked": {
        "lastModified": 1671408935,
        "narHash": "sha256-bOf1aatxSy9g7PQKvT1cZ9rJ4AjAD5aYjUS9OMFfwqI=",
        "owner": "defn",
        "repo": "gomod2nix",
        "rev": "8e5aeada820beff0c392c31ecdb9bef0f0dc97b8",
        "type": "github"
      },
      "original": {
        "owner": "defn",
        "repo": "gomod2nix",
        "type": "github"
      }
    },
    "gomod2nix_11": {
      "inputs": {
        "nixpkgs": [
          "tkn",
          "pkg",
          "dev",
          "nixpkgs"
        ],
        "utils": [
          "tkn",
          "pkg",
          "dev",
          "flake-utils"
        ]
      },
      "locked": {
        "lastModified": 1671408935,
        "narHash": "sha256-bOf1aatxSy9g7PQKvT1cZ9rJ4AjAD5aYjUS9OMFfwqI=",
        "owner": "defn",
        "repo": "gomod2nix",
        "rev": "8e5aeada820beff0c392c31ecdb9bef0f0dc97b8",
        "type": "github"
      },
      "original": {
        "owner": "defn",
        "repo": "gomod2nix",
        "type": "github"
      }
    },
    "gomod2nix_12": {
      "inputs": {
        "nixpkgs": [
          "vcluster",
          "pkg",
          "dev",
          "nixpkgs"
        ],
        "utils": [
          "vcluster",
          "pkg",
          "dev",
          "flake-utils"
        ]
      },
      "locked": {
        "lastModified": 1671408935,
        "narHash": "sha256-bOf1aatxSy9g7PQKvT1cZ9rJ4AjAD5aYjUS9OMFfwqI=",
        "owner": "defn",
        "repo": "gomod2nix",
        "rev": "8e5aeada820beff0c392c31ecdb9bef0f0dc97b8",
        "type": "github"
      },
      "original": {
        "owner": "defn",
        "repo": "gomod2nix",
        "type": "github"
      }
    },
    "gomod2nix_2": {
      "inputs": {
        "nixpkgs": [
          "argocd",
          "pkg",
          "dev",
          "nixpkgs"
        ],
        "utils": [
          "argocd",
          "pkg",
          "dev",
          "flake-utils"
        ]
      },
      "locked": {
        "lastModified": 1671408935,
        "narHash": "sha256-bOf1aatxSy9g7PQKvT1cZ9rJ4AjAD5aYjUS9OMFfwqI=",
        "owner": "defn",
        "repo": "gomod2nix",
        "rev": "8e5aeada820beff0c392c31ecdb9bef0f0dc97b8",
        "type": "github"
      },
      "original": {
        "owner": "defn",
        "repo": "gomod2nix",
        "type": "github"
      }
    },
    "gomod2nix_3": {
      "inputs": {
        "nixpkgs": [
          "helm",
          "pkg",
          "dev",
          "nixpkgs"
        ],
        "utils": [
          "helm",
          "pkg",
          "dev",
          "flake-utils"
        ]
      },
      "locked": {
        "lastModified": 1671408935,
        "narHash": "sha256-bOf1aatxSy9g7PQKvT1cZ9rJ4AjAD5aYjUS9OMFfwqI=",
        "owner": "defn",
        "repo": "gomod2nix",
        "rev": "8e5aeada820beff0c392c31ecdb9bef0f0dc97b8",
        "type": "github"
      },
      "original": {
        "owner": "defn",
        "repo": "gomod2nix",
        "type": "github"
      }
    },
    "gomod2nix_4": {
      "inputs": {
        "nixpkgs": [
          "k3d",
          "pkg",
          "dev",
          "nixpkgs"
        ],
        "utils": [
          "k3d",
          "pkg",
          "dev",
          "flake-utils"
        ]
      },
      "locked": {
        "lastModified": 1671408935,
        "narHash": "sha256-bOf1aatxSy9g7PQKvT1cZ9rJ4AjAD5aYjUS9OMFfwqI=",
        "owner": "defn",
        "repo": "gomod2nix",
        "rev": "8e5aeada820beff0c392c31ecdb9bef0f0dc97b8",
        "type": "github"
      },
      "original": {
        "owner": "defn",
        "repo": "gomod2nix",
        "type": "github"
      }
    },
    "gomod2nix_5": {
      "inputs": {
        "nixpkgs": [
          "k9s",
          "pkg",
          "dev",
          "nixpkgs"
        ],
        "utils": [
          "k9s",
          "pkg",
          "dev",
          "flake-utils"
        ]
      },
      "locked": {
        "lastModified": 1671408935,
        "narHash": "sha256-bOf1aatxSy9g7PQKvT1cZ9rJ4AjAD5aYjUS9OMFfwqI=",
        "owner": "defn",
        "repo": "gomod2nix",
        "rev": "8e5aeada820beff0c392c31ecdb9bef0f0dc97b8",
        "type": "github"
      },
      "original": {
        "owner": "defn",
        "repo": "gomod2nix",
        "type": "github"
      }
    },
    "gomod2nix_6": {
      "inputs": {
        "nixpkgs": [
          "kn",
          "pkg",
          "dev",
          "nixpkgs"
        ],
        "utils": [
          "kn",
          "pkg",
          "dev",
          "flake-utils"
        ]
      },
      "locked": {
        "lastModified": 1671408935,
        "narHash": "sha256-bOf1aatxSy9g7PQKvT1cZ9rJ4AjAD5aYjUS9OMFfwqI=",
        "owner": "defn",
        "repo": "gomod2nix",
        "rev": "8e5aeada820beff0c392c31ecdb9bef0f0dc97b8",
        "type": "github"
      },
      "original": {
        "owner": "defn",
        "repo": "gomod2nix",
        "type": "github"
      }
    },
    "gomod2nix_7": {
      "inputs": {
        "nixpkgs": [
          "kubectl",
          "pkg",
          "dev",
          "nixpkgs"
        ],
        "utils": [
          "kubectl",
          "pkg",
          "dev",
          "flake-utils"
        ]
      },
      "locked": {
        "lastModified": 1671408935,
        "narHash": "sha256-bOf1aatxSy9g7PQKvT1cZ9rJ4AjAD5aYjUS9OMFfwqI=",
        "owner": "defn",
        "repo": "gomod2nix",
        "rev": "8e5aeada820beff0c392c31ecdb9bef0f0dc97b8",
        "type": "github"
      },
      "original": {
        "owner": "defn",
        "repo": "gomod2nix",
        "type": "github"
      }
    },
    "gomod2nix_8": {
      "inputs": {
        "nixpkgs": [
          "kustomize",
          "pkg",
          "dev",
          "nixpkgs"
        ],
        "utils": [
          "kustomize",
          "pkg",
          "dev",
          "flake-utils"
        ]
      },
      "locked": {
        "lastModified": 1671408935,
        "narHash": "sha256-bOf1aatxSy9g7PQKvT1cZ9rJ4AjAD5aYjUS9OMFfwqI=",
        "owner": "defn",
        "repo": "gomod2nix",
        "rev": "8e5aeada820beff0c392c31ecdb9bef0f0dc97b8",
        "type": "github"
      },
      "original": {
        "owner": "defn",
        "repo": "gomod2nix",
        "type": "github"
      }
    },
    "gomod2nix_9": {
      "inputs": {
        "nixpkgs": [
          "pkg",
          "dev",
          "nixpkgs"
        ],
        "utils": [
          "pkg",
          "dev",
          "flake-utils"
        ]
      },
      "locked": {
        "lastModified": 1671408935,
        "narHash": "sha256-bOf1aatxSy9g7PQKvT1cZ9rJ4AjAD5aYjUS9OMFfwqI=",
        "owner": "defn",
        "repo": "gomod2nix",
        "rev": "8e5aeada820beff0c392c31ecdb9bef0f0dc97b8",
        "type": "github"
      },
      "original": {
        "owner": "defn",
        "repo": "gomod2nix",
        "type": "github"
      }
    },
    "helm": {
      "inputs": {
        "pkg": "pkg_3"
      },
      "locked": {
        "dir": "helm",
        "lastModified": 1680521709,
        "narHash": "sha256-50oNJNxqvTLpCYhUoRbYqsohraG/kz6KBsar+HV5TCw=",
        "owner": "defn",
        "repo": "pkg",
        "rev": "dbce04a14655434bfdd561d3872953502c4f02a7",
        "type": "github"
      },
      "original": {
        "dir": "helm",
        "owner": "defn",
        "ref": "helm-3.11.2-20",
        "repo": "pkg",
        "type": "github"
      }
    },
    "k3d": {
      "inputs": {
        "pkg": "pkg_4"
      },
      "locked": {
        "dir": "k3d",
        "lastModified": 1680521661,
        "narHash": "sha256-iXsBBYLMi/stRTsI8IKISHs0P8ikYcMSaaVM8DcItog=",
        "owner": "defn",
        "repo": "pkg",
        "rev": "284a8d967712e1600fa047c4b8ea6d61dc40d3dc",
        "type": "github"
      },
      "original": {
        "dir": "k3d",
        "owner": "defn",
        "ref": "k3d-5.4.9-17",
        "repo": "pkg",
        "type": "github"
      }
    },
    "k9s": {
      "inputs": {
        "pkg": "pkg_5"
      },
      "locked": {
        "dir": "k9s",
        "lastModified": 1680521651,
        "narHash": "sha256-Fy570ynHQJGXb+Eie/o0oi+rYIZUyWXdz1yqiiLneqk=",
        "owner": "defn",
        "repo": "pkg",
        "rev": "5375ab0870a7f4ca5c76a9d20c037ee5340b0b95",
        "type": "github"
      },
      "original": {
        "dir": "k9s",
        "owner": "defn",
        "ref": "k9s-0.27.3-19",
        "repo": "pkg",
        "type": "github"
      }
    },
    "kn": {
      "inputs": {
        "pkg": "pkg_6"
      },
      "locked": {
        "dir": "kn",
        "lastModified": 1680521641,
        "narHash": "sha256-Y6j6B8+B62qFbMs/eNDBIcy3M12RzOaPtXAH8w9ytHM=",
        "owner": "defn",
        "repo": "pkg",
        "rev": "76be7b00846f9bf3fdd7c69dc0d118c4dd352004",
        "type": "github"
      },
      "original": {
        "dir": "kn",
        "owner": "defn",
        "ref": "kn-1.9.2-18",
        "repo": "pkg",
        "type": "github"
      }
    },
    "kubectl": {
      "inputs": {
        "pkg": "pkg_7"
      },
      "locked": {
        "dir": "kubectl",
        "lastModified": 1680521630,
        "narHash": "sha256-p6ocog0xx59xNyzu1t3PGRxSrUut20sx4xas1hhY8wc=",
        "owner": "defn",
        "repo": "pkg",
        "rev": "f9632a45881071aa067d1a7adf868d15b405e8c8",
        "type": "github"
      },
      "original": {
        "dir": "kubectl",
        "owner": "defn",
        "ref": "kubectl-1.25.8-17",
        "repo": "pkg",
        "type": "github"
      }
    },
    "kustomize": {
      "inputs": {
        "pkg": "pkg_8"
      },
      "locked": {
        "dir": "kustomize",
        "lastModified": 1680522449,
        "narHash": "sha256-z/cJtjTWs44rENYe7dLVGVL36jV8fDrFb09Y8LgNZXU=",
        "owner": "defn",
        "repo": "pkg",
        "rev": "9db78493ced0c21467f1f34b188e6a321efb0f43",
        "type": "github"
      },
      "original": {
        "dir": "kustomize",
        "owner": "defn",
        "ref": "kustomize-5.0.1-18",
        "repo": "pkg",
        "type": "github"
      }
    },
    "nixpkgs": {
      "locked": {
        "lastModified": 1669833724,
        "narHash": "sha256-/HEZNyGbnQecrgJnfE8d0WC5c1xuPSD2LUpB6YXlg4c=",
        "owner": "NixOS",
        "repo": "nixpkgs",
        "rev": "4d2b37a84fad1091b9de401eb450aae66f1a741e",
        "type": "github"
      },
      "original": {
        "owner": "NixOS",
        "repo": "nixpkgs",
        "rev": "4d2b37a84fad1091b9de401eb450aae66f1a741e",
        "type": "github"
      }
    },
    "nixpkgs_10": {
      "locked": {
        "lastModified": 1669833724,
        "narHash": "sha256-/HEZNyGbnQecrgJnfE8d0WC5c1xuPSD2LUpB6YXlg4c=",
        "owner": "NixOS",
        "repo": "nixpkgs",
        "rev": "4d2b37a84fad1091b9de401eb450aae66f1a741e",
        "type": "github"
      },
      "original": {
        "owner": "NixOS",
        "repo": "nixpkgs",
        "rev": "4d2b37a84fad1091b9de401eb450aae66f1a741e",
        "type": "github"
      }
    },
    "nixpkgs_11": {
      "locked": {
        "lastModified": 1669833724,
        "narHash": "sha256-/HEZNyGbnQecrgJnfE8d0WC5c1xuPSD2LUpB6YXlg4c=",
        "owner": "NixOS",
        "repo": "nixpkgs",
        "rev": "4d2b37a84fad1091b9de401eb450aae66f1a741e",
        "type": "github"
      },
      "original": {
        "owner": "NixOS",
        "repo": "nixpkgs",
        "rev": "4d2b37a84fad1091b9de401eb450aae66f1a741e",
        "type": "github"
      }
    },
    "nixpkgs_12": {
      "locked": {
        "lastModified": 1669833724,
        "narHash": "sha256-/HEZNyGbnQecrgJnfE8d0WC5c1xuPSD2LUpB6YXlg4c=",
        "owner": "NixOS",
        "repo": "nixpkgs",
        "rev": "4d2b37a84fad1091b9de401eb450aae66f1a741e",
        "type": "github"
      },
      "original": {
        "owner": "NixOS",
        "repo": "nixpkgs",
        "rev": "4d2b37a84fad1091b9de401eb450aae66f1a741e",
        "type": "github"
      }
    },
    "nixpkgs_2": {
      "locked": {
        "lastModified": 1669833724,
        "narHash": "sha256-/HEZNyGbnQecrgJnfE8d0WC5c1xuPSD2LUpB6YXlg4c=",
        "owner": "NixOS",
        "repo": "nixpkgs",
        "rev": "4d2b37a84fad1091b9de401eb450aae66f1a741e",
        "type": "github"
      },
      "original": {
        "owner": "NixOS",
        "repo": "nixpkgs",
        "rev": "4d2b37a84fad1091b9de401eb450aae66f1a741e",
        "type": "github"
      }
    },
    "nixpkgs_3": {
      "locked": {
        "lastModified": 1669833724,
        "narHash": "sha256-/HEZNyGbnQecrgJnfE8d0WC5c1xuPSD2LUpB6YXlg4c=",
        "owner": "NixOS",
        "repo": "nixpkgs",
        "rev": "4d2b37a84fad1091b9de401eb450aae66f1a741e",
        "type": "github"
      },
      "original": {
        "owner": "NixOS",
        "repo": "nixpkgs",
        "rev": "4d2b37a84fad1091b9de401eb450aae66f1a741e",
        "type": "github"
      }
    },
    "nixpkgs_4": {
      "locked": {
        "lastModified": 1669833724,
        "narHash": "sha256-/HEZNyGbnQecrgJnfE8d0WC5c1xuPSD2LUpB6YXlg4c=",
        "owner": "NixOS",
        "repo": "nixpkgs",
        "rev": "4d2b37a84fad1091b9de401eb450aae66f1a741e",
        "type": "github"
      },
      "original": {
        "owner": "NixOS",
        "repo": "nixpkgs",
        "rev": "4d2b37a84fad1091b9de401eb450aae66f1a741e",
        "type": "github"
      }
    },
    "nixpkgs_5": {
      "locked": {
        "lastModified": 1669833724,
        "narHash": "sha256-/HEZNyGbnQecrgJnfE8d0WC5c1xuPSD2LUpB6YXlg4c=",
        "owner": "NixOS",
        "repo": "nixpkgs",
        "rev": "4d2b37a84fad1091b9de401eb450aae66f1a741e",
        "type": "github"
      },
      "original": {
        "owner": "NixOS",
        "repo": "nixpkgs",
        "rev": "4d2b37a84fad1091b9de401eb450aae66f1a741e",
        "type": "github"
      }
    },
    "nixpkgs_6": {
      "locked": {
        "lastModified": 1669833724,
        "narHash": "sha256-/HEZNyGbnQecrgJnfE8d0WC5c1xuPSD2LUpB6YXlg4c=",
        "owner": "NixOS",
        "repo": "nixpkgs",
        "rev": "4d2b37a84fad1091b9de401eb450aae66f1a741e",
        "type": "github"
      },
      "original": {
        "owner": "NixOS",
        "repo": "nixpkgs",
        "rev": "4d2b37a84fad1091b9de401eb450aae66f1a741e",
        "type": "github"
      }
    },
    "nixpkgs_7": {
      "locked": {
        "lastModified": 1669833724,
        "narHash": "sha256-/HEZNyGbnQecrgJnfE8d0WC5c1xuPSD2LUpB6YXlg4c=",
        "owner": "NixOS",
        "repo": "nixpkgs",
        "rev": "4d2b37a84fad1091b9de401eb450aae66f1a741e",
        "type": "github"
      },
      "original": {
        "owner": "NixOS",
        "repo": "nixpkgs",
        "rev": "4d2b37a84fad1091b9de401eb450aae66f1a741e",
        "type": "github"
      }
    },
    "nixpkgs_8": {
      "locked": {
        "lastModified": 1669833724,
        "narHash": "sha256-/HEZNyGbnQecrgJnfE8d0WC5c1xuPSD2LUpB6YXlg4c=",
        "owner": "NixOS",
        "repo": "nixpkgs",
        "rev": "4d2b37a84fad1091b9de401eb450aae66f1a741e",
        "type": "github"
      },
      "original": {
        "owner": "NixOS",
        "repo": "nixpkgs",
        "rev": "4d2b37a84fad1091b9de401eb450aae66f1a741e",
        "type": "github"
      }
    },
    "nixpkgs_9": {
      "locked": {
        "lastModified": 1669833724,
        "narHash": "sha256-/HEZNyGbnQecrgJnfE8d0WC5c1xuPSD2LUpB6YXlg4c=",
        "owner": "NixOS",
        "repo": "nixpkgs",
        "rev": "4d2b37a84fad1091b9de401eb450aae66f1a741e",
        "type": "github"
      },
      "original": {
        "owner": "NixOS",
        "repo": "nixpkgs",
        "rev": "4d2b37a84fad1091b9de401eb450aae66f1a741e",
        "type": "github"
      }
    },
    "pkg": {
      "inputs": {
        "dev": "dev"
      },
      "locked": {
        "lastModified": 1680521259,
        "narHash": "sha256-HYpyo9xw4r9UsNYa9OksYFHxUR3DdCzkODOakJcB1UY=",
        "owner": "defn",
        "repo": "pkg",
        "rev": "c2dc8ce9745840b1b37c4fa369938dc74857273f",
        "type": "github"
      },
      "original": {
        "owner": "defn",
        "ref": "0.0.189",
        "repo": "pkg",
        "type": "github"
      }
    },
    "pkg_10": {
      "inputs": {
        "dev": "dev_10"
      },
      "locked": {
        "lastModified": 1680522142,
        "narHash": "sha256-vo/diuZ7OQvaCRIRJcqv34kayWPjCluTzWh1U0giAiw=",
        "owner": "defn",
        "repo": "pkg",
        "rev": "162f5f8053dc73d8a6f4f810ccf49d2d2bcca612",
        "type": "github"
      },
      "original": {
        "owner": "defn",
        "ref": "0.0.190",
        "repo": "pkg",
        "type": "github"
      }
    },
    "pkg_11": {
      "inputs": {
        "dev": "dev_11"
      },
      "locked": {
        "lastModified": 1680522142,
        "narHash": "sha256-vo/diuZ7OQvaCRIRJcqv34kayWPjCluTzWh1U0giAiw=",
        "owner": "defn",
        "repo": "pkg",
        "rev": "162f5f8053dc73d8a6f4f810ccf49d2d2bcca612",
        "type": "github"
      },
      "original": {
        "owner": "defn",
        "ref": "0.0.190",
        "repo": "pkg",
        "type": "github"
      }
    },
    "pkg_12": {
      "inputs": {
        "dev": "dev_12"
      },
      "locked": {
        "lastModified": 1680522142,
        "narHash": "sha256-vo/diuZ7OQvaCRIRJcqv34kayWPjCluTzWh1U0giAiw=",
        "owner": "defn",
        "repo": "pkg",
        "rev": "162f5f8053dc73d8a6f4f810ccf49d2d2bcca612",
        "type": "github"
      },
      "original": {
        "owner": "defn",
        "ref": "0.0.190",
        "repo": "pkg",
        "type": "github"
      }
    },
    "pkg_2": {
      "inputs": {
        "dev": "dev_2"
      },
      "locked": {
        "lastModified": 1680521259,
        "narHash": "sha256-HYpyo9xw4r9UsNYa9OksYFHxUR3DdCzkODOakJcB1UY=",
        "owner": "defn",
        "repo": "pkg",
        "rev": "c2dc8ce9745840b1b37c4fa369938dc74857273f",
        "type": "github"
      },
      "original": {
        "owner": "defn",
        "ref": "0.0.189",
        "repo": "pkg",
        "type": "github"
      }
    },
    "pkg_3": {
      "inputs": {
        "dev": "dev_3"
      },
      "locked": {
        "lastModified": 1680521259,
        "narHash": "sha256-HYpyo9xw4r9UsNYa9OksYFHxUR3DdCzkODOakJcB1UY=",
        "owner": "defn",
        "repo": "pkg",
        "rev": "c2dc8ce9745840b1b37c4fa369938dc74857273f",
        "type": "github"
      },
      "original": {
        "owner": "defn",
        "ref": "0.0.189",
        "repo": "pkg",
        "type": "github"
      }
    },
    "pkg_4": {
      "inputs": {
        "dev": "dev_4"
      },
      "locked": {
        "lastModified": 1680521259,
        "narHash": "sha256-HYpyo9xw4r9UsNYa9OksYFHxUR3DdCzkODOakJcB1UY=",
        "owner": "defn",
        "repo": "pkg",
        "rev": "c2dc8ce9745840b1b37c4fa369938dc74857273f",
        "type": "github"
      },
      "original": {
        "owner": "defn",
        "ref": "0.0.189",
        "repo": "pkg",
        "type": "github"
      }
    },
    "pkg_5": {
      "inputs": {
        "dev": "dev_5"
      },
      "locked": {
        "lastModified": 1680521259,
        "narHash": "sha256-HYpyo9xw4r9UsNYa9OksYFHxUR3DdCzkODOakJcB1UY=",
        "owner": "defn",
        "repo": "pkg",
        "rev": "c2dc8ce9745840b1b37c4fa369938dc74857273f",
        "type": "github"
      },
      "original": {
        "owner": "defn",
        "ref": "0.0.189",
        "repo": "pkg",
        "type": "github"
      }
    },
    "pkg_6": {
      "inputs": {
        "dev": "dev_6"
      },
      "locked": {
        "lastModified": 1680521259,
        "narHash": "sha256-HYpyo9xw4r9UsNYa9OksYFHxUR3DdCzkODOakJcB1UY=",
        "owner": "defn",
        "repo": "pkg",
        "rev": "c2dc8ce9745840b1b37c4fa369938dc74857273f",
        "type": "github"
      },
      "original": {
        "owner": "defn",
        "ref": "0.0.189",
        "repo": "pkg",
        "type": "github"
      }
    },
    "pkg_7": {
      "inputs": {
        "dev": "dev_7"
      },
      "locked": {
        "lastModified": 1680521259,
        "narHash": "sha256-HYpyo9xw4r9UsNYa9OksYFHxUR3DdCzkODOakJcB1UY=",
        "owner": "defn",
        "repo": "pkg",
        "rev": "c2dc8ce9745840b1b37c4fa369938dc74857273f",
        "type": "github"
      },
      "original": {
        "owner": "defn",
        "ref": "0.0.189",
        "repo": "pkg",
        "type": "github"
      }
    },
    "pkg_8": {
      "inputs": {
        "dev": "dev_8"
      },
      "locked": {
        "lastModified": 1680522142,
        "narHash": "sha256-vo/diuZ7OQvaCRIRJcqv34kayWPjCluTzWh1U0giAiw=",
        "owner": "defn",
        "repo": "pkg",
        "rev": "162f5f8053dc73d8a6f4f810ccf49d2d2bcca612",
        "type": "github"
      },
      "original": {
        "owner": "defn",
        "ref": "0.0.190",
        "repo": "pkg",
        "type": "github"
      }
    },
    "pkg_9": {
      "inputs": {
        "dev": "dev_9"
      },
      "locked": {
        "lastModified": 1680522142,
        "narHash": "sha256-vo/diuZ7OQvaCRIRJcqv34kayWPjCluTzWh1U0giAiw=",
        "owner": "defn",
        "repo": "pkg",
        "rev": "162f5f8053dc73d8a6f4f810ccf49d2d2bcca612",
        "type": "github"
      },
      "original": {
        "owner": "defn",
        "ref": "0.0.190",
        "repo": "pkg",
        "type": "github"
      }
    },
    "root": {
      "inputs": {
        "argo": "argo",
        "argocd": "argocd",
        "helm": "helm",
        "k3d": "k3d",
        "k9s": "k9s",
        "kn": "kn",
        "kubectl": "kubectl",
        "kustomize": "kustomize",
        "pkg": "pkg_9",
        "stern": "stern",
        "tkn": "tkn",
        "vcluster": "vcluster"
      }
    },
    "stern": {
      "inputs": {
        "pkg": "pkg_10"
      },
      "locked": {
        "dir": "stern",
        "lastModified": 1680522268,
        "narHash": "sha256-w/BgNxThkEW6gc4RYYJMcAd4GdLNfOTT8lUBHDATlu0=",
        "owner": "defn",
        "repo": "pkg",
        "rev": "063dd254a4d16b62753dbfabdded747aed10529c",
        "type": "github"
      },
      "original": {
        "dir": "stern",
        "owner": "defn",
        "ref": "stern-1.24.0-19",
        "repo": "pkg",
        "type": "github"
      }
    },
    "tkn": {
      "inputs": {
        "pkg": "pkg_11"
      },
      "locked": {
        "dir": "tkn",
        "lastModified": 1680522209,
        "narHash": "sha256-qP2JwizVu9Ea5D6Cu41A3OI3IMZDOdhsBfgrAcsms0g=",
        "owner": "defn",
        "repo": "pkg",
        "rev": "6482bb3bc23e925b172da0df89bb527e9cd8a952",
        "type": "github"
      },
      "original": {
        "dir": "tkn",
        "owner": "defn",
        "ref": "tkn-0.30.0-20",
        "repo": "pkg",
        "type": "github"
      }
    },
    "vcluster": {
      "inputs": {
        "pkg": "pkg_12"
      },
      "locked": {
        "dir": "vcluster",
        "lastModified": 1680522176,
        "narHash": "sha256-FTG8qmdodBnUmxlW0pmFmJXY5xZd5oXasomLf7a/Se4=",
        "owner": "defn",
        "repo": "pkg",
        "rev": "a47942f9a38140158a26dd261b799a6714c58c13",
        "type": "github"
      },
      "original": {
        "dir": "vcluster",
        "owner": "defn",
        "ref": "vcluster-0.14.2-18",
        "repo": "pkg",
        "type": "github"
      }
    }
  },
  "root": "root",
  "version": 7
}
