{
  "nodes": {
    "argo": {
      "inputs": {
        "pkg": "pkg"
      },
      "locked": {
        "dir": "argo",
        "lastModified": 1680921773,
        "narHash": "sha256-fDCOQ4BBI/YyBl07gVqLZHQ6Nsjyqt8J24sKaOZ+oZs=",
        "owner": "defn",
        "repo": "pkg",
        "rev": "8a87c30b1470cd102270cb25824012ea4684e931",
        "type": "github"
      },
      "original": {
        "dir": "argo",
        "owner": "defn",
        "ref": "argo-3.4.6-31",
        "repo": "pkg",
        "type": "github"
      }
    },
    "argocd": {
      "inputs": {
        "pkg": "pkg_2"
      },
      "locked": {
        "dir": "argocd",
        "lastModified": 1680921766,
        "narHash": "sha256-vb79wNmoIzpeMd2ZPI+m4QD0ni1O2dDbT3NinvZCHDs=",
        "owner": "defn",
        "repo": "pkg",
        "rev": "2c9800615d28ffff35e4c4d164d75e022cb74e45",
        "type": "github"
      },
      "original": {
        "dir": "argocd",
        "owner": "defn",
        "ref": "argocd-2.6.7-32",
        "repo": "pkg",
        "type": "github"
      }
    },
    "dev": {
      "inputs": {
        "flake-utils": "flake-utils",
        "nixpkgs": "nixpkgs"
      },
      "locked": {
        "dir": "dev",
        "lastModified": 1680916511,
        "narHash": "sha256-wh9orAslUxkVYNttjsBLomI9VHKOg0TV+e0psTHwDUQ=",
        "owner": "defn",
        "repo": "pkg",
        "rev": "682466b771ce75089c4d2311ffebea08dc3cb728",
        "type": "github"
      },
      "original": {
        "dir": "dev",
        "owner": "defn",
        "ref": "dev-0.0.41",
        "repo": "pkg",
        "type": "github"
      }
    },
    "dev_10": {
      "inputs": {
        "flake-utils": "flake-utils_10",
        "nixpkgs": "nixpkgs_10"
      },
      "locked": {
        "dir": "dev",
        "lastModified": 1680916511,
        "narHash": "sha256-wh9orAslUxkVYNttjsBLomI9VHKOg0TV+e0psTHwDUQ=",
        "owner": "defn",
        "repo": "pkg",
        "rev": "682466b771ce75089c4d2311ffebea08dc3cb728",
        "type": "github"
      },
      "original": {
        "dir": "dev",
        "owner": "defn",
        "ref": "dev-0.0.41",
        "repo": "pkg",
        "type": "github"
      }
    },
    "dev_11": {
      "inputs": {
        "flake-utils": "flake-utils_11",
        "nixpkgs": "nixpkgs_11"
      },
      "locked": {
        "dir": "dev",
        "lastModified": 1680916511,
        "narHash": "sha256-wh9orAslUxkVYNttjsBLomI9VHKOg0TV+e0psTHwDUQ=",
        "owner": "defn",
        "repo": "pkg",
        "rev": "682466b771ce75089c4d2311ffebea08dc3cb728",
        "type": "github"
      },
      "original": {
        "dir": "dev",
        "owner": "defn",
        "ref": "dev-0.0.41",
        "repo": "pkg",
        "type": "github"
      }
    },
    "dev_12": {
      "inputs": {
        "flake-utils": "flake-utils_12",
        "nixpkgs": "nixpkgs_12"
      },
      "locked": {
        "dir": "dev",
        "lastModified": 1680916511,
        "narHash": "sha256-wh9orAslUxkVYNttjsBLomI9VHKOg0TV+e0psTHwDUQ=",
        "owner": "defn",
        "repo": "pkg",
        "rev": "682466b771ce75089c4d2311ffebea08dc3cb728",
        "type": "github"
      },
      "original": {
        "dir": "dev",
        "owner": "defn",
        "ref": "dev-0.0.41",
        "repo": "pkg",
        "type": "github"
      }
    },
    "dev_2": {
      "inputs": {
        "flake-utils": "flake-utils_2",
        "nixpkgs": "nixpkgs_2"
      },
      "locked": {
        "dir": "dev",
        "lastModified": 1680916511,
        "narHash": "sha256-wh9orAslUxkVYNttjsBLomI9VHKOg0TV+e0psTHwDUQ=",
        "owner": "defn",
        "repo": "pkg",
        "rev": "682466b771ce75089c4d2311ffebea08dc3cb728",
        "type": "github"
      },
      "original": {
        "dir": "dev",
        "owner": "defn",
        "ref": "dev-0.0.41",
        "repo": "pkg",
        "type": "github"
      }
    },
    "dev_3": {
      "inputs": {
        "flake-utils": "flake-utils_3",
        "nixpkgs": "nixpkgs_3"
      },
      "locked": {
        "dir": "dev",
        "lastModified": 1680916511,
        "narHash": "sha256-wh9orAslUxkVYNttjsBLomI9VHKOg0TV+e0psTHwDUQ=",
        "owner": "defn",
        "repo": "pkg",
        "rev": "682466b771ce75089c4d2311ffebea08dc3cb728",
        "type": "github"
      },
      "original": {
        "dir": "dev",
        "owner": "defn",
        "ref": "dev-0.0.41",
        "repo": "pkg",
        "type": "github"
      }
    },
    "dev_4": {
      "inputs": {
        "flake-utils": "flake-utils_4",
        "nixpkgs": "nixpkgs_4"
      },
      "locked": {
        "dir": "dev",
        "lastModified": 1680916511,
        "narHash": "sha256-wh9orAslUxkVYNttjsBLomI9VHKOg0TV+e0psTHwDUQ=",
        "owner": "defn",
        "repo": "pkg",
        "rev": "682466b771ce75089c4d2311ffebea08dc3cb728",
        "type": "github"
      },
      "original": {
        "dir": "dev",
        "owner": "defn",
        "ref": "dev-0.0.41",
        "repo": "pkg",
        "type": "github"
      }
    },
    "dev_5": {
      "inputs": {
        "flake-utils": "flake-utils_5",
        "nixpkgs": "nixpkgs_5"
      },
      "locked": {
        "dir": "dev",
        "lastModified": 1680916511,
        "narHash": "sha256-wh9orAslUxkVYNttjsBLomI9VHKOg0TV+e0psTHwDUQ=",
        "owner": "defn",
        "repo": "pkg",
        "rev": "682466b771ce75089c4d2311ffebea08dc3cb728",
        "type": "github"
      },
      "original": {
        "dir": "dev",
        "owner": "defn",
        "ref": "dev-0.0.41",
        "repo": "pkg",
        "type": "github"
      }
    },
    "dev_6": {
      "inputs": {
        "flake-utils": "flake-utils_6",
        "nixpkgs": "nixpkgs_6"
      },
      "locked": {
        "dir": "dev",
        "lastModified": 1680916511,
        "narHash": "sha256-wh9orAslUxkVYNttjsBLomI9VHKOg0TV+e0psTHwDUQ=",
        "owner": "defn",
        "repo": "pkg",
        "rev": "682466b771ce75089c4d2311ffebea08dc3cb728",
        "type": "github"
      },
      "original": {
        "dir": "dev",
        "owner": "defn",
        "ref": "dev-0.0.41",
        "repo": "pkg",
        "type": "github"
      }
    },
    "dev_7": {
      "inputs": {
        "flake-utils": "flake-utils_7",
        "nixpkgs": "nixpkgs_7"
      },
      "locked": {
        "dir": "dev",
        "lastModified": 1680916511,
        "narHash": "sha256-wh9orAslUxkVYNttjsBLomI9VHKOg0TV+e0psTHwDUQ=",
        "owner": "defn",
        "repo": "pkg",
        "rev": "682466b771ce75089c4d2311ffebea08dc3cb728",
        "type": "github"
      },
      "original": {
        "dir": "dev",
        "owner": "defn",
        "ref": "dev-0.0.41",
        "repo": "pkg",
        "type": "github"
      }
    },
    "dev_8": {
      "inputs": {
        "flake-utils": "flake-utils_8",
        "nixpkgs": "nixpkgs_8"
      },
      "locked": {
        "dir": "dev",
        "lastModified": 1680916511,
        "narHash": "sha256-wh9orAslUxkVYNttjsBLomI9VHKOg0TV+e0psTHwDUQ=",
        "owner": "defn",
        "repo": "pkg",
        "rev": "682466b771ce75089c4d2311ffebea08dc3cb728",
        "type": "github"
      },
      "original": {
        "dir": "dev",
        "owner": "defn",
        "ref": "dev-0.0.41",
        "repo": "pkg",
        "type": "github"
      }
    },
    "dev_9": {
      "inputs": {
        "flake-utils": "flake-utils_9",
        "nixpkgs": "nixpkgs_9"
      },
      "locked": {
        "dir": "dev",
        "lastModified": 1680916511,
        "narHash": "sha256-wh9orAslUxkVYNttjsBLomI9VHKOg0TV+e0psTHwDUQ=",
        "owner": "defn",
        "repo": "pkg",
        "rev": "682466b771ce75089c4d2311ffebea08dc3cb728",
        "type": "github"
      },
      "original": {
        "dir": "dev",
        "owner": "defn",
        "ref": "dev-0.0.41",
        "repo": "pkg",
        "type": "github"
      }
    },
    "flake-utils": {
      "locked": {
        "lastModified": 1652776076,
        "narHash": "sha256-gzTw/v1vj4dOVbpBSJX4J0DwUR6LIyXo7/SuuTJp1kM=",
        "owner": "numtide",
        "repo": "flake-utils",
        "rev": "04c1b180862888302ddfb2e3ad9eaa63afc60cf8",
        "type": "github"
      },
      "original": {
        "owner": "numtide",
        "repo": "flake-utils",
        "rev": "04c1b180862888302ddfb2e3ad9eaa63afc60cf8",
        "type": "github"
      }
    },
    "flake-utils_10": {
      "locked": {
        "lastModified": 1652776076,
        "narHash": "sha256-gzTw/v1vj4dOVbpBSJX4J0DwUR6LIyXo7/SuuTJp1kM=",
        "owner": "numtide",
        "repo": "flake-utils",
        "rev": "04c1b180862888302ddfb2e3ad9eaa63afc60cf8",
        "type": "github"
      },
      "original": {
        "owner": "numtide",
        "repo": "flake-utils",
        "rev": "04c1b180862888302ddfb2e3ad9eaa63afc60cf8",
        "type": "github"
      }
    },
    "flake-utils_11": {
      "locked": {
        "lastModified": 1652776076,
        "narHash": "sha256-gzTw/v1vj4dOVbpBSJX4J0DwUR6LIyXo7/SuuTJp1kM=",
        "owner": "numtide",
        "repo": "flake-utils",
        "rev": "04c1b180862888302ddfb2e3ad9eaa63afc60cf8",
        "type": "github"
      },
      "original": {
        "owner": "numtide",
        "repo": "flake-utils",
        "rev": "04c1b180862888302ddfb2e3ad9eaa63afc60cf8",
        "type": "github"
      }
    },
    "flake-utils_12": {
      "locked": {
        "lastModified": 1652776076,
        "narHash": "sha256-gzTw/v1vj4dOVbpBSJX4J0DwUR6LIyXo7/SuuTJp1kM=",
        "owner": "numtide",
        "repo": "flake-utils",
        "rev": "04c1b180862888302ddfb2e3ad9eaa63afc60cf8",
        "type": "github"
      },
      "original": {
        "owner": "numtide",
        "repo": "flake-utils",
        "rev": "04c1b180862888302ddfb2e3ad9eaa63afc60cf8",
        "type": "github"
      }
    },
    "flake-utils_2": {
      "locked": {
        "lastModified": 1652776076,
        "narHash": "sha256-gzTw/v1vj4dOVbpBSJX4J0DwUR6LIyXo7/SuuTJp1kM=",
        "owner": "numtide",
        "repo": "flake-utils",
        "rev": "04c1b180862888302ddfb2e3ad9eaa63afc60cf8",
        "type": "github"
      },
      "original": {
        "owner": "numtide",
        "repo": "flake-utils",
        "rev": "04c1b180862888302ddfb2e3ad9eaa63afc60cf8",
        "type": "github"
      }
    },
    "flake-utils_3": {
      "locked": {
        "lastModified": 1652776076,
        "narHash": "sha256-gzTw/v1vj4dOVbpBSJX4J0DwUR6LIyXo7/SuuTJp1kM=",
        "owner": "numtide",
        "repo": "flake-utils",
        "rev": "04c1b180862888302ddfb2e3ad9eaa63afc60cf8",
        "type": "github"
      },
      "original": {
        "owner": "numtide",
        "repo": "flake-utils",
        "rev": "04c1b180862888302ddfb2e3ad9eaa63afc60cf8",
        "type": "github"
      }
    },
    "flake-utils_4": {
      "locked": {
        "lastModified": 1652776076,
        "narHash": "sha256-gzTw/v1vj4dOVbpBSJX4J0DwUR6LIyXo7/SuuTJp1kM=",
        "owner": "numtide",
        "repo": "flake-utils",
        "rev": "04c1b180862888302ddfb2e3ad9eaa63afc60cf8",
        "type": "github"
      },
      "original": {
        "owner": "numtide",
        "repo": "flake-utils",
        "rev": "04c1b180862888302ddfb2e3ad9eaa63afc60cf8",
        "type": "github"
      }
    },
    "flake-utils_5": {
      "locked": {
        "lastModified": 1652776076,
        "narHash": "sha256-gzTw/v1vj4dOVbpBSJX4J0DwUR6LIyXo7/SuuTJp1kM=",
        "owner": "numtide",
        "repo": "flake-utils",
        "rev": "04c1b180862888302ddfb2e3ad9eaa63afc60cf8",
        "type": "github"
      },
      "original": {
        "owner": "numtide",
        "repo": "flake-utils",
        "rev": "04c1b180862888302ddfb2e3ad9eaa63afc60cf8",
        "type": "github"
      }
    },
    "flake-utils_6": {
      "locked": {
        "lastModified": 1652776076,
        "narHash": "sha256-gzTw/v1vj4dOVbpBSJX4J0DwUR6LIyXo7/SuuTJp1kM=",
        "owner": "numtide",
        "repo": "flake-utils",
        "rev": "04c1b180862888302ddfb2e3ad9eaa63afc60cf8",
        "type": "github"
      },
      "original": {
        "owner": "numtide",
        "repo": "flake-utils",
        "rev": "04c1b180862888302ddfb2e3ad9eaa63afc60cf8",
        "type": "github"
      }
    },
    "flake-utils_7": {
      "locked": {
        "lastModified": 1652776076,
        "narHash": "sha256-gzTw/v1vj4dOVbpBSJX4J0DwUR6LIyXo7/SuuTJp1kM=",
        "owner": "numtide",
        "repo": "flake-utils",
        "rev": "04c1b180862888302ddfb2e3ad9eaa63afc60cf8",
        "type": "github"
      },
      "original": {
        "owner": "numtide",
        "repo": "flake-utils",
        "rev": "04c1b180862888302ddfb2e3ad9eaa63afc60cf8",
        "type": "github"
      }
    },
    "flake-utils_8": {
      "locked": {
        "lastModified": 1652776076,
        "narHash": "sha256-gzTw/v1vj4dOVbpBSJX4J0DwUR6LIyXo7/SuuTJp1kM=",
        "owner": "numtide",
        "repo": "flake-utils",
        "rev": "04c1b180862888302ddfb2e3ad9eaa63afc60cf8",
        "type": "github"
      },
      "original": {
        "owner": "numtide",
        "repo": "flake-utils",
        "rev": "04c1b180862888302ddfb2e3ad9eaa63afc60cf8",
        "type": "github"
      }
    },
    "flake-utils_9": {
      "locked": {
        "lastModified": 1652776076,
        "narHash": "sha256-gzTw/v1vj4dOVbpBSJX4J0DwUR6LIyXo7/SuuTJp1kM=",
        "owner": "numtide",
        "repo": "flake-utils",
        "rev": "04c1b180862888302ddfb2e3ad9eaa63afc60cf8",
        "type": "github"
      },
      "original": {
        "owner": "numtide",
        "repo": "flake-utils",
        "rev": "04c1b180862888302ddfb2e3ad9eaa63afc60cf8",
        "type": "github"
      }
    },
    "helm": {
      "inputs": {
        "pkg": "pkg_3"
      },
      "locked": {
        "dir": "helm",
        "lastModified": 1680921465,
        "narHash": "sha256-89Q/S9Kpto+HNKEtpA1hs3nS83NFf3WYosHEf91/8Jo=",
        "owner": "defn",
        "repo": "pkg",
        "rev": "b685a253ea80d958b13e9ac209c93cf4560fb9cd",
        "type": "github"
      },
      "original": {
        "dir": "helm",
        "owner": "defn",
        "ref": "helm-3.11.2-34",
        "repo": "pkg",
        "type": "github"
      }
    },
    "k3d": {
      "inputs": {
        "pkg": "pkg_4"
      },
      "locked": {
        "dir": "k3d",
        "lastModified": 1680921421,
        "narHash": "sha256-fFjKEaRnv6gJSUwwvYWYRtkgrpMTMCCBPmFh0y8/gRY=",
        "owner": "defn",
        "repo": "pkg",
        "rev": "15c624815b257e729585d3ad518c843a98f38abd",
        "type": "github"
      },
      "original": {
        "dir": "k3d",
        "owner": "defn",
        "ref": "k3d-5.4.9-31",
        "repo": "pkg",
        "type": "github"
      }
    },
    "k9s": {
      "inputs": {
        "pkg": "pkg_5"
      },
      "locked": {
        "dir": "k9s",
        "lastModified": 1680921415,
        "narHash": "sha256-NkFWiRd6rh3PSUxi/M+r96l27pipdjJ5bv73veFJ66U=",
        "owner": "defn",
        "repo": "pkg",
        "rev": "52da950a03ad5000d094211337ae85393108fb43",
        "type": "github"
      },
      "original": {
        "dir": "k9s",
        "owner": "defn",
        "ref": "k9s-0.27.3-33",
        "repo": "pkg",
        "type": "github"
      }
    },
    "kn": {
      "inputs": {
        "pkg": "pkg_6"
      },
      "locked": {
        "dir": "kn",
        "lastModified": 1680921408,
        "narHash": "sha256-ywCLXglmHb2PRsXUBYOJsC2oeto2MAVFAq0B1CFVe8s=",
        "owner": "defn",
        "repo": "pkg",
        "rev": "b64168b5bc8f2274b19639864b629dd2fbcf060f",
        "type": "github"
      },
      "original": {
        "dir": "kn",
        "owner": "defn",
        "ref": "kn-1.9.2-32",
        "repo": "pkg",
        "type": "github"
      }
    },
    "kubectl": {
      "inputs": {
        "pkg": "pkg_7"
      },
      "locked": {
        "dir": "kubectl",
        "lastModified": 1680921401,
        "narHash": "sha256-+I0sX2V/+0LuKXHNDp8+UFotwElA7izvSHwWbqV3ZWk=",
        "owner": "defn",
        "repo": "pkg",
        "rev": "7efcdb1d779b222a5bd3f078dc6614b2be0fd2b6",
        "type": "github"
      },
      "original": {
        "dir": "kubectl",
        "owner": "defn",
        "ref": "kubectl-1.25.8-31",
        "repo": "pkg",
        "type": "github"
      }
    },
    "kustomize": {
      "inputs": {
        "pkg": "pkg_8"
      },
      "locked": {
        "dir": "kustomize",
        "lastModified": 1680922061,
        "narHash": "sha256-By6juRQaUAWc/GDusPeqSKEvboaJwzz9SaxvuBixHuk=",
        "owner": "defn",
        "repo": "pkg",
        "rev": "bb40220803f0620817209b3b41d9eee15dbea3b1",
        "type": "github"
      },
      "original": {
        "dir": "kustomize",
        "owner": "defn",
        "ref": "kustomize-5.0.1-32",
        "repo": "pkg",
        "type": "github"
      }
    },
    "nixpkgs": {
      "locked": {
        "lastModified": 1669833724,
        "narHash": "sha256-/HEZNyGbnQecrgJnfE8d0WC5c1xuPSD2LUpB6YXlg4c=",
        "owner": "NixOS",
        "repo": "nixpkgs",
        "rev": "4d2b37a84fad1091b9de401eb450aae66f1a741e",
        "type": "github"
      },
      "original": {
        "owner": "NixOS",
        "repo": "nixpkgs",
        "rev": "4d2b37a84fad1091b9de401eb450aae66f1a741e",
        "type": "github"
      }
    },
    "nixpkgs_10": {
      "locked": {
        "lastModified": 1669833724,
        "narHash": "sha256-/HEZNyGbnQecrgJnfE8d0WC5c1xuPSD2LUpB6YXlg4c=",
        "owner": "NixOS",
        "repo": "nixpkgs",
        "rev": "4d2b37a84fad1091b9de401eb450aae66f1a741e",
        "type": "github"
      },
      "original": {
        "owner": "NixOS",
        "repo": "nixpkgs",
        "rev": "4d2b37a84fad1091b9de401eb450aae66f1a741e",
        "type": "github"
      }
    },
    "nixpkgs_11": {
      "locked": {
        "lastModified": 1669833724,
        "narHash": "sha256-/HEZNyGbnQecrgJnfE8d0WC5c1xuPSD2LUpB6YXlg4c=",
        "owner": "NixOS",
        "repo": "nixpkgs",
        "rev": "4d2b37a84fad1091b9de401eb450aae66f1a741e",
        "type": "github"
      },
      "original": {
        "owner": "NixOS",
        "repo": "nixpkgs",
        "rev": "4d2b37a84fad1091b9de401eb450aae66f1a741e",
        "type": "github"
      }
    },
    "nixpkgs_12": {
      "locked": {
        "lastModified": 1669833724,
        "narHash": "sha256-/HEZNyGbnQecrgJnfE8d0WC5c1xuPSD2LUpB6YXlg4c=",
        "owner": "NixOS",
        "repo": "nixpkgs",
        "rev": "4d2b37a84fad1091b9de401eb450aae66f1a741e",
        "type": "github"
      },
      "original": {
        "owner": "NixOS",
        "repo": "nixpkgs",
        "rev": "4d2b37a84fad1091b9de401eb450aae66f1a741e",
        "type": "github"
      }
    },
    "nixpkgs_2": {
      "locked": {
        "lastModified": 1669833724,
        "narHash": "sha256-/HEZNyGbnQecrgJnfE8d0WC5c1xuPSD2LUpB6YXlg4c=",
        "owner": "NixOS",
        "repo": "nixpkgs",
        "rev": "4d2b37a84fad1091b9de401eb450aae66f1a741e",
        "type": "github"
      },
      "original": {
        "owner": "NixOS",
        "repo": "nixpkgs",
        "rev": "4d2b37a84fad1091b9de401eb450aae66f1a741e",
        "type": "github"
      }
    },
    "nixpkgs_3": {
      "locked": {
        "lastModified": 1669833724,
        "narHash": "sha256-/HEZNyGbnQecrgJnfE8d0WC5c1xuPSD2LUpB6YXlg4c=",
        "owner": "NixOS",
        "repo": "nixpkgs",
        "rev": "4d2b37a84fad1091b9de401eb450aae66f1a741e",
        "type": "github"
      },
      "original": {
        "owner": "NixOS",
        "repo": "nixpkgs",
        "rev": "4d2b37a84fad1091b9de401eb450aae66f1a741e",
        "type": "github"
      }
    },
    "nixpkgs_4": {
      "locked": {
        "lastModified": 1669833724,
        "narHash": "sha256-/HEZNyGbnQecrgJnfE8d0WC5c1xuPSD2LUpB6YXlg4c=",
        "owner": "NixOS",
        "repo": "nixpkgs",
        "rev": "4d2b37a84fad1091b9de401eb450aae66f1a741e",
        "type": "github"
      },
      "original": {
        "owner": "NixOS",
        "repo": "nixpkgs",
        "rev": "4d2b37a84fad1091b9de401eb450aae66f1a741e",
        "type": "github"
      }
    },
    "nixpkgs_5": {
      "locked": {
        "lastModified": 1669833724,
        "narHash": "sha256-/HEZNyGbnQecrgJnfE8d0WC5c1xuPSD2LUpB6YXlg4c=",
        "owner": "NixOS",
        "repo": "nixpkgs",
        "rev": "4d2b37a84fad1091b9de401eb450aae66f1a741e",
        "type": "github"
      },
      "original": {
        "owner": "NixOS",
        "repo": "nixpkgs",
        "rev": "4d2b37a84fad1091b9de401eb450aae66f1a741e",
        "type": "github"
      }
    },
    "nixpkgs_6": {
      "locked": {
        "lastModified": 1669833724,
        "narHash": "sha256-/HEZNyGbnQecrgJnfE8d0WC5c1xuPSD2LUpB6YXlg4c=",
        "owner": "NixOS",
        "repo": "nixpkgs",
        "rev": "4d2b37a84fad1091b9de401eb450aae66f1a741e",
        "type": "github"
      },
      "original": {
        "owner": "NixOS",
        "repo": "nixpkgs",
        "rev": "4d2b37a84fad1091b9de401eb450aae66f1a741e",
        "type": "github"
      }
    },
    "nixpkgs_7": {
      "locked": {
        "lastModified": 1669833724,
        "narHash": "sha256-/HEZNyGbnQecrgJnfE8d0WC5c1xuPSD2LUpB6YXlg4c=",
        "owner": "NixOS",
        "repo": "nixpkgs",
        "rev": "4d2b37a84fad1091b9de401eb450aae66f1a741e",
        "type": "github"
      },
      "original": {
        "owner": "NixOS",
        "repo": "nixpkgs",
        "rev": "4d2b37a84fad1091b9de401eb450aae66f1a741e",
        "type": "github"
      }
    },
    "nixpkgs_8": {
      "locked": {
        "lastModified": 1669833724,
        "narHash": "sha256-/HEZNyGbnQecrgJnfE8d0WC5c1xuPSD2LUpB6YXlg4c=",
        "owner": "NixOS",
        "repo": "nixpkgs",
        "rev": "4d2b37a84fad1091b9de401eb450aae66f1a741e",
        "type": "github"
      },
      "original": {
        "owner": "NixOS",
        "repo": "nixpkgs",
        "rev": "4d2b37a84fad1091b9de401eb450aae66f1a741e",
        "type": "github"
      }
    },
    "nixpkgs_9": {
      "locked": {
        "lastModified": 1669833724,
        "narHash": "sha256-/HEZNyGbnQecrgJnfE8d0WC5c1xuPSD2LUpB6YXlg4c=",
        "owner": "NixOS",
        "repo": "nixpkgs",
        "rev": "4d2b37a84fad1091b9de401eb450aae66f1a741e",
        "type": "github"
      },
      "original": {
        "owner": "NixOS",
        "repo": "nixpkgs",
        "rev": "4d2b37a84fad1091b9de401eb450aae66f1a741e",
        "type": "github"
      }
    },
    "pkg": {
      "inputs": {
        "dev": "dev"
      },
      "locked": {
        "lastModified": 1680921035,
        "narHash": "sha256-uGqxosE3DeDz0K3/b+eUwCzkm9YdRwQ29ILDmEtP/R4=",
        "owner": "defn",
        "repo": "pkg",
        "rev": "a6dbe7aba34a5cce34834f5cd5913870e0ce1c83",
        "type": "github"
      },
      "original": {
        "owner": "defn",
        "ref": "0.0.205",
        "repo": "pkg",
        "type": "github"
      }
    },
    "pkg_10": {
      "inputs": {
        "dev": "dev_10"
      },
      "locked": {
        "lastModified": 1680921799,
        "narHash": "sha256-w9EDwwoYV/PIEN4PtMnnSxYZECP6sXkKLX2oUm3I6w8=",
        "owner": "defn",
        "repo": "pkg",
        "rev": "9052dd36617df5b928a2e4e90ae9870111bf2aa5",
        "type": "github"
      },
      "original": {
        "owner": "defn",
        "ref": "0.0.206",
        "repo": "pkg",
        "type": "github"
      }
    },
    "pkg_11": {
      "inputs": {
        "dev": "dev_11"
      },
      "locked": {
        "lastModified": 1680921799,
        "narHash": "sha256-w9EDwwoYV/PIEN4PtMnnSxYZECP6sXkKLX2oUm3I6w8=",
        "owner": "defn",
        "repo": "pkg",
        "rev": "9052dd36617df5b928a2e4e90ae9870111bf2aa5",
        "type": "github"
      },
      "original": {
        "owner": "defn",
        "ref": "0.0.206",
        "repo": "pkg",
        "type": "github"
      }
    },
    "pkg_12": {
      "inputs": {
        "dev": "dev_12"
      },
      "locked": {
        "lastModified": 1680921799,
        "narHash": "sha256-w9EDwwoYV/PIEN4PtMnnSxYZECP6sXkKLX2oUm3I6w8=",
        "owner": "defn",
        "repo": "pkg",
        "rev": "9052dd36617df5b928a2e4e90ae9870111bf2aa5",
        "type": "github"
      },
      "original": {
        "owner": "defn",
        "ref": "0.0.206",
        "repo": "pkg",
        "type": "github"
      }
    },
    "pkg_2": {
      "inputs": {
        "dev": "dev_2"
      },
      "locked": {
        "lastModified": 1680921035,
        "narHash": "sha256-uGqxosE3DeDz0K3/b+eUwCzkm9YdRwQ29ILDmEtP/R4=",
        "owner": "defn",
        "repo": "pkg",
        "rev": "a6dbe7aba34a5cce34834f5cd5913870e0ce1c83",
        "type": "github"
      },
      "original": {
        "owner": "defn",
        "ref": "0.0.205",
        "repo": "pkg",
        "type": "github"
      }
    },
    "pkg_3": {
      "inputs": {
        "dev": "dev_3"
      },
      "locked": {
        "lastModified": 1680921035,
        "narHash": "sha256-uGqxosE3DeDz0K3/b+eUwCzkm9YdRwQ29ILDmEtP/R4=",
        "owner": "defn",
        "repo": "pkg",
        "rev": "a6dbe7aba34a5cce34834f5cd5913870e0ce1c83",
        "type": "github"
      },
      "original": {
        "owner": "defn",
        "ref": "0.0.205",
        "repo": "pkg",
        "type": "github"
      }
    },
    "pkg_4": {
      "inputs": {
        "dev": "dev_4"
      },
      "locked": {
        "lastModified": 1680921035,
        "narHash": "sha256-uGqxosE3DeDz0K3/b+eUwCzkm9YdRwQ29ILDmEtP/R4=",
        "owner": "defn",
        "repo": "pkg",
        "rev": "a6dbe7aba34a5cce34834f5cd5913870e0ce1c83",
        "type": "github"
      },
      "original": {
        "owner": "defn",
        "ref": "0.0.205",
        "repo": "pkg",
        "type": "github"
      }
    },
    "pkg_5": {
      "inputs": {
        "dev": "dev_5"
      },
      "locked": {
        "lastModified": 1680921035,
        "narHash": "sha256-uGqxosE3DeDz0K3/b+eUwCzkm9YdRwQ29ILDmEtP/R4=",
        "owner": "defn",
        "repo": "pkg",
        "rev": "a6dbe7aba34a5cce34834f5cd5913870e0ce1c83",
        "type": "github"
      },
      "original": {
        "owner": "defn",
        "ref": "0.0.205",
        "repo": "pkg",
        "type": "github"
      }
    },
    "pkg_6": {
      "inputs": {
        "dev": "dev_6"
      },
      "locked": {
        "lastModified": 1680921035,
        "narHash": "sha256-uGqxosE3DeDz0K3/b+eUwCzkm9YdRwQ29ILDmEtP/R4=",
        "owner": "defn",
        "repo": "pkg",
        "rev": "a6dbe7aba34a5cce34834f5cd5913870e0ce1c83",
        "type": "github"
      },
      "original": {
        "owner": "defn",
        "ref": "0.0.205",
        "repo": "pkg",
        "type": "github"
      }
    },
    "pkg_7": {
      "inputs": {
        "dev": "dev_7"
      },
      "locked": {
        "lastModified": 1680921035,
        "narHash": "sha256-uGqxosE3DeDz0K3/b+eUwCzkm9YdRwQ29ILDmEtP/R4=",
        "owner": "defn",
        "repo": "pkg",
        "rev": "a6dbe7aba34a5cce34834f5cd5913870e0ce1c83",
        "type": "github"
      },
      "original": {
        "owner": "defn",
        "ref": "0.0.205",
        "repo": "pkg",
        "type": "github"
      }
    },
    "pkg_8": {
      "inputs": {
        "dev": "dev_8"
      },
      "locked": {
        "lastModified": 1680921799,
        "narHash": "sha256-w9EDwwoYV/PIEN4PtMnnSxYZECP6sXkKLX2oUm3I6w8=",
        "owner": "defn",
        "repo": "pkg",
        "rev": "9052dd36617df5b928a2e4e90ae9870111bf2aa5",
        "type": "github"
      },
      "original": {
        "owner": "defn",
        "ref": "0.0.206",
        "repo": "pkg",
        "type": "github"
      }
    },
    "pkg_9": {
      "inputs": {
        "dev": "dev_9"
      },
      "locked": {
        "lastModified": 1680921799,
        "narHash": "sha256-w9EDwwoYV/PIEN4PtMnnSxYZECP6sXkKLX2oUm3I6w8=",
        "owner": "defn",
        "repo": "pkg",
        "rev": "9052dd36617df5b928a2e4e90ae9870111bf2aa5",
        "type": "github"
      },
      "original": {
        "owner": "defn",
        "ref": "0.0.206",
        "repo": "pkg",
        "type": "github"
      }
    },
    "root": {
      "inputs": {
        "argo": "argo",
        "argocd": "argocd",
        "helm": "helm",
        "k3d": "k3d",
        "k9s": "k9s",
        "kn": "kn",
        "kubectl": "kubectl",
        "kustomize": "kustomize",
        "pkg": "pkg_9",
        "stern": "stern",
        "tkn": "tkn",
        "vcluster": "vcluster"
      }
    },
    "stern": {
      "inputs": {
        "pkg": "pkg_10"
      },
      "locked": {
        "dir": "stern",
        "lastModified": 1680921899,
        "narHash": "sha256-/WoZkNNtemvq4eR6Dgz+hJYdlnp37OGp4AHMZrlZn8o=",
        "owner": "defn",
        "repo": "pkg",
        "rev": "c90a9a900e42ae1b2262dc40a2dd87545dcee9a1",
        "type": "github"
      },
      "original": {
        "dir": "stern",
        "owner": "defn",
        "ref": "stern-1.24.0-33",
        "repo": "pkg",
        "type": "github"
      }
    },
    "tkn": {
      "inputs": {
        "pkg": "pkg_11"
      },
      "locked": {
        "dir": "tkn",
        "lastModified": 1680921849,
        "narHash": "sha256-wKFm+5oJKOvIpG4J1DEP8HFgqZHKB5ZuE6QTOwDTXRw=",
        "owner": "defn",
        "repo": "pkg",
        "rev": "b871d8f2c50099e0a3e8d80f5347a8fb271a793d",
        "type": "github"
      },
      "original": {
        "dir": "tkn",
        "owner": "defn",
        "ref": "tkn-0.30.0-34",
        "repo": "pkg",
        "type": "github"
      }
    },
    "vcluster": {
      "inputs": {
        "pkg": "pkg_12"
      },
      "locked": {
        "dir": "vcluster",
        "lastModified": 1680921824,
        "narHash": "sha256-tjKrzrYGmqLzzAH7MBgKxFLV+vV9BY+Z6lkVLA/5Yp8=",
        "owner": "defn",
        "repo": "pkg",
        "rev": "263765b7025abb3f6129178741cdfe7fb878faf1",
        "type": "github"
      },
      "original": {
        "dir": "vcluster",
        "owner": "defn",
        "ref": "vcluster-0.14.2-32",
        "repo": "pkg",
        "type": "github"
      }
    }
  },
  "root": "root",
  "version": 7
}
