{
  "nodes": {
    "argo": {
      "inputs": {
        "pkg": "pkg"
      },
      "locked": {
        "dir": "argo",
        "lastModified": 1680919471,
        "narHash": "sha256-SIgDGGWR37W/V3nQMiwVdu9mAXNL5cUFYr/xA23VU9A=",
        "owner": "defn",
        "repo": "pkg",
        "rev": "5d8392b8169a5212c3c8ca98ddd3b6870a4318e4",
        "type": "github"
      },
      "original": {
        "dir": "argo",
        "owner": "defn",
        "ref": "argo-3.4.6-28",
        "repo": "pkg",
        "type": "github"
      }
    },
    "argocd": {
      "inputs": {
        "pkg": "pkg_2"
      },
      "locked": {
        "dir": "argocd",
        "lastModified": 1680919461,
        "narHash": "sha256-zH0wOPOUv7uZ+EtI9BP+NZUK6w2+Zr2BATRLHkKd7dg=",
        "owner": "defn",
        "repo": "pkg",
        "rev": "c5daf2c28d96490eb9bb0c7c11ca96f969ca4533",
        "type": "github"
      },
      "original": {
        "dir": "argocd",
        "owner": "defn",
        "ref": "argocd-2.6.7-29",
        "repo": "pkg",
        "type": "github"
      }
    },
    "dev": {
      "inputs": {
        "flake-utils": "flake-utils",
        "nixpkgs": "nixpkgs"
      },
      "locked": {
        "dir": "dev",
        "lastModified": 1680916511,
        "narHash": "sha256-wh9orAslUxkVYNttjsBLomI9VHKOg0TV+e0psTHwDUQ=",
        "owner": "defn",
        "repo": "pkg",
        "rev": "682466b771ce75089c4d2311ffebea08dc3cb728",
        "type": "github"
      },
      "original": {
        "dir": "dev",
        "owner": "defn",
        "ref": "dev-0.0.41",
        "repo": "pkg",
        "type": "github"
      }
    },
    "dev_10": {
      "inputs": {
        "flake-utils": "flake-utils_10",
        "nixpkgs": "nixpkgs_10"
      },
      "locked": {
        "dir": "dev",
        "lastModified": 1680916511,
        "narHash": "sha256-wh9orAslUxkVYNttjsBLomI9VHKOg0TV+e0psTHwDUQ=",
        "owner": "defn",
        "repo": "pkg",
        "rev": "682466b771ce75089c4d2311ffebea08dc3cb728",
        "type": "github"
      },
      "original": {
        "dir": "dev",
        "owner": "defn",
        "ref": "dev-0.0.41",
        "repo": "pkg",
        "type": "github"
      }
    },
    "dev_11": {
      "inputs": {
        "flake-utils": "flake-utils_11",
        "nixpkgs": "nixpkgs_11"
      },
      "locked": {
        "dir": "dev",
        "lastModified": 1680916511,
        "narHash": "sha256-wh9orAslUxkVYNttjsBLomI9VHKOg0TV+e0psTHwDUQ=",
        "owner": "defn",
        "repo": "pkg",
        "rev": "682466b771ce75089c4d2311ffebea08dc3cb728",
        "type": "github"
      },
      "original": {
        "dir": "dev",
        "owner": "defn",
        "ref": "dev-0.0.41",
        "repo": "pkg",
        "type": "github"
      }
    },
    "dev_12": {
      "inputs": {
        "flake-utils": "flake-utils_12",
        "nixpkgs": "nixpkgs_12"
      },
      "locked": {
        "dir": "dev",
        "lastModified": 1680916511,
        "narHash": "sha256-wh9orAslUxkVYNttjsBLomI9VHKOg0TV+e0psTHwDUQ=",
        "owner": "defn",
        "repo": "pkg",
        "rev": "682466b771ce75089c4d2311ffebea08dc3cb728",
        "type": "github"
      },
      "original": {
        "dir": "dev",
        "owner": "defn",
        "ref": "dev-0.0.41",
        "repo": "pkg",
        "type": "github"
      }
    },
    "dev_2": {
      "inputs": {
        "flake-utils": "flake-utils_2",
        "nixpkgs": "nixpkgs_2"
      },
      "locked": {
        "dir": "dev",
        "lastModified": 1680916511,
        "narHash": "sha256-wh9orAslUxkVYNttjsBLomI9VHKOg0TV+e0psTHwDUQ=",
        "owner": "defn",
        "repo": "pkg",
        "rev": "682466b771ce75089c4d2311ffebea08dc3cb728",
        "type": "github"
      },
      "original": {
        "dir": "dev",
        "owner": "defn",
        "ref": "dev-0.0.41",
        "repo": "pkg",
        "type": "github"
      }
    },
    "dev_3": {
      "inputs": {
        "flake-utils": "flake-utils_3",
        "nixpkgs": "nixpkgs_3"
      },
      "locked": {
        "dir": "dev",
        "lastModified": 1680916511,
        "narHash": "sha256-wh9orAslUxkVYNttjsBLomI9VHKOg0TV+e0psTHwDUQ=",
        "owner": "defn",
        "repo": "pkg",
        "rev": "682466b771ce75089c4d2311ffebea08dc3cb728",
        "type": "github"
      },
      "original": {
        "dir": "dev",
        "owner": "defn",
        "ref": "dev-0.0.41",
        "repo": "pkg",
        "type": "github"
      }
    },
    "dev_4": {
      "inputs": {
        "flake-utils": "flake-utils_4",
        "nixpkgs": "nixpkgs_4"
      },
      "locked": {
        "dir": "dev",
        "lastModified": 1680916511,
        "narHash": "sha256-wh9orAslUxkVYNttjsBLomI9VHKOg0TV+e0psTHwDUQ=",
        "owner": "defn",
        "repo": "pkg",
        "rev": "682466b771ce75089c4d2311ffebea08dc3cb728",
        "type": "github"
      },
      "original": {
        "dir": "dev",
        "owner": "defn",
        "ref": "dev-0.0.41",
        "repo": "pkg",
        "type": "github"
      }
    },
    "dev_5": {
      "inputs": {
        "flake-utils": "flake-utils_5",
        "nixpkgs": "nixpkgs_5"
      },
      "locked": {
        "dir": "dev",
        "lastModified": 1680916511,
        "narHash": "sha256-wh9orAslUxkVYNttjsBLomI9VHKOg0TV+e0psTHwDUQ=",
        "owner": "defn",
        "repo": "pkg",
        "rev": "682466b771ce75089c4d2311ffebea08dc3cb728",
        "type": "github"
      },
      "original": {
        "dir": "dev",
        "owner": "defn",
        "ref": "dev-0.0.41",
        "repo": "pkg",
        "type": "github"
      }
    },
    "dev_6": {
      "inputs": {
        "flake-utils": "flake-utils_6",
        "nixpkgs": "nixpkgs_6"
      },
      "locked": {
        "dir": "dev",
        "lastModified": 1680916511,
        "narHash": "sha256-wh9orAslUxkVYNttjsBLomI9VHKOg0TV+e0psTHwDUQ=",
        "owner": "defn",
        "repo": "pkg",
        "rev": "682466b771ce75089c4d2311ffebea08dc3cb728",
        "type": "github"
      },
      "original": {
        "dir": "dev",
        "owner": "defn",
        "ref": "dev-0.0.41",
        "repo": "pkg",
        "type": "github"
      }
    },
    "dev_7": {
      "inputs": {
        "flake-utils": "flake-utils_7",
        "nixpkgs": "nixpkgs_7"
      },
      "locked": {
        "dir": "dev",
        "lastModified": 1680916511,
        "narHash": "sha256-wh9orAslUxkVYNttjsBLomI9VHKOg0TV+e0psTHwDUQ=",
        "owner": "defn",
        "repo": "pkg",
        "rev": "682466b771ce75089c4d2311ffebea08dc3cb728",
        "type": "github"
      },
      "original": {
        "dir": "dev",
        "owner": "defn",
        "ref": "dev-0.0.41",
        "repo": "pkg",
        "type": "github"
      }
    },
    "dev_8": {
      "inputs": {
        "flake-utils": "flake-utils_8",
        "nixpkgs": "nixpkgs_8"
      },
      "locked": {
        "dir": "dev",
        "lastModified": 1680916511,
        "narHash": "sha256-wh9orAslUxkVYNttjsBLomI9VHKOg0TV+e0psTHwDUQ=",
        "owner": "defn",
        "repo": "pkg",
        "rev": "682466b771ce75089c4d2311ffebea08dc3cb728",
        "type": "github"
      },
      "original": {
        "dir": "dev",
        "owner": "defn",
        "ref": "dev-0.0.41",
        "repo": "pkg",
        "type": "github"
      }
    },
    "dev_9": {
      "inputs": {
        "flake-utils": "flake-utils_9",
        "nixpkgs": "nixpkgs_9"
      },
      "locked": {
        "dir": "dev",
        "lastModified": 1680916511,
        "narHash": "sha256-wh9orAslUxkVYNttjsBLomI9VHKOg0TV+e0psTHwDUQ=",
        "owner": "defn",
        "repo": "pkg",
        "rev": "682466b771ce75089c4d2311ffebea08dc3cb728",
        "type": "github"
      },
      "original": {
        "dir": "dev",
        "owner": "defn",
        "ref": "dev-0.0.41",
        "repo": "pkg",
        "type": "github"
      }
    },
    "flake-utils": {
      "locked": {
        "lastModified": 1652776076,
        "narHash": "sha256-gzTw/v1vj4dOVbpBSJX4J0DwUR6LIyXo7/SuuTJp1kM=",
        "owner": "numtide",
        "repo": "flake-utils",
        "rev": "04c1b180862888302ddfb2e3ad9eaa63afc60cf8",
        "type": "github"
      },
      "original": {
        "owner": "numtide",
        "repo": "flake-utils",
        "rev": "04c1b180862888302ddfb2e3ad9eaa63afc60cf8",
        "type": "github"
      }
    },
    "flake-utils_10": {
      "locked": {
        "lastModified": 1652776076,
        "narHash": "sha256-gzTw/v1vj4dOVbpBSJX4J0DwUR6LIyXo7/SuuTJp1kM=",
        "owner": "numtide",
        "repo": "flake-utils",
        "rev": "04c1b180862888302ddfb2e3ad9eaa63afc60cf8",
        "type": "github"
      },
      "original": {
        "owner": "numtide",
        "repo": "flake-utils",
        "rev": "04c1b180862888302ddfb2e3ad9eaa63afc60cf8",
        "type": "github"
      }
    },
    "flake-utils_11": {
      "locked": {
        "lastModified": 1652776076,
        "narHash": "sha256-gzTw/v1vj4dOVbpBSJX4J0DwUR6LIyXo7/SuuTJp1kM=",
        "owner": "numtide",
        "repo": "flake-utils",
        "rev": "04c1b180862888302ddfb2e3ad9eaa63afc60cf8",
        "type": "github"
      },
      "original": {
        "owner": "numtide",
        "repo": "flake-utils",
        "rev": "04c1b180862888302ddfb2e3ad9eaa63afc60cf8",
        "type": "github"
      }
    },
    "flake-utils_12": {
      "locked": {
        "lastModified": 1652776076,
        "narHash": "sha256-gzTw/v1vj4dOVbpBSJX4J0DwUR6LIyXo7/SuuTJp1kM=",
        "owner": "numtide",
        "repo": "flake-utils",
        "rev": "04c1b180862888302ddfb2e3ad9eaa63afc60cf8",
        "type": "github"
      },
      "original": {
        "owner": "numtide",
        "repo": "flake-utils",
        "rev": "04c1b180862888302ddfb2e3ad9eaa63afc60cf8",
        "type": "github"
      }
    },
    "flake-utils_2": {
      "locked": {
        "lastModified": 1652776076,
        "narHash": "sha256-gzTw/v1vj4dOVbpBSJX4J0DwUR6LIyXo7/SuuTJp1kM=",
        "owner": "numtide",
        "repo": "flake-utils",
        "rev": "04c1b180862888302ddfb2e3ad9eaa63afc60cf8",
        "type": "github"
      },
      "original": {
        "owner": "numtide",
        "repo": "flake-utils",
        "rev": "04c1b180862888302ddfb2e3ad9eaa63afc60cf8",
        "type": "github"
      }
    },
    "flake-utils_3": {
      "locked": {
        "lastModified": 1652776076,
        "narHash": "sha256-gzTw/v1vj4dOVbpBSJX4J0DwUR6LIyXo7/SuuTJp1kM=",
        "owner": "numtide",
        "repo": "flake-utils",
        "rev": "04c1b180862888302ddfb2e3ad9eaa63afc60cf8",
        "type": "github"
      },
      "original": {
        "owner": "numtide",
        "repo": "flake-utils",
        "rev": "04c1b180862888302ddfb2e3ad9eaa63afc60cf8",
        "type": "github"
      }
    },
    "flake-utils_4": {
      "locked": {
        "lastModified": 1652776076,
        "narHash": "sha256-gzTw/v1vj4dOVbpBSJX4J0DwUR6LIyXo7/SuuTJp1kM=",
        "owner": "numtide",
        "repo": "flake-utils",
        "rev": "04c1b180862888302ddfb2e3ad9eaa63afc60cf8",
        "type": "github"
      },
      "original": {
        "owner": "numtide",
        "repo": "flake-utils",
        "rev": "04c1b180862888302ddfb2e3ad9eaa63afc60cf8",
        "type": "github"
      }
    },
    "flake-utils_5": {
      "locked": {
        "lastModified": 1652776076,
        "narHash": "sha256-gzTw/v1vj4dOVbpBSJX4J0DwUR6LIyXo7/SuuTJp1kM=",
        "owner": "numtide",
        "repo": "flake-utils",
        "rev": "04c1b180862888302ddfb2e3ad9eaa63afc60cf8",
        "type": "github"
      },
      "original": {
        "owner": "numtide",
        "repo": "flake-utils",
        "rev": "04c1b180862888302ddfb2e3ad9eaa63afc60cf8",
        "type": "github"
      }
    },
    "flake-utils_6": {
      "locked": {
        "lastModified": 1652776076,
        "narHash": "sha256-gzTw/v1vj4dOVbpBSJX4J0DwUR6LIyXo7/SuuTJp1kM=",
        "owner": "numtide",
        "repo": "flake-utils",
        "rev": "04c1b180862888302ddfb2e3ad9eaa63afc60cf8",
        "type": "github"
      },
      "original": {
        "owner": "numtide",
        "repo": "flake-utils",
        "rev": "04c1b180862888302ddfb2e3ad9eaa63afc60cf8",
        "type": "github"
      }
    },
    "flake-utils_7": {
      "locked": {
        "lastModified": 1652776076,
        "narHash": "sha256-gzTw/v1vj4dOVbpBSJX4J0DwUR6LIyXo7/SuuTJp1kM=",
        "owner": "numtide",
        "repo": "flake-utils",
        "rev": "04c1b180862888302ddfb2e3ad9eaa63afc60cf8",
        "type": "github"
      },
      "original": {
        "owner": "numtide",
        "repo": "flake-utils",
        "rev": "04c1b180862888302ddfb2e3ad9eaa63afc60cf8",
        "type": "github"
      }
    },
    "flake-utils_8": {
      "locked": {
        "lastModified": 1652776076,
        "narHash": "sha256-gzTw/v1vj4dOVbpBSJX4J0DwUR6LIyXo7/SuuTJp1kM=",
        "owner": "numtide",
        "repo": "flake-utils",
        "rev": "04c1b180862888302ddfb2e3ad9eaa63afc60cf8",
        "type": "github"
      },
      "original": {
        "owner": "numtide",
        "repo": "flake-utils",
        "rev": "04c1b180862888302ddfb2e3ad9eaa63afc60cf8",
        "type": "github"
      }
    },
    "flake-utils_9": {
      "locked": {
        "lastModified": 1652776076,
        "narHash": "sha256-gzTw/v1vj4dOVbpBSJX4J0DwUR6LIyXo7/SuuTJp1kM=",
        "owner": "numtide",
        "repo": "flake-utils",
        "rev": "04c1b180862888302ddfb2e3ad9eaa63afc60cf8",
        "type": "github"
      },
      "original": {
        "owner": "numtide",
        "repo": "flake-utils",
        "rev": "04c1b180862888302ddfb2e3ad9eaa63afc60cf8",
        "type": "github"
      }
    },
    "helm": {
      "inputs": {
        "pkg": "pkg_3"
      },
      "locked": {
        "dir": "helm",
        "lastModified": 1680919184,
        "narHash": "sha256-49jjQZv9LK/oGWGjJ/cg1swoEMjIec4Uuw+/zjJyqGw=",
        "owner": "defn",
        "repo": "pkg",
        "rev": "9584a09a74a83ad49ad9295bec263c4f048fd469",
        "type": "github"
      },
      "original": {
        "dir": "helm",
        "owner": "defn",
        "ref": "helm-3.11.2-31",
        "repo": "pkg",
        "type": "github"
      }
    },
    "k3d": {
      "inputs": {
        "pkg": "pkg_4"
      },
      "locked": {
        "dir": "k3d",
        "lastModified": 1680919140,
        "narHash": "sha256-zBKi5aD/4Ubr761POvOvPGRpG/s7CMuMoKeN14ie7Jo=",
        "owner": "defn",
        "repo": "pkg",
        "rev": "347e0ca6c2f777ffbc9daed1a25feb59a5989504",
        "type": "github"
      },
      "original": {
        "dir": "k3d",
        "owner": "defn",
        "ref": "k3d-5.4.9-28",
        "repo": "pkg",
        "type": "github"
      }
    },
    "k9s": {
      "inputs": {
        "pkg": "pkg_5"
      },
      "locked": {
        "dir": "k9s",
        "lastModified": 1680919133,
        "narHash": "sha256-HAi1chF1368vQa9lGZib3CQahQWHEHhrHw3z2r/Z/D8=",
        "owner": "defn",
        "repo": "pkg",
        "rev": "e09e7ee3cee47aaafd0eb6e311a9d0ca706e7898",
        "type": "github"
      },
      "original": {
        "dir": "k9s",
        "owner": "defn",
        "ref": "k9s-0.27.3-30",
        "repo": "pkg",
        "type": "github"
      }
    },
    "kn": {
      "inputs": {
        "pkg": "pkg_6"
      },
      "locked": {
        "dir": "kn",
        "lastModified": 1680919127,
        "narHash": "sha256-joL46VMG6s9g/czoj17T4aan/nczj13j6dzZFdYbAnA=",
        "owner": "defn",
        "repo": "pkg",
        "rev": "d020c15e39198c1ba8aa6ea269411d16062bf507",
        "type": "github"
      },
      "original": {
        "dir": "kn",
        "owner": "defn",
        "ref": "kn-1.9.2-29",
        "repo": "pkg",
        "type": "github"
      }
    },
    "kubectl": {
      "inputs": {
        "pkg": "pkg_7"
      },
      "locked": {
        "dir": "kubectl",
        "lastModified": 1680919120,
        "narHash": "sha256-mI9wIEl0BUU7kHGLwPgnKlpXq5rxL20SDi6rg++t71w=",
        "owner": "defn",
        "repo": "pkg",
        "rev": "17a467ca9331360106998afbd085462efd024605",
        "type": "github"
      },
      "original": {
        "dir": "kubectl",
        "owner": "defn",
        "ref": "kubectl-1.25.8-28",
        "repo": "pkg",
        "type": "github"
      }
    },
    "kustomize": {
      "inputs": {
        "pkg": "pkg_8"
      },
      "locked": {
        "dir": "kustomize",
        "lastModified": 1680919798,
        "narHash": "sha256-OpM7xr1oaNaIvPieE74B36sP5GwBnafUGQS1YUjxteg=",
        "owner": "defn",
        "repo": "pkg",
        "rev": "56501c640e1dde2019e4e8239eb7ad27020f87dc",
        "type": "github"
      },
      "original": {
        "dir": "kustomize",
        "owner": "defn",
        "ref": "kustomize-5.0.1-29",
        "repo": "pkg",
        "type": "github"
      }
    },
    "nixpkgs": {
      "locked": {
        "lastModified": 1669833724,
        "narHash": "sha256-/HEZNyGbnQecrgJnfE8d0WC5c1xuPSD2LUpB6YXlg4c=",
        "owner": "NixOS",
        "repo": "nixpkgs",
        "rev": "4d2b37a84fad1091b9de401eb450aae66f1a741e",
        "type": "github"
      },
      "original": {
        "owner": "NixOS",
        "repo": "nixpkgs",
        "rev": "4d2b37a84fad1091b9de401eb450aae66f1a741e",
        "type": "github"
      }
    },
    "nixpkgs_10": {
      "locked": {
        "lastModified": 1669833724,
        "narHash": "sha256-/HEZNyGbnQecrgJnfE8d0WC5c1xuPSD2LUpB6YXlg4c=",
        "owner": "NixOS",
        "repo": "nixpkgs",
        "rev": "4d2b37a84fad1091b9de401eb450aae66f1a741e",
        "type": "github"
      },
      "original": {
        "owner": "NixOS",
        "repo": "nixpkgs",
        "rev": "4d2b37a84fad1091b9de401eb450aae66f1a741e",
        "type": "github"
      }
    },
    "nixpkgs_11": {
      "locked": {
        "lastModified": 1669833724,
        "narHash": "sha256-/HEZNyGbnQecrgJnfE8d0WC5c1xuPSD2LUpB6YXlg4c=",
        "owner": "NixOS",
        "repo": "nixpkgs",
        "rev": "4d2b37a84fad1091b9de401eb450aae66f1a741e",
        "type": "github"
      },
      "original": {
        "owner": "NixOS",
        "repo": "nixpkgs",
        "rev": "4d2b37a84fad1091b9de401eb450aae66f1a741e",
        "type": "github"
      }
    },
    "nixpkgs_12": {
      "locked": {
        "lastModified": 1669833724,
        "narHash": "sha256-/HEZNyGbnQecrgJnfE8d0WC5c1xuPSD2LUpB6YXlg4c=",
        "owner": "NixOS",
        "repo": "nixpkgs",
        "rev": "4d2b37a84fad1091b9de401eb450aae66f1a741e",
        "type": "github"
      },
      "original": {
        "owner": "NixOS",
        "repo": "nixpkgs",
        "rev": "4d2b37a84fad1091b9de401eb450aae66f1a741e",
        "type": "github"
      }
    },
    "nixpkgs_2": {
      "locked": {
        "lastModified": 1669833724,
        "narHash": "sha256-/HEZNyGbnQecrgJnfE8d0WC5c1xuPSD2LUpB6YXlg4c=",
        "owner": "NixOS",
        "repo": "nixpkgs",
        "rev": "4d2b37a84fad1091b9de401eb450aae66f1a741e",
        "type": "github"
      },
      "original": {
        "owner": "NixOS",
        "repo": "nixpkgs",
        "rev": "4d2b37a84fad1091b9de401eb450aae66f1a741e",
        "type": "github"
      }
    },
    "nixpkgs_3": {
      "locked": {
        "lastModified": 1669833724,
        "narHash": "sha256-/HEZNyGbnQecrgJnfE8d0WC5c1xuPSD2LUpB6YXlg4c=",
        "owner": "NixOS",
        "repo": "nixpkgs",
        "rev": "4d2b37a84fad1091b9de401eb450aae66f1a741e",
        "type": "github"
      },
      "original": {
        "owner": "NixOS",
        "repo": "nixpkgs",
        "rev": "4d2b37a84fad1091b9de401eb450aae66f1a741e",
        "type": "github"
      }
    },
    "nixpkgs_4": {
      "locked": {
        "lastModified": 1669833724,
        "narHash": "sha256-/HEZNyGbnQecrgJnfE8d0WC5c1xuPSD2LUpB6YXlg4c=",
        "owner": "NixOS",
        "repo": "nixpkgs",
        "rev": "4d2b37a84fad1091b9de401eb450aae66f1a741e",
        "type": "github"
      },
      "original": {
        "owner": "NixOS",
        "repo": "nixpkgs",
        "rev": "4d2b37a84fad1091b9de401eb450aae66f1a741e",
        "type": "github"
      }
    },
    "nixpkgs_5": {
      "locked": {
        "lastModified": 1669833724,
        "narHash": "sha256-/HEZNyGbnQecrgJnfE8d0WC5c1xuPSD2LUpB6YXlg4c=",
        "owner": "NixOS",
        "repo": "nixpkgs",
        "rev": "4d2b37a84fad1091b9de401eb450aae66f1a741e",
        "type": "github"
      },
      "original": {
        "owner": "NixOS",
        "repo": "nixpkgs",
        "rev": "4d2b37a84fad1091b9de401eb450aae66f1a741e",
        "type": "github"
      }
    },
    "nixpkgs_6": {
      "locked": {
        "lastModified": 1669833724,
        "narHash": "sha256-/HEZNyGbnQecrgJnfE8d0WC5c1xuPSD2LUpB6YXlg4c=",
        "owner": "NixOS",
        "repo": "nixpkgs",
        "rev": "4d2b37a84fad1091b9de401eb450aae66f1a741e",
        "type": "github"
      },
      "original": {
        "owner": "NixOS",
        "repo": "nixpkgs",
        "rev": "4d2b37a84fad1091b9de401eb450aae66f1a741e",
        "type": "github"
      }
    },
    "nixpkgs_7": {
      "locked": {
        "lastModified": 1669833724,
        "narHash": "sha256-/HEZNyGbnQecrgJnfE8d0WC5c1xuPSD2LUpB6YXlg4c=",
        "owner": "NixOS",
        "repo": "nixpkgs",
        "rev": "4d2b37a84fad1091b9de401eb450aae66f1a741e",
        "type": "github"
      },
      "original": {
        "owner": "NixOS",
        "repo": "nixpkgs",
        "rev": "4d2b37a84fad1091b9de401eb450aae66f1a741e",
        "type": "github"
      }
    },
    "nixpkgs_8": {
      "locked": {
        "lastModified": 1669833724,
        "narHash": "sha256-/HEZNyGbnQecrgJnfE8d0WC5c1xuPSD2LUpB6YXlg4c=",
        "owner": "NixOS",
        "repo": "nixpkgs",
        "rev": "4d2b37a84fad1091b9de401eb450aae66f1a741e",
        "type": "github"
      },
      "original": {
        "owner": "NixOS",
        "repo": "nixpkgs",
        "rev": "4d2b37a84fad1091b9de401eb450aae66f1a741e",
        "type": "github"
      }
    },
    "nixpkgs_9": {
      "locked": {
        "lastModified": 1669833724,
        "narHash": "sha256-/HEZNyGbnQecrgJnfE8d0WC5c1xuPSD2LUpB6YXlg4c=",
        "owner": "NixOS",
        "repo": "nixpkgs",
        "rev": "4d2b37a84fad1091b9de401eb450aae66f1a741e",
        "type": "github"
      },
      "original": {
        "owner": "NixOS",
        "repo": "nixpkgs",
        "rev": "4d2b37a84fad1091b9de401eb450aae66f1a741e",
        "type": "github"
      }
    },
    "pkg": {
      "inputs": {
        "dev": "dev"
      },
      "locked": {
        "lastModified": 1680916570,
        "narHash": "sha256-qYqsGnuUH3v5XAC7yLJwNPC4eiFYa1dFE69p+0dRmLg=",
        "owner": "defn",
        "repo": "pkg",
        "rev": "c7aee8e9e99d4b27535999006c65ce15a85494cf",
        "type": "github"
      },
      "original": {
        "owner": "defn",
        "ref": "0.0.202",
        "repo": "pkg",
        "type": "github"
      }
    },
    "pkg_10": {
      "inputs": {
        "dev": "dev_10"
      },
      "locked": {
        "lastModified": 1680919499,
        "narHash": "sha256-qek0bX5w7kqrfl2vMqHPGlGXXlpAn7p0YaiL6GoYVuw=",
        "owner": "defn",
        "repo": "pkg",
        "rev": "b684cce6bff5d7e85a1a107ef4f5b17d0b3eba09",
        "type": "github"
      },
      "original": {
        "owner": "defn",
        "ref": "0.0.203",
        "repo": "pkg",
        "type": "github"
      }
    },
    "pkg_11": {
      "inputs": {
        "dev": "dev_11"
      },
      "locked": {
        "lastModified": 1680919499,
        "narHash": "sha256-qek0bX5w7kqrfl2vMqHPGlGXXlpAn7p0YaiL6GoYVuw=",
        "owner": "defn",
        "repo": "pkg",
        "rev": "b684cce6bff5d7e85a1a107ef4f5b17d0b3eba09",
        "type": "github"
      },
      "original": {
        "owner": "defn",
        "ref": "0.0.203",
        "repo": "pkg",
        "type": "github"
      }
    },
    "pkg_12": {
      "inputs": {
        "dev": "dev_12"
      },
      "locked": {
        "lastModified": 1680919499,
        "narHash": "sha256-qek0bX5w7kqrfl2vMqHPGlGXXlpAn7p0YaiL6GoYVuw=",
        "owner": "defn",
        "repo": "pkg",
        "rev": "b684cce6bff5d7e85a1a107ef4f5b17d0b3eba09",
        "type": "github"
      },
      "original": {
        "owner": "defn",
        "ref": "0.0.203",
        "repo": "pkg",
        "type": "github"
      }
    },
    "pkg_2": {
      "inputs": {
        "dev": "dev_2"
      },
      "locked": {
        "lastModified": 1680916570,
        "narHash": "sha256-qYqsGnuUH3v5XAC7yLJwNPC4eiFYa1dFE69p+0dRmLg=",
        "owner": "defn",
        "repo": "pkg",
        "rev": "c7aee8e9e99d4b27535999006c65ce15a85494cf",
        "type": "github"
      },
      "original": {
        "owner": "defn",
        "ref": "0.0.202",
        "repo": "pkg",
        "type": "github"
      }
    },
    "pkg_3": {
      "inputs": {
        "dev": "dev_3"
      },
      "locked": {
        "lastModified": 1680916570,
        "narHash": "sha256-qYqsGnuUH3v5XAC7yLJwNPC4eiFYa1dFE69p+0dRmLg=",
        "owner": "defn",
        "repo": "pkg",
        "rev": "c7aee8e9e99d4b27535999006c65ce15a85494cf",
        "type": "github"
      },
      "original": {
        "owner": "defn",
        "ref": "0.0.202",
        "repo": "pkg",
        "type": "github"
      }
    },
    "pkg_4": {
      "inputs": {
        "dev": "dev_4"
      },
      "locked": {
        "lastModified": 1680916570,
        "narHash": "sha256-qYqsGnuUH3v5XAC7yLJwNPC4eiFYa1dFE69p+0dRmLg=",
        "owner": "defn",
        "repo": "pkg",
        "rev": "c7aee8e9e99d4b27535999006c65ce15a85494cf",
        "type": "github"
      },
      "original": {
        "owner": "defn",
        "ref": "0.0.202",
        "repo": "pkg",
        "type": "github"
      }
    },
    "pkg_5": {
      "inputs": {
        "dev": "dev_5"
      },
      "locked": {
        "lastModified": 1680916570,
        "narHash": "sha256-qYqsGnuUH3v5XAC7yLJwNPC4eiFYa1dFE69p+0dRmLg=",
        "owner": "defn",
        "repo": "pkg",
        "rev": "c7aee8e9e99d4b27535999006c65ce15a85494cf",
        "type": "github"
      },
      "original": {
        "owner": "defn",
        "ref": "0.0.202",
        "repo": "pkg",
        "type": "github"
      }
    },
    "pkg_6": {
      "inputs": {
        "dev": "dev_6"
      },
      "locked": {
        "lastModified": 1680916570,
        "narHash": "sha256-qYqsGnuUH3v5XAC7yLJwNPC4eiFYa1dFE69p+0dRmLg=",
        "owner": "defn",
        "repo": "pkg",
        "rev": "c7aee8e9e99d4b27535999006c65ce15a85494cf",
        "type": "github"
      },
      "original": {
        "owner": "defn",
        "ref": "0.0.202",
        "repo": "pkg",
        "type": "github"
      }
    },
    "pkg_7": {
      "inputs": {
        "dev": "dev_7"
      },
      "locked": {
        "lastModified": 1680916570,
        "narHash": "sha256-qYqsGnuUH3v5XAC7yLJwNPC4eiFYa1dFE69p+0dRmLg=",
        "owner": "defn",
        "repo": "pkg",
        "rev": "c7aee8e9e99d4b27535999006c65ce15a85494cf",
        "type": "github"
      },
      "original": {
        "owner": "defn",
        "ref": "0.0.202",
        "repo": "pkg",
        "type": "github"
      }
    },
    "pkg_8": {
      "inputs": {
        "dev": "dev_8"
      },
      "locked": {
        "lastModified": 1680919499,
        "narHash": "sha256-qek0bX5w7kqrfl2vMqHPGlGXXlpAn7p0YaiL6GoYVuw=",
        "owner": "defn",
        "repo": "pkg",
        "rev": "b684cce6bff5d7e85a1a107ef4f5b17d0b3eba09",
        "type": "github"
      },
      "original": {
        "owner": "defn",
        "ref": "0.0.203",
        "repo": "pkg",
        "type": "github"
      }
    },
    "pkg_9": {
      "inputs": {
        "dev": "dev_9"
      },
      "locked": {
        "lastModified": 1680919499,
        "narHash": "sha256-qek0bX5w7kqrfl2vMqHPGlGXXlpAn7p0YaiL6GoYVuw=",
        "owner": "defn",
        "repo": "pkg",
        "rev": "b684cce6bff5d7e85a1a107ef4f5b17d0b3eba09",
        "type": "github"
      },
      "original": {
        "owner": "defn",
        "ref": "0.0.203",
        "repo": "pkg",
        "type": "github"
      }
    },
    "root": {
      "inputs": {
        "argo": "argo",
        "argocd": "argocd",
        "helm": "helm",
        "k3d": "k3d",
        "k9s": "k9s",
        "kn": "kn",
        "kubectl": "kubectl",
        "kustomize": "kustomize",
        "pkg": "pkg_9",
        "stern": "stern",
        "tkn": "tkn",
        "vcluster": "vcluster"
      }
    },
    "stern": {
      "inputs": {
        "pkg": "pkg_10"
      },
      "locked": {
        "dir": "stern",
        "lastModified": 1680919616,
        "narHash": "sha256-SpDwkhQXGTpGLnEFZi9Zj8HBGrE8j04EhMamFLrKO3A=",
        "owner": "defn",
        "repo": "pkg",
        "rev": "822ef1ca983d356e67fab76059e71c51bc7c2371",
        "type": "github"
      },
      "original": {
        "dir": "stern",
        "owner": "defn",
        "ref": "stern-1.24.0-30",
        "repo": "pkg",
        "type": "github"
      }
    },
    "tkn": {
      "inputs": {
        "pkg": "pkg_11"
      },
      "locked": {
        "dir": "tkn",
        "lastModified": 1680919554,
        "narHash": "sha256-XFjWi+jXZyzKq29rr102bB0IpthDYssc9xAQribOFoM=",
        "owner": "defn",
        "repo": "pkg",
        "rev": "65b100e125c7b195f662cc340a451e9dcb61d78e",
        "type": "github"
      },
      "original": {
        "dir": "tkn",
        "owner": "defn",
        "ref": "tkn-0.30.0-31",
        "repo": "pkg",
        "type": "github"
      }
    },
    "vcluster": {
      "inputs": {
        "pkg": "pkg_12"
      },
      "locked": {
        "dir": "vcluster",
        "lastModified": 1680919532,
        "narHash": "sha256-NX04t+rd13xbN0iYENmEh+OM+SmFPiBgwCEIIZFg1dE=",
        "owner": "defn",
        "repo": "pkg",
        "rev": "bb154db011120557d86143f8690afcb0f4a9cfa1",
        "type": "github"
      },
      "original": {
        "dir": "vcluster",
        "owner": "defn",
        "ref": "vcluster-0.14.2-29",
        "repo": "pkg",
        "type": "github"
      }
    }
  },
  "root": "root",
  "version": 7
}
